// !$*UTF8*$!
{
	archiveVersion = 1;
	classes = {
	};
	objectVersion = 46;
	objects = {

/* Begin PBXBuildFile section */
		1A164C5014894BA20079962D /* JAPrintf.m in Sources */ = {isa = PBXBuildFile; fileRef = 1A164C4F14894BA20079962D /* JAPrintf.m */; };
		1A4B74121260AEAF00253625 /* libz.dylib in Frameworks */ = {isa = PBXBuildFile; fileRef = 1A4B74111260AEAF00253625 /* libz.dylib */; };
		1AF54078145C3B710049CCEB /* libminecraftkit.a in Frameworks */ = {isa = PBXBuildFile; fileRef = 1AF54075145C3B580049CCEB /* libminecraftkit.a */; };
		8DD76F9A0486AA7600D96B5E /* nbtparser.m in Sources */ = {isa = PBXBuildFile; fileRef = 08FB7796FE84155DC02AAC07 /* nbtparser.m */; settings = {ATTRIBUTES = (); }; };
		8DD76F9C0486AA7600D96B5E /* Foundation.framework in Frameworks */ = {isa = PBXBuildFile; fileRef = 08FB779EFE84155DC02AAC07 /* Foundation.framework */; };
/* End PBXBuildFile section */

/* Begin PBXContainerItemProxy section */
		1AF54072145C3B580049CCEB /* PBXContainerItemProxy */ = {
			isa = PBXContainerItemProxy;
			containerPortal = 1AF5406D145C3B570049CCEB /* MinecraftKit.xcodeproj */;
			proxyType = 2;
			remoteGlobalIDString = 1AFE345113F930BF001A33D4;
			remoteInfo = MinecraftKit;
		};
		1AF54074145C3B580049CCEB /* PBXContainerItemProxy */ = {
			isa = PBXContainerItemProxy;
			containerPortal = 1AF5406D145C3B570049CCEB /* MinecraftKit.xcodeproj */;
			proxyType = 2;
			remoteGlobalIDString = 1AF54038145C38AE0049CCEB;
			remoteInfo = libminecraftkit;
		};
		1AF54076145C3B6A0049CCEB /* PBXContainerItemProxy */ = {
			isa = PBXContainerItemProxy;
			containerPortal = 1AF5406D145C3B570049CCEB /* MinecraftKit.xcodeproj */;
			proxyType = 1;
			remoteGlobalIDString = 1AF54037145C38AE0049CCEB;
			remoteInfo = libminecraftkit;
		};
/* End PBXContainerItemProxy section */

/* Begin PBXCopyFilesBuildPhase section */
		8DD76F9E0486AA7600D96B5E /* CopyFiles */ = {
			isa = PBXCopyFilesBuildPhase;
			buildActionMask = 8;
			dstPath = /usr/share/man/man1/;
			dstSubfolderSpec = 0;
			files = (
			);
			runOnlyForDeploymentPostprocessing = 1;
		};
/* End PBXCopyFilesBuildPhase section */

/* Begin PBXFileReference section */
		08FB7796FE84155DC02AAC07 /* nbtparser.m */ = {isa = PBXFileReference; fileEncoding = 4; lastKnownFileType = sourcecode.c.objc; path = nbtparser.m; sourceTree = "<group>"; };
		08FB779EFE84155DC02AAC07 /* Foundation.framework */ = {isa = PBXFileReference; lastKnownFileType = wrapper.framework; name = Foundation.framework; path = /System/Library/Frameworks/Foundation.framework; sourceTree = "<absolute>"; };
		1A164C4E14894BA20079962D /* JAPrintf.h */ = {isa = PBXFileReference; fileEncoding = 4; lastKnownFileType = sourcecode.c.h; name = JAPrintf.h; path = ../../Shared/JAPrintf.h; sourceTree = "<group>"; };
		1A164C4F14894BA20079962D /* JAPrintf.m */ = {isa = PBXFileReference; fileEncoding = 4; lastKnownFileType = sourcecode.c.objc; name = JAPrintf.m; path = ../../Shared/JAPrintf.m; sourceTree = "<group>"; };
		1A4B74111260AEAF00253625 /* libz.dylib */ = {isa = PBXFileReference; lastKnownFileType = "compiled.mach-o.dylib"; name = libz.dylib; path = usr/lib/libz.dylib; sourceTree = SDKROOT; };
		1AE8E951145A065C000ED823 /* shared.xcconfig */ = {isa = PBXFileReference; fileEncoding = 4; lastKnownFileType = text.xcconfig; name = shared.xcconfig; path = ../shared.xcconfig; sourceTree = "<group>"; };
		1AF5406D145C3B570049CCEB /* MinecraftKit.xcodeproj */ = {isa = PBXFileReference; lastKnownFileType = "wrapper.pb-project"; name = MinecraftKit.xcodeproj; path = ../MinecraftKit.xcodeproj; sourceTree = "<group>"; };
		32A70AAB03705E1F00C91783 /* nbtparser_Prefix.pch */ = {isa = PBXFileReference; fileEncoding = 4; lastKnownFileType = sourcecode.c.h; path = nbtparser_Prefix.pch; sourceTree = "<group>"; };
		8DD76FA10486AA7600D96B5E /* nbtparser */ = {isa = PBXFileReference; explicitFileType = "compiled.mach-o.executable"; includeInIndex = 0; path = nbtparser; sourceTree = BUILT_PRODUCTS_DIR; };
/* End PBXFileReference section */

/* Begin PBXFrameworksBuildPhase section */
		8DD76F9B0486AA7600D96B5E /* Frameworks */ = {
			isa = PBXFrameworksBuildPhase;
			buildActionMask = 2147483647;
			files = (
				1AF54078145C3B710049CCEB /* libminecraftkit.a in Frameworks */,
				8DD76F9C0486AA7600D96B5E /* Foundation.framework in Frameworks */,
				1A4B74121260AEAF00253625 /* libz.dylib in Frameworks */,
			);
			runOnlyForDeploymentPostprocessing = 0;
		};
/* End PBXFrameworksBuildPhase section */

/* Begin PBXGroup section */
		08FB7794FE84155DC02AAC07 /* nbtparser */ = {
			isa = PBXGroup;
			children = (
				1AE8E951145A065C000ED823 /* shared.xcconfig */,
				08FB7795FE84155DC02AAC07 /* Source */,
				08FB779DFE84155DC02AAC07 /* External Frameworks and Libraries */,
				1AB674ADFE9D54B511CA2CBB /* Products */,
				1A4B74111260AEAF00253625 /* libz.dylib */,
			);
			name = nbtparser;
			sourceTree = "<group>";
		};
		08FB7795FE84155DC02AAC07 /* Source */ = {
			isa = PBXGroup;
			children = (
				32A70AAB03705E1F00C91783 /* nbtparser_Prefix.pch */,
				08FB7796FE84155DC02AAC07 /* nbtparser.m */,
				1A164C4E14894BA20079962D /* JAPrintf.h */,
				1A164C4F14894BA20079962D /* JAPrintf.m */,
			);
			name = Source;
			sourceTree = "<group>";
		};
		08FB779DFE84155DC02AAC07 /* External Frameworks and Libraries */ = {
			isa = PBXGroup;
			children = (
				08FB779EFE84155DC02AAC07 /* Foundation.framework */,
				1AF5406D145C3B570049CCEB /* MinecraftKit.xcodeproj */,
			);
			name = "External Frameworks and Libraries";
			sourceTree = "<group>";
		};
		1AB674ADFE9D54B511CA2CBB /* Products */ = {
			isa = PBXGroup;
			children = (
				8DD76FA10486AA7600D96B5E /* nbtparser */,
			);
			name = Products;
			sourceTree = "<group>";
		};
		1AF5406E145C3B570049CCEB /* Products */ = {
			isa = PBXGroup;
			children = (
				1AF54073145C3B580049CCEB /* JAMinecraftKit.framework */,
				1AF54075145C3B580049CCEB /* libminecraftkit.a */,
			);
			name = Products;
			sourceTree = "<group>";
		};
/* End PBXGroup section */

/* Begin PBXNativeTarget section */
		8DD76F960486AA7600D96B5E /* nbtparser */ = {
			isa = PBXNativeTarget;
			buildConfigurationList = 1DEB927408733DD40010E9CD /* Build configuration list for PBXNativeTarget "nbtparser" */;
			buildPhases = (
				8DD76F990486AA7600D96B5E /* Sources */,
				8DD76F9B0486AA7600D96B5E /* Frameworks */,
				8DD76F9E0486AA7600D96B5E /* CopyFiles */,
			);
			buildRules = (
			);
			dependencies = (
				1AF54077145C3B6A0049CCEB /* PBXTargetDependency */,
			);
			name = nbtparser;
			productInstallPath = "$(HOME)/bin";
			productName = nbtparser;
			productReference = 8DD76FA10486AA7600D96B5E /* nbtparser */;
			productType = "com.apple.product-type.tool";
		};
/* End PBXNativeTarget section */

/* Begin PBXProject section */
		08FB7793FE84155DC02AAC07 /* Project object */ = {
			isa = PBXProject;
			attributes = {
				LastUpgradeCheck = 0440;
			};
			buildConfigurationList = 1DEB927808733DD40010E9CD /* Build configuration list for PBXProject "nbtparser" */;
			compatibilityVersion = "Xcode 3.2";
			developmentRegion = English;
			hasScannedForEncodings = 1;
			knownRegions = (
				English,
				Japanese,
				French,
				German,
			);
			mainGroup = 08FB7794FE84155DC02AAC07 /* nbtparser */;
			projectDirPath = "";
			projectReferences = (
				{
					ProductGroup = 1AF5406E145C3B570049CCEB /* Products */;
					ProjectRef = 1AF5406D145C3B570049CCEB /* MinecraftKit.xcodeproj */;
				},
			);
			projectRoot = "";
			targets = (
				8DD76F960486AA7600D96B5E /* nbtparser */,
			);
		};
/* End PBXProject section */

/* Begin PBXReferenceProxy section */
		1AF54073145C3B580049CCEB /* JAMinecraftKit.framework */ = {
			isa = PBXReferenceProxy;
			fileType = wrapper.framework;
			path = JAMinecraftKit.framework;
			remoteRef = 1AF54072145C3B580049CCEB /* PBXContainerItemProxy */;
			sourceTree = BUILT_PRODUCTS_DIR;
		};
		1AF54075145C3B580049CCEB /* libminecraftkit.a */ = {
			isa = PBXReferenceProxy;
			fileType = archive.ar;
			path = libminecraftkit.a;
			remoteRef = 1AF54074145C3B580049CCEB /* PBXContainerItemProxy */;
			sourceTree = BUILT_PRODUCTS_DIR;
		};
/* End PBXReferenceProxy section */

/* Begin PBXSourcesBuildPhase section */
		8DD76F990486AA7600D96B5E /* Sources */ = {
			isa = PBXSourcesBuildPhase;
			buildActionMask = 2147483647;
			files = (
				8DD76F9A0486AA7600D96B5E /* nbtparser.m in Sources */,
				1A164C5014894BA20079962D /* JAPrintf.m in Sources */,
			);
			runOnlyForDeploymentPostprocessing = 0;
		};
/* End PBXSourcesBuildPhase section */

/* Begin PBXTargetDependency section */
		1AF54077145C3B6A0049CCEB /* PBXTargetDependency */ = {
			isa = PBXTargetDependency;
			name = libminecraftkit;
			targetProxy = 1AF54076145C3B6A0049CCEB /* PBXContainerItemProxy */;
		};
/* End PBXTargetDependency section */

/* Begin XCBuildConfiguration section */
		1DEB927508733DD40010E9CD /* Debug */ = {
			isa = XCBuildConfiguration;
			buildSettings = {
				COPY_PHASE_STRIP = NO;
				GCC_OPTIMIZATION_LEVEL = 0;
				GCC_PRECOMPILE_PREFIX_HEADER = YES;
				GCC_PREFIX_HEADER = nbtparser_Prefix.pch;
				OTHER_LDFLAGS = "-ObjC";
				PRODUCT_NAME = nbtparser;
			};
			name = Debug;
		};
		1DEB927608733DD40010E9CD /* Release */ = {
			isa = XCBuildConfiguration;
			buildSettings = {
				DEBUG_INFORMATION_FORMAT = "dwarf-with-dsym";
				GCC_PRECOMPILE_PREFIX_HEADER = YES;
				GCC_PREFIX_HEADER = nbtparser_Prefix.pch;
				OTHER_LDFLAGS = "-ObjC";
				PRODUCT_NAME = nbtparser;
			};
			name = Release;
		};
		1DEB927908733DD40010E9CD /* Debug */ = {
			isa = XCBuildConfiguration;
			baseConfigurationReference = 1AE8E951145A065C000ED823 /* shared.xcconfig */;
			buildSettings = {
				GCC_OPTIMIZATION_LEVEL = 0;
				MCKIT_ROOT = ../..;
				ONLY_ACTIVE_ARCH = YES;
				SYMROOT = ../../build;
			};
			name = Debug;
		};
		1DEB927A08733DD40010E9CD /* Release */ = {
			isa = XCBuildConfiguration;
			baseConfigurationReference = 1AE8E951145A065C000ED823 /* shared.xcconfig */;
			buildSettings = {
				MCKIT_ROOT = ../..;
				SYMROOT = ../../build;
			};
			name = Release;
		};
/* End XCBuildConfiguration section */

/* Begin XCConfigurationList section */
		1DEB927408733DD40010E9CD /* Build configuration list for PBXNativeTarget "nbtparser" */ = {
			isa = XCConfigurationList;
			buildConfigurations = (
				1DEB927508733DD40010E9CD /* Debug */,
				1DEB927608733DD40010E9CD /* Release */,
			);
			defaultConfigurationIsVisible = 0;
			defaultConfigurationName = Release;
		};
		1DEB927808733DD40010E9CD /* Build configuration list for PBXProject "nbtparser" */ = {
			isa = XCConfigurationList;
			buildConfigurations = (
				1DEB927908733DD40010E9CD /* Debug */,
				1DEB927A08733DD40010E9CD /* Release */,
			);
			defaultConfigurationIsVisible = 0;
			defaultConfigurationName = Release;
		};
/* End XCConfigurationList section */
	};
	rootObject = 08FB7793FE84155DC02AAC07 /* Project object */;
}
