// !$*UTF8*$!
{
	archiveVersion = 1;
	classes = {
	};
	objectVersion = 47;
	objects = {

/* Begin PBXBuildFile section */
		1A0BFE9A1DB24ACF0031BDE2 /* AnvilChunkSchema.c in Sources */ = {isa = PBXBuildFile; fileRef = 1A0BFE951DB24ACF0031BDE2 /* AnvilChunkSchema.c */; };
		1A0BFE9B1DB24ACF0031BDE2 /* BlockDescriptions.c in Sources */ = {isa = PBXBuildFile; fileRef = 1A0BFE961DB24ACF0031BDE2 /* BlockDescriptions.c */; };
		1A0BFE9C1DB24ACF0031BDE2 /* ChunkSchema.c in Sources */ = {isa = PBXBuildFile; fileRef = 1A0BFE971DB24ACF0031BDE2 /* ChunkSchema.c */; };
		1A0BFE9D1DB24ACF0031BDE2 /* DataSchema.c in Sources */ = {isa = PBXBuildFile; fileRef = 1A0BFE981DB24ACF0031BDE2 /* DataSchema.c */; };
		1A0BFE9E1DB24ACF0031BDE2 /* SchematicSchema.c in Sources */ = {isa = PBXBuildFile; fileRef = 1A0BFE991DB24ACF0031BDE2 /* SchematicSchema.c */; };
		1A164B78148938010079962D /* JAMinecraftChunkBlockStore.h in Headers */ = {isa = PBXBuildFile; fileRef = 1A164B76148938010079962D /* JAMinecraftChunkBlockStore.h */; settings = {ATTRIBUTES = (Public, ); }; };
		1A164B79148938010079962D /* JAMinecraftChunkBlockStore.m in Sources */ = {isa = PBXBuildFile; fileRef = 1A164B77148938010079962D /* JAMinecraftChunkBlockStore.m */; };
		1A164B7C14893F670079962D /* JAMinecraftChunkBlockStore.m in Sources */ = {isa = PBXBuildFile; fileRef = 1A164B77148938010079962D /* JAMinecraftChunkBlockStore.m */; };
		1A1EA94615692B5F005A9E3D /* JAMinecraftAnvilRegionReader.h in Headers */ = {isa = PBXBuildFile; fileRef = 1A1EA94415692B5F005A9E3D /* JAMinecraftAnvilRegionReader.h */; settings = {ATTRIBUTES = (Public, ); }; };
		1A1EA94715692B5F005A9E3D /* JAMinecraftAnvilRegionReader.h in Headers */ = {isa = PBXBuildFile; fileRef = 1A1EA94415692B5F005A9E3D /* JAMinecraftAnvilRegionReader.h */; settings = {ATTRIBUTES = (Public, ); }; };
		1A1EA94815692B5F005A9E3D /* JAMinecraftAnvilRegionReader.m in Sources */ = {isa = PBXBuildFile; fileRef = 1A1EA94515692B5F005A9E3D /* JAMinecraftAnvilRegionReader.m */; };
		1A1EA94915692B5F005A9E3D /* JAMinecraftAnvilRegionReader.m in Sources */ = {isa = PBXBuildFile; fileRef = 1A1EA94515692B5F005A9E3D /* JAMinecraftAnvilRegionReader.m */; };
		1A3AAB6514592FA0006C7043 /* Data.schema in Resources */ = {isa = PBXBuildFile; fileRef = 1A3AAB6414592FA0006C7043 /* Data.schema */; };
		1A47BAE61DB252230033C53A /* libJANBTSerialization.a in Frameworks */ = {isa = PBXBuildFile; fileRef = 1A87F45B1DB24F0600AAFD2E /* libJANBTSerialization.a */; };
		1A498BEC17AD43F90019164A /* JAMinecraftAnvilChunkBlockStore.h in Headers */ = {isa = PBXBuildFile; fileRef = 1A498BEA17AD43F90019164A /* JAMinecraftAnvilChunkBlockStore.h */; settings = {ATTRIBUTES = (Public, ); }; };
		1A498BED17AD43F90019164A /* JAMinecraftAnvilChunkBlockStore.h in Headers */ = {isa = PBXBuildFile; fileRef = 1A498BEA17AD43F90019164A /* JAMinecraftAnvilChunkBlockStore.h */; settings = {ATTRIBUTES = (Public, ); }; };
		1A498BEE17AD43F90019164A /* JAMinecraftAnvilChunkBlockStore.m in Sources */ = {isa = PBXBuildFile; fileRef = 1A498BEB17AD43F90019164A /* JAMinecraftAnvilChunkBlockStore.m */; };
		1A498BEF17AD43F90019164A /* JAMinecraftAnvilChunkBlockStore.m in Sources */ = {isa = PBXBuildFile; fileRef = 1A498BEB17AD43F90019164A /* JAMinecraftAnvilChunkBlockStore.m */; };
		1A498BF117AD49FF0019164A /* AnvilChunk.schema in Resources */ = {isa = PBXBuildFile; fileRef = 1A498BF017AD49FF0019164A /* AnvilChunk.schema */; };
		1A6C28B314A26A67008A6535 /* BlockDescriptions.plist in Resources */ = {isa = PBXBuildFile; fileRef = 1A6C28B114A26A67008A6535 /* BlockDescriptions.plist */; };
		1A6C292314A27686008A6535 /* JABozoStringTemplate.h in Headers */ = {isa = PBXBuildFile; fileRef = 1A6C292214A27686008A6535 /* JABozoStringTemplate.h */; };
		1A6C292414A27686008A6535 /* JABozoStringTemplate.h in Headers */ = {isa = PBXBuildFile; fileRef = 1A6C292214A27686008A6535 /* JABozoStringTemplate.h */; };
		1A87F47A1DB2509C00AAFD2E /* JANBTSerialization.h in Headers */ = {isa = PBXBuildFile; fileRef = 1A87F4791DB2509C00AAFD2E /* JANBTSerialization.h */; settings = {ATTRIBUTES = (Public, ); }; };
		1A87F47B1DB250BC00AAFD2E /* libJANBTSerialization.a in Frameworks */ = {isa = PBXBuildFile; fileRef = 1A87F45B1DB24F0600AAFD2E /* libJANBTSerialization.a */; };
		1AC7953114643DE3008BBFA4 /* JAPointMaths.h in Headers */ = {isa = PBXBuildFile; fileRef = 1AC7953014643DE3008BBFA4 /* JAPointMaths.h */; };
		1AE1B0A5148292DE006070F2 /* Chunk.schema in Resources */ = {isa = PBXBuildFile; fileRef = 1AE1B0A4148292DE006070F2 /* Chunk.schema */; };
		1AF54045145C39740049CCEB /* JAMinecraftBlockIDs.c in Sources */ = {isa = PBXBuildFile; fileRef = 1AFE347913F931C3001A33D4 /* JAMinecraftBlockIDs.c */; };
		1AF54046145C39780049CCEB /* JAMinecraftTypes.m in Sources */ = {isa = PBXBuildFile; fileRef = 1AFE347B13F931C3001A33D4 /* JAMinecraftTypes.m */; };
		1AF54047145C397B0049CCEB /* JAMinecraftBlock.m in Sources */ = {isa = PBXBuildFile; fileRef = 1AFE8EBF1449A1F6007056C1 /* JAMinecraftBlock.m */; };
		1AF54048145C397E0049CCEB /* JAMinecraftBlockStore.m in Sources */ = {isa = PBXBuildFile; fileRef = 1AFE347D13F931C3001A33D4 /* JAMinecraftBlockStore.m */; };
		1AF54049145C39820049CCEB /* JAMinecraftSchematic.m in Sources */ = {isa = PBXBuildFile; fileRef = 1AFE347F13F931C3001A33D4 /* JAMinecraftSchematic.m */; };
		1AF5404A145C39860049CCEB /* JAMinecraftMergedBlockStore.m in Sources */ = {isa = PBXBuildFile; fileRef = 1AFE348113F931C3001A33D4 /* JAMinecraftMergedBlockStore.m */; };
		1AF5404B145C39890049CCEB /* JAMinecraftSchematic+RDatIO.m in Sources */ = {isa = PBXBuildFile; fileRef = 1AFE348313F931C3001A33D4 /* JAMinecraftSchematic+RDatIO.m */; };
		1AF5404C145C398C0049CCEB /* JAMinecraftSchematic+SchematicIO.m in Sources */ = {isa = PBXBuildFile; fileRef = 1AFE348513F931C3001A33D4 /* JAMinecraftSchematic+SchematicIO.m */; };
		1AF5404D145C39900049CCEB /* JAMinecraftBlockStore+RedstoneHelpers.m in Sources */ = {isa = PBXBuildFile; fileRef = 1AFE348713F931C3001A33D4 /* JAMinecraftBlockStore+RedstoneHelpers.m */; };
		1AF5404F145C399C0049CCEB /* JAHashEnumeration.m in Sources */ = {isa = PBXBuildFile; fileRef = 1AFE349F13F931EE001A33D4 /* JAHashEnumeration.m */; };
		1AF54050145C39A00049CCEB /* IsKeyDown.c in Sources */ = {isa = PBXBuildFile; fileRef = 1AFE34A113F931EE001A33D4 /* IsKeyDown.c */; };
		1AF54051145C39A30049CCEB /* JACollectionHelpers.m in Sources */ = {isa = PBXBuildFile; fileRef = 1AFC074B14404395009666A9 /* JACollectionHelpers.m */; };
		1AF54052145C39A70049CCEB /* MYCollectionUtilities.m in Sources */ = {isa = PBXBuildFile; fileRef = 1AFC075114405F8A009666A9 /* MYCollectionUtilities.m */; };
		1AF54065145C3ADF0049CCEB /* JAValueToString.m in Sources */ = {isa = PBXBuildFile; fileRef = 1AFE34B513F9321F001A33D4 /* JAValueToString.m */; settings = {COMPILER_FLAGS = "-fno-objc-arc"; }; };
		1AF54066145C3AE50049CCEB /* JAPropertyListAccessors.m in Sources */ = {isa = PBXBuildFile; fileRef = 1AFE34B013F93207001A33D4 /* JAPropertyListAccessors.m */; settings = {COMPILER_FLAGS = "-fno-objc-arc"; }; };
		1AF540A3145C488C0049CCEB /* MCKitSchema.h in Headers */ = {isa = PBXBuildFile; fileRef = 1AF540A2145C488B0049CCEB /* MCKitSchema.h */; };
		1AF540A4145C488C0049CCEB /* MCKitSchema.h in Headers */ = {isa = PBXBuildFile; fileRef = 1AF540A2145C488B0049CCEB /* MCKitSchema.h */; };
		1AF6E51F14A4ABDA00E38756 /* JAGenericToString.h in Headers */ = {isa = PBXBuildFile; fileRef = 1AF6E51D14A4ABDA00E38756 /* JAGenericToString.h */; };
		1AF6E52014A4ABDA00E38756 /* JAGenericToString.h in Headers */ = {isa = PBXBuildFile; fileRef = 1AF6E51D14A4ABDA00E38756 /* JAGenericToString.h */; };
		1AF6E52114A4ABDA00E38756 /* JAGenericToString.m in Sources */ = {isa = PBXBuildFile; fileRef = 1AF6E51E14A4ABDA00E38756 /* JAGenericToString.m */; };
		1AF6E52214A4ABDA00E38756 /* JAGenericToString.m in Sources */ = {isa = PBXBuildFile; fileRef = 1AF6E51E14A4ABDA00E38756 /* JAGenericToString.m */; };
		1AF70347147060840096EDF1 /* JAMinecraftRegionReader.h in Headers */ = {isa = PBXBuildFile; fileRef = 1AF70345147060840096EDF1 /* JAMinecraftRegionReader.h */; settings = {ATTRIBUTES = (Public, ); }; };
		1AF70348147060840096EDF1 /* JAMinecraftRegionReader.h in Headers */ = {isa = PBXBuildFile; fileRef = 1AF70345147060840096EDF1 /* JAMinecraftRegionReader.h */; };
		1AF70349147060840096EDF1 /* JAMinecraftRegionReader.m in Sources */ = {isa = PBXBuildFile; fileRef = 1AF70346147060840096EDF1 /* JAMinecraftRegionReader.m */; };
		1AF7034A147060840096EDF1 /* JAMinecraftRegionReader.m in Sources */ = {isa = PBXBuildFile; fileRef = 1AF70346147060840096EDF1 /* JAMinecraftRegionReader.m */; };
		1AF8C14A144CA38900D86C3D /* Schematic.schema in Resources */ = {isa = PBXBuildFile; fileRef = 1AF8C149144CA38900D86C3D /* Schematic.schema */; };
		1AFC074C14404395009666A9 /* JACollectionHelpers.h in Headers */ = {isa = PBXBuildFile; fileRef = 1AFC074A14404395009666A9 /* JACollectionHelpers.h */; settings = {ATTRIBUTES = (Public, ); }; };
		1AFC074D14404395009666A9 /* JACollectionHelpers.m in Sources */ = {isa = PBXBuildFile; fileRef = 1AFC074B14404395009666A9 /* JACollectionHelpers.m */; };
		1AFC075214405F8A009666A9 /* MYCollectionUtilities.h in Headers */ = {isa = PBXBuildFile; fileRef = 1AFC075014405F8A009666A9 /* MYCollectionUtilities.h */; settings = {ATTRIBUTES = (Public, ); }; };
		1AFC075314405F8A009666A9 /* MYCollectionUtilities.m in Sources */ = {isa = PBXBuildFile; fileRef = 1AFC075114405F8A009666A9 /* MYCollectionUtilities.m */; };
		1AFE345513F930BF001A33D4 /* Cocoa.framework in Frameworks */ = {isa = PBXBuildFile; fileRef = 1AFE345413F930BF001A33D4 /* Cocoa.framework */; };
		1AFE348813F931C3001A33D4 /* JAMinecraftBlockIDs.h in Headers */ = {isa = PBXBuildFile; fileRef = 1AFE347813F931C3001A33D4 /* JAMinecraftBlockIDs.h */; settings = {ATTRIBUTES = (Public, ); }; };
		1AFE348913F931C3001A33D4 /* JAMinecraftBlockIDs.c in Sources */ = {isa = PBXBuildFile; fileRef = 1AFE347913F931C3001A33D4 /* JAMinecraftBlockIDs.c */; };
		1AFE348A13F931C3001A33D4 /* JAMinecraftTypes.h in Headers */ = {isa = PBXBuildFile; fileRef = 1AFE347A13F931C3001A33D4 /* JAMinecraftTypes.h */; settings = {ATTRIBUTES = (Public, ); }; };
		1AFE348B13F931C3001A33D4 /* JAMinecraftTypes.m in Sources */ = {isa = PBXBuildFile; fileRef = 1AFE347B13F931C3001A33D4 /* JAMinecraftTypes.m */; };
		1AFE348C13F931C3001A33D4 /* JAMinecraftBlockStore.h in Headers */ = {isa = PBXBuildFile; fileRef = 1AFE347C13F931C3001A33D4 /* JAMinecraftBlockStore.h */; settings = {ATTRIBUTES = (Public, ); }; };
		1AFE348D13F931C3001A33D4 /* JAMinecraftBlockStore.m in Sources */ = {isa = PBXBuildFile; fileRef = 1AFE347D13F931C3001A33D4 /* JAMinecraftBlockStore.m */; };
		1AFE348E13F931C3001A33D4 /* JAMinecraftSchematic.h in Headers */ = {isa = PBXBuildFile; fileRef = 1AFE347E13F931C3001A33D4 /* JAMinecraftSchematic.h */; settings = {ATTRIBUTES = (Public, ); }; };
		1AFE348F13F931C3001A33D4 /* JAMinecraftSchematic.m in Sources */ = {isa = PBXBuildFile; fileRef = 1AFE347F13F931C3001A33D4 /* JAMinecraftSchematic.m */; };
		1AFE349013F931C3001A33D4 /* JAMinecraftMergedBlockStore.h in Headers */ = {isa = PBXBuildFile; fileRef = 1AFE348013F931C3001A33D4 /* JAMinecraftMergedBlockStore.h */; settings = {ATTRIBUTES = (Public, ); }; };
		1AFE349113F931C3001A33D4 /* JAMinecraftMergedBlockStore.m in Sources */ = {isa = PBXBuildFile; fileRef = 1AFE348113F931C3001A33D4 /* JAMinecraftMergedBlockStore.m */; };
		1AFE349213F931C3001A33D4 /* JAMinecraftSchematic+RDatIO.h in Headers */ = {isa = PBXBuildFile; fileRef = 1AFE348213F931C3001A33D4 /* JAMinecraftSchematic+RDatIO.h */; settings = {ATTRIBUTES = (Public, ); }; };
		1AFE349313F931C3001A33D4 /* JAMinecraftSchematic+RDatIO.m in Sources */ = {isa = PBXBuildFile; fileRef = 1AFE348313F931C3001A33D4 /* JAMinecraftSchematic+RDatIO.m */; };
		1AFE349413F931C3001A33D4 /* JAMinecraftSchematic+SchematicIO.h in Headers */ = {isa = PBXBuildFile; fileRef = 1AFE348413F931C3001A33D4 /* JAMinecraftSchematic+SchematicIO.h */; settings = {ATTRIBUTES = (Public, ); }; };
		1AFE349513F931C3001A33D4 /* JAMinecraftSchematic+SchematicIO.m in Sources */ = {isa = PBXBuildFile; fileRef = 1AFE348513F931C3001A33D4 /* JAMinecraftSchematic+SchematicIO.m */; };
		1AFE349613F931C3001A33D4 /* JAMinecraftBlockStore+RedstoneHelpers.h in Headers */ = {isa = PBXBuildFile; fileRef = 1AFE348613F931C3001A33D4 /* JAMinecraftBlockStore+RedstoneHelpers.h */; settings = {ATTRIBUTES = (Public, ); }; };
		1AFE349713F931C3001A33D4 /* JAMinecraftBlockStore+RedstoneHelpers.m in Sources */ = {isa = PBXBuildFile; fileRef = 1AFE348713F931C3001A33D4 /* JAMinecraftBlockStore+RedstoneHelpers.m */; };
		1AFE349B13F931D1001A33D4 /* JAMinecraftGridView.h in Headers */ = {isa = PBXBuildFile; fileRef = 1AFE349913F931D1001A33D4 /* JAMinecraftGridView.h */; settings = {ATTRIBUTES = (Public, ); }; };
		1AFE349C13F931D1001A33D4 /* JAMinecraftGridView.m in Sources */ = {isa = PBXBuildFile; fileRef = 1AFE349A13F931D1001A33D4 /* JAMinecraftGridView.m */; };
		1AFE34A613F931EE001A33D4 /* JAHashEnumeration.h in Headers */ = {isa = PBXBuildFile; fileRef = 1AFE349E13F931EE001A33D4 /* JAHashEnumeration.h */; };
		1AFE34A713F931EE001A33D4 /* JAHashEnumeration.m in Sources */ = {isa = PBXBuildFile; fileRef = 1AFE349F13F931EE001A33D4 /* JAHashEnumeration.m */; };
		1AFE34A813F931EE001A33D4 /* IsKeyDown.h in Headers */ = {isa = PBXBuildFile; fileRef = 1AFE34A013F931EE001A33D4 /* IsKeyDown.h */; };
		1AFE34A913F931EE001A33D4 /* IsKeyDown.c in Sources */ = {isa = PBXBuildFile; fileRef = 1AFE34A113F931EE001A33D4 /* IsKeyDown.c */; };
		1AFE34B113F93207001A33D4 /* JAPropertyListAccessors.h in Headers */ = {isa = PBXBuildFile; fileRef = 1AFE34AF13F93207001A33D4 /* JAPropertyListAccessors.h */; settings = {ATTRIBUTES = (Public, ); }; };
		1AFE34B213F93207001A33D4 /* JAPropertyListAccessors.m in Sources */ = {isa = PBXBuildFile; fileRef = 1AFE34B013F93207001A33D4 /* JAPropertyListAccessors.m */; settings = {COMPILER_FLAGS = "-fno-objc-arc"; }; };
		1AFE34B613F9321F001A33D4 /* JAValueToString.h in Headers */ = {isa = PBXBuildFile; fileRef = 1AFE34B413F9321F001A33D4 /* JAValueToString.h */; settings = {ATTRIBUTES = (Public, ); }; };
		1AFE34B713F9321F001A33D4 /* JAValueToString.m in Sources */ = {isa = PBXBuildFile; fileRef = 1AFE34B513F9321F001A33D4 /* JAValueToString.m */; settings = {COMPILER_FLAGS = "-fno-objc-arc"; }; };
		1AFE34BD13F932CC001A33D4 /* libz.dylib in Frameworks */ = {isa = PBXBuildFile; fileRef = 1AFE34BC13F932CC001A33D4 /* libz.dylib */; };
		1AFE34BF13F932DD001A33D4 /* Carbon.framework in Frameworks */ = {isa = PBXBuildFile; fileRef = 1AFE34BE13F932DD001A33D4 /* Carbon.framework */; };
		1AFE8EC01449A1F6007056C1 /* JAMinecraftBlock.h in Headers */ = {isa = PBXBuildFile; fileRef = 1AFE8EBE1449A1F6007056C1 /* JAMinecraftBlock.h */; settings = {ATTRIBUTES = (Public, ); }; };
		1AFE8EC11449A1F6007056C1 /* JAMinecraftBlock.m in Sources */ = {isa = PBXBuildFile; fileRef = 1AFE8EBF1449A1F6007056C1 /* JAMinecraftBlock.m */; };
/* End PBXBuildFile section */

/* Begin PBXContainerItemProxy section */
		1A87F45A1DB24F0600AAFD2E /* PBXContainerItemProxy */ = {
			isa = PBXContainerItemProxy;
			containerPortal = 1A87F4551DB24F0500AAFD2E /* JANBTSerialization.xcodeproj */;
			proxyType = 2;
			remoteGlobalIDString = 1A87F4491DB24F0500AAFD2E;
			remoteInfo = JANBTSerialization;
		};
		1A87F45D1DB24FEC00AAFD2E /* PBXContainerItemProxy */ = {
			isa = PBXContainerItemProxy;
			containerPortal = 1A87F4551DB24F0500AAFD2E /* JANBTSerialization.xcodeproj */;
			proxyType = 1;
			remoteGlobalIDString = 1A87F4481DB24F0500AAFD2E;
			remoteInfo = JANBTSerialization;
		};
		1A87F45F1DB24FF300AAFD2E /* PBXContainerItemProxy */ = {
			isa = PBXContainerItemProxy;
			containerPortal = 1A87F4551DB24F0500AAFD2E /* JANBTSerialization.xcodeproj */;
			proxyType = 1;
			remoteGlobalIDString = 1A87F4481DB24F0500AAFD2E;
			remoteInfo = JANBTSerialization;
		};
		1AF54056145C3A550049CCEB /* PBXContainerItemProxy */ = {
			isa = PBXContainerItemProxy;
			containerPortal = 1AFE34DC13F936B0001A33D4 /* attributeMapBuilder.xcodeproj */;
			proxyType = 1;
			remoteGlobalIDString = 1A0C648213E6DC4800722B66;
			remoteInfo = "Update attribute map";
		};
		1AF5409A145C3C870049CCEB /* PBXContainerItemProxy */ = {
			isa = PBXContainerItemProxy;
			containerPortal = 1AF54096145C3C860049CCEB /* plistpacker.xcodeproj */;
			proxyType = 2;
			remoteGlobalIDString = 1AF54084145C3C850049CCEB;
			remoteInfo = plistpacker;
		};
		1AF5409F145C41720049CCEB /* PBXContainerItemProxy */ = {
			isa = PBXContainerItemProxy;
			containerPortal = 1AF54096145C3C860049CCEB /* plistpacker.xcodeproj */;
			proxyType = 1;
			remoteGlobalIDString = 1AF54083145C3C850049CCEB;
			remoteInfo = plistpacker;
		};
		1AFE34E113F936B0001A33D4 /* PBXContainerItemProxy */ = {
			isa = PBXContainerItemProxy;
			containerPortal = 1AFE34DC13F936B0001A33D4 /* attributeMapBuilder.xcodeproj */;
			proxyType = 2;
			remoteGlobalIDString = 8DD76FA10486AA7600D96B5E;
			remoteInfo = attributeMapBuilder;
		};
		1AFE34E313F936C9001A33D4 /* PBXContainerItemProxy */ = {
			isa = PBXContainerItemProxy;
			containerPortal = 1AFE34DC13F936B0001A33D4 /* attributeMapBuilder.xcodeproj */;
			proxyType = 1;
			remoteGlobalIDString = 1A0C648213E6DC4800722B66;
			remoteInfo = "Update attribute map";
		};
/* End PBXContainerItemProxy section */

/* Begin PBXFileReference section */
		1A0BFE951DB24ACF0031BDE2 /* AnvilChunkSchema.c */ = {isa = PBXFileReference; fileEncoding = 4; lastKnownFileType = sourcecode.c.c; path = AnvilChunkSchema.c; sourceTree = "<group>"; };
		1A0BFE961DB24ACF0031BDE2 /* BlockDescriptions.c */ = {isa = PBXFileReference; fileEncoding = 4; lastKnownFileType = sourcecode.c.c; path = BlockDescriptions.c; sourceTree = "<group>"; };
		1A0BFE971DB24ACF0031BDE2 /* ChunkSchema.c */ = {isa = PBXFileReference; fileEncoding = 4; lastKnownFileType = sourcecode.c.c; path = ChunkSchema.c; sourceTree = "<group>"; };
		1A0BFE981DB24ACF0031BDE2 /* DataSchema.c */ = {isa = PBXFileReference; fileEncoding = 4; lastKnownFileType = sourcecode.c.c; path = DataSchema.c; sourceTree = "<group>"; };
		1A0BFE991DB24ACF0031BDE2 /* SchematicSchema.c */ = {isa = PBXFileReference; fileEncoding = 4; lastKnownFileType = sourcecode.c.c; path = SchematicSchema.c; sourceTree = "<group>"; };
		1A0BFEAE1DB24B180031BDE2 /* libz.tbd */ = {isa = PBXFileReference; lastKnownFileType = "sourcecode.text-based-dylib-definition"; name = libz.tbd; path = usr/lib/libz.tbd; sourceTree = SDKROOT; };
		1A164B76148938010079962D /* JAMinecraftChunkBlockStore.h */ = {isa = PBXFileReference; fileEncoding = 4; lastKnownFileType = sourcecode.c.h; path = JAMinecraftChunkBlockStore.h; sourceTree = SOURCE_ROOT; };
		1A164B77148938010079962D /* JAMinecraftChunkBlockStore.m */ = {isa = PBXFileReference; fileEncoding = 4; lastKnownFileType = sourcecode.c.objc; path = JAMinecraftChunkBlockStore.m; sourceTree = SOURCE_ROOT; };
		1A1EA94415692B5F005A9E3D /* JAMinecraftAnvilRegionReader.h */ = {isa = PBXFileReference; fileEncoding = 4; lastKnownFileType = sourcecode.c.h; path = JAMinecraftAnvilRegionReader.h; sourceTree = SOURCE_ROOT; };
		1A1EA94515692B5F005A9E3D /* JAMinecraftAnvilRegionReader.m */ = {isa = PBXFileReference; fileEncoding = 4; lastKnownFileType = sourcecode.c.objc; path = JAMinecraftAnvilRegionReader.m; sourceTree = SOURCE_ROOT; };
		1A3AAB6414592FA0006C7043 /* Data.schema */ = {isa = PBXFileReference; fileEncoding = 4; lastKnownFileType = text; name = Data.schema; path = Resources/Data.schema; sourceTree = SOURCE_ROOT; };
		1A498BEA17AD43F90019164A /* JAMinecraftAnvilChunkBlockStore.h */ = {isa = PBXFileReference; fileEncoding = 4; lastKnownFileType = sourcecode.c.h; path = JAMinecraftAnvilChunkBlockStore.h; sourceTree = SOURCE_ROOT; };
		1A498BEB17AD43F90019164A /* JAMinecraftAnvilChunkBlockStore.m */ = {isa = PBXFileReference; fileEncoding = 4; lastKnownFileType = sourcecode.c.objc; path = JAMinecraftAnvilChunkBlockStore.m; sourceTree = SOURCE_ROOT; };
		1A498BF017AD49FF0019164A /* AnvilChunk.schema */ = {isa = PBXFileReference; fileEncoding = 4; lastKnownFileType = text; name = AnvilChunk.schema; path = Resources/AnvilChunk.schema; sourceTree = SOURCE_ROOT; xcLanguageSpecificationIdentifier = xcode.lang.plist; };
		1A6C28B214A26A67008A6535 /* en */ = {isa = PBXFileReference; explicitFileType = text; name = en; path = Resources/en.lproj/BlockDescriptions.plist; sourceTree = SOURCE_ROOT; };
		1A6C292214A27686008A6535 /* JABozoStringTemplate.h */ = {isa = PBXFileReference; fileEncoding = 4; lastKnownFileType = sourcecode.c.h; path = JABozoStringTemplate.h; sourceTree = SOURCE_ROOT; };
		1A87F4551DB24F0500AAFD2E /* JANBTSerialization.xcodeproj */ = {isa = PBXFileReference; lastKnownFileType = "wrapper.pb-project"; name = JANBTSerialization.xcodeproj; path = ../JANBTSerialization/JANBTSerialization.xcodeproj; sourceTree = "<group>"; };
		1A87F4791DB2509C00AAFD2E /* JANBTSerialization.h */ = {isa = PBXFileReference; fileEncoding = 4; lastKnownFileType = sourcecode.c.h; name = JANBTSerialization.h; path = ../JANBTSerialization/include/JANBTSerialization/JANBTSerialization.h; sourceTree = SOURCE_ROOT; };
		1AC7953014643DE3008BBFA4 /* JAPointMaths.h */ = {isa = PBXFileReference; fileEncoding = 4; lastKnownFileType = sourcecode.c.h; path = JAPointMaths.h; sourceTree = SOURCE_ROOT; };
		1AE1B0A4148292DE006070F2 /* Chunk.schema */ = {isa = PBXFileReference; fileEncoding = 4; lastKnownFileType = text; name = Chunk.schema; path = Resources/Chunk.schema; sourceTree = SOURCE_ROOT; xcLanguageSpecificationIdentifier = xcode.lang.plist; };
		1AE8E94C145A013A000ED823 /* shared.xcconfig */ = {isa = PBXFileReference; fileEncoding = 4; lastKnownFileType = text.xcconfig; path = shared.xcconfig; sourceTree = "<group>"; };
		1AF54038145C38AE0049CCEB /* libminecraftkit.a */ = {isa = PBXFileReference; explicitFileType = archive.ar; includeInIndex = 0; path = libminecraftkit.a; sourceTree = BUILT_PRODUCTS_DIR; };
		1AF54096145C3C860049CCEB /* plistpacker.xcodeproj */ = {isa = PBXFileReference; lastKnownFileType = "wrapper.pb-project"; name = plistpacker.xcodeproj; path = plistpacker/plistpacker.xcodeproj; sourceTree = "<group>"; };
		1AF540A2145C488B0049CCEB /* MCKitSchema.h */ = {isa = PBXFileReference; fileEncoding = 4; lastKnownFileType = sourcecode.c.h; path = MCKitSchema.h; sourceTree = SOURCE_ROOT; };
		1AF6E51D14A4ABDA00E38756 /* JAGenericToString.h */ = {isa = PBXFileReference; fileEncoding = 4; lastKnownFileType = sourcecode.c.h; path = JAGenericToString.h; sourceTree = SOURCE_ROOT; };
		1AF6E51E14A4ABDA00E38756 /* JAGenericToString.m */ = {isa = PBXFileReference; fileEncoding = 4; lastKnownFileType = sourcecode.c.objc; path = JAGenericToString.m; sourceTree = SOURCE_ROOT; };
		1AF70345147060840096EDF1 /* JAMinecraftRegionReader.h */ = {isa = PBXFileReference; fileEncoding = 4; lastKnownFileType = sourcecode.c.h; path = JAMinecraftRegionReader.h; sourceTree = SOURCE_ROOT; };
		1AF70346147060840096EDF1 /* JAMinecraftRegionReader.m */ = {isa = PBXFileReference; fileEncoding = 4; lastKnownFileType = sourcecode.c.objc; path = JAMinecraftRegionReader.m; sourceTree = SOURCE_ROOT; };
		1AF8C149144CA38900D86C3D /* Schematic.schema */ = {isa = PBXFileReference; fileEncoding = 4; lastKnownFileType = text; name = Schematic.schema; path = Resources/Schematic.schema; sourceTree = SOURCE_ROOT; xcLanguageSpecificationIdentifier = xcode.lang.plist; };
		1AFC074A14404395009666A9 /* JACollectionHelpers.h */ = {isa = PBXFileReference; fileEncoding = 4; lastKnownFileType = sourcecode.c.h; path = JACollectionHelpers.h; sourceTree = SOURCE_ROOT; };
		1AFC074B14404395009666A9 /* JACollectionHelpers.m */ = {isa = PBXFileReference; fileEncoding = 4; lastKnownFileType = sourcecode.c.objc; path = JACollectionHelpers.m; sourceTree = SOURCE_ROOT; };
		1AFC075014405F8A009666A9 /* MYCollectionUtilities.h */ = {isa = PBXFileReference; fileEncoding = 4; lastKnownFileType = sourcecode.c.h; path = MYCollectionUtilities.h; sourceTree = SOURCE_ROOT; };
		1AFC075114405F8A009666A9 /* MYCollectionUtilities.m */ = {isa = PBXFileReference; fileEncoding = 4; lastKnownFileType = sourcecode.c.objc; path = MYCollectionUtilities.m; sourceTree = SOURCE_ROOT; };
		1AFE345113F930BF001A33D4 /* JAMinecraftKit.framework */ = {isa = PBXFileReference; explicitFileType = wrapper.framework; includeInIndex = 0; path = JAMinecraftKit.framework; sourceTree = BUILT_PRODUCTS_DIR; };
		1AFE345413F930BF001A33D4 /* Cocoa.framework */ = {isa = PBXFileReference; lastKnownFileType = wrapper.framework; name = Cocoa.framework; path = System/Library/Frameworks/Cocoa.framework; sourceTree = SDKROOT; };
		1AFE345713F930BF001A33D4 /* AppKit.framework */ = {isa = PBXFileReference; lastKnownFileType = wrapper.framework; name = AppKit.framework; path = System/Library/Frameworks/AppKit.framework; sourceTree = SDKROOT; };
		1AFE345813F930BF001A33D4 /* CoreData.framework */ = {isa = PBXFileReference; lastKnownFileType = wrapper.framework; name = CoreData.framework; path = System/Library/Frameworks/CoreData.framework; sourceTree = SDKROOT; };
		1AFE345913F930BF001A33D4 /* Foundation.framework */ = {isa = PBXFileReference; lastKnownFileType = wrapper.framework; name = Foundation.framework; path = System/Library/Frameworks/Foundation.framework; sourceTree = SDKROOT; };
		1AFE345C13F930BF001A33D4 /* MinecraftKit-Info.plist */ = {isa = PBXFileReference; lastKnownFileType = text.plist.xml; path = "MinecraftKit-Info.plist"; sourceTree = "<group>"; };
		1AFE347813F931C3001A33D4 /* JAMinecraftBlockIDs.h */ = {isa = PBXFileReference; fileEncoding = 4; lastKnownFileType = sourcecode.c.h; path = JAMinecraftBlockIDs.h; sourceTree = SOURCE_ROOT; };
		1AFE347913F931C3001A33D4 /* JAMinecraftBlockIDs.c */ = {isa = PBXFileReference; fileEncoding = 4; lastKnownFileType = sourcecode.c.c; path = JAMinecraftBlockIDs.c; sourceTree = SOURCE_ROOT; };
		1AFE347A13F931C3001A33D4 /* JAMinecraftTypes.h */ = {isa = PBXFileReference; fileEncoding = 4; lastKnownFileType = sourcecode.c.h; path = JAMinecraftTypes.h; sourceTree = SOURCE_ROOT; };
		1AFE347B13F931C3001A33D4 /* JAMinecraftTypes.m */ = {isa = PBXFileReference; fileEncoding = 4; lastKnownFileType = sourcecode.c.objc; path = JAMinecraftTypes.m; sourceTree = SOURCE_ROOT; };
		1AFE347C13F931C3001A33D4 /* JAMinecraftBlockStore.h */ = {isa = PBXFileReference; fileEncoding = 4; lastKnownFileType = sourcecode.c.h; path = JAMinecraftBlockStore.h; sourceTree = SOURCE_ROOT; };
		1AFE347D13F931C3001A33D4 /* JAMinecraftBlockStore.m */ = {isa = PBXFileReference; fileEncoding = 4; lastKnownFileType = sourcecode.c.objc; path = JAMinecraftBlockStore.m; sourceTree = SOURCE_ROOT; };
		1AFE347E13F931C3001A33D4 /* JAMinecraftSchematic.h */ = {isa = PBXFileReference; fileEncoding = 4; lastKnownFileType = sourcecode.c.h; path = JAMinecraftSchematic.h; sourceTree = SOURCE_ROOT; };
		1AFE347F13F931C3001A33D4 /* JAMinecraftSchematic.m */ = {isa = PBXFileReference; fileEncoding = 4; lastKnownFileType = sourcecode.c.objc; path = JAMinecraftSchematic.m; sourceTree = SOURCE_ROOT; };
		1AFE348013F931C3001A33D4 /* JAMinecraftMergedBlockStore.h */ = {isa = PBXFileReference; fileEncoding = 4; lastKnownFileType = sourcecode.c.h; path = JAMinecraftMergedBlockStore.h; sourceTree = SOURCE_ROOT; };
		1AFE348113F931C3001A33D4 /* JAMinecraftMergedBlockStore.m */ = {isa = PBXFileReference; fileEncoding = 4; lastKnownFileType = sourcecode.c.objc; path = JAMinecraftMergedBlockStore.m; sourceTree = SOURCE_ROOT; };
		1AFE348213F931C3001A33D4 /* JAMinecraftSchematic+RDatIO.h */ = {isa = PBXFileReference; fileEncoding = 4; lastKnownFileType = sourcecode.c.h; path = "JAMinecraftSchematic+RDatIO.h"; sourceTree = SOURCE_ROOT; };
		1AFE348313F931C3001A33D4 /* JAMinecraftSchematic+RDatIO.m */ = {isa = PBXFileReference; fileEncoding = 4; lastKnownFileType = sourcecode.c.objc; path = "JAMinecraftSchematic+RDatIO.m"; sourceTree = SOURCE_ROOT; };
		1AFE348413F931C3001A33D4 /* JAMinecraftSchematic+SchematicIO.h */ = {isa = PBXFileReference; fileEncoding = 4; lastKnownFileType = sourcecode.c.h; path = "JAMinecraftSchematic+SchematicIO.h"; sourceTree = SOURCE_ROOT; };
		1AFE348513F931C3001A33D4 /* JAMinecraftSchematic+SchematicIO.m */ = {isa = PBXFileReference; fileEncoding = 4; lastKnownFileType = sourcecode.c.objc; path = "JAMinecraftSchematic+SchematicIO.m"; sourceTree = SOURCE_ROOT; };
		1AFE348613F931C3001A33D4 /* JAMinecraftBlockStore+RedstoneHelpers.h */ = {isa = PBXFileReference; fileEncoding = 4; lastKnownFileType = sourcecode.c.h; path = "JAMinecraftBlockStore+RedstoneHelpers.h"; sourceTree = SOURCE_ROOT; };
		1AFE348713F931C3001A33D4 /* JAMinecraftBlockStore+RedstoneHelpers.m */ = {isa = PBXFileReference; fileEncoding = 4; lastKnownFileType = sourcecode.c.objc; path = "JAMinecraftBlockStore+RedstoneHelpers.m"; sourceTree = SOURCE_ROOT; };
		1AFE349913F931D1001A33D4 /* JAMinecraftGridView.h */ = {isa = PBXFileReference; fileEncoding = 4; lastKnownFileType = sourcecode.c.h; path = JAMinecraftGridView.h; sourceTree = SOURCE_ROOT; };
		1AFE349A13F931D1001A33D4 /* JAMinecraftGridView.m */ = {isa = PBXFileReference; fileEncoding = 4; lastKnownFileType = sourcecode.c.objc; path = JAMinecraftGridView.m; sourceTree = SOURCE_ROOT; };
		1AFE349E13F931EE001A33D4 /* JAHashEnumeration.h */ = {isa = PBXFileReference; fileEncoding = 4; lastKnownFileType = sourcecode.c.h; path = JAHashEnumeration.h; sourceTree = SOURCE_ROOT; };
		1AFE349F13F931EE001A33D4 /* JAHashEnumeration.m */ = {isa = PBXFileReference; fileEncoding = 4; lastKnownFileType = sourcecode.c.objc; path = JAHashEnumeration.m; sourceTree = SOURCE_ROOT; };
		1AFE34A013F931EE001A33D4 /* IsKeyDown.h */ = {isa = PBXFileReference; fileEncoding = 4; lastKnownFileType = sourcecode.c.h; path = IsKeyDown.h; sourceTree = SOURCE_ROOT; };
		1AFE34A113F931EE001A33D4 /* IsKeyDown.c */ = {isa = PBXFileReference; fileEncoding = 4; lastKnownFileType = sourcecode.c.c; path = IsKeyDown.c; sourceTree = SOURCE_ROOT; };
		1AFE34AF13F93207001A33D4 /* JAPropertyListAccessors.h */ = {isa = PBXFileReference; fileEncoding = 4; lastKnownFileType = sourcecode.c.h; name = JAPropertyListAccessors.h; path = JAPropertyListAccessors/JAPropertyListAccessors.h; sourceTree = SOURCE_ROOT; };
		1AFE34B013F93207001A33D4 /* JAPropertyListAccessors.m */ = {isa = PBXFileReference; fileEncoding = 4; lastKnownFileType = sourcecode.c.objc; name = JAPropertyListAccessors.m; path = JAPropertyListAccessors/JAPropertyListAccessors.m; sourceTree = SOURCE_ROOT; };
		1AFE34B413F9321F001A33D4 /* JAValueToString.h */ = {isa = PBXFileReference; fileEncoding = 4; lastKnownFileType = sourcecode.c.h; name = JAValueToString.h; path = JAValueToString/JAValueToString.h; sourceTree = SOURCE_ROOT; };
		1AFE34B513F9321F001A33D4 /* JAValueToString.m */ = {isa = PBXFileReference; fileEncoding = 4; lastKnownFileType = sourcecode.c.objc; name = JAValueToString.m; path = JAValueToString/JAValueToString.m; sourceTree = SOURCE_ROOT; };
		1AFE34B813F932B3001A33D4 /* Carbon.framework */ = {isa = PBXFileReference; lastKnownFileType = wrapper.framework; name = Carbon.framework; path = System/Library/Frameworks/Carbon.framework; sourceTree = SDKROOT; };
		1AFE34BA13F932BD001A33D4 /* ApplicationServices.framework */ = {isa = PBXFileReference; lastKnownFileType = wrapper.framework; name = ApplicationServices.framework; path = System/Library/Frameworks/ApplicationServices.framework; sourceTree = SDKROOT; };
		1AFE34BC13F932CC001A33D4 /* libz.dylib */ = {isa = PBXFileReference; lastKnownFileType = "compiled.mach-o.dylib"; name = libz.dylib; path = usr/lib/libz.dylib; sourceTree = SDKROOT; };
		1AFE34BE13F932DD001A33D4 /* Carbon.framework */ = {isa = PBXFileReference; lastKnownFileType = wrapper.framework; name = Carbon.framework; path = System/Library/Frameworks/Carbon.framework; sourceTree = SDKROOT; };
		1AFE34DC13F936B0001A33D4 /* attributeMapBuilder.xcodeproj */ = {isa = PBXFileReference; lastKnownFileType = "wrapper.pb-project"; name = attributeMapBuilder.xcodeproj; path = attributeMapBuilder/attributeMapBuilder.xcodeproj; sourceTree = "<group>"; };
		1AFE8EBE1449A1F6007056C1 /* JAMinecraftBlock.h */ = {isa = PBXFileReference; fileEncoding = 4; lastKnownFileType = sourcecode.c.h; path = JAMinecraftBlock.h; sourceTree = SOURCE_ROOT; };
		1AFE8EBF1449A1F6007056C1 /* JAMinecraftBlock.m */ = {isa = PBXFileReference; fileEncoding = 4; lastKnownFileType = sourcecode.c.objc; path = JAMinecraftBlock.m; sourceTree = SOURCE_ROOT; };
/* End PBXFileReference section */

/* Begin PBXFrameworksBuildPhase section */
		1AF54035145C38AE0049CCEB /* Frameworks */ = {
			isa = PBXFrameworksBuildPhase;
			buildActionMask = 2147483647;
			files = (
				1A47BAE61DB252230033C53A /* libJANBTSerialization.a in Frameworks */,
			);
			runOnlyForDeploymentPostprocessing = 0;
		};
		1AFE344D13F930BF001A33D4 /* Frameworks */ = {
			isa = PBXFrameworksBuildPhase;
			buildActionMask = 2147483647;
			files = (
				1A87F47B1DB250BC00AAFD2E /* libJANBTSerialization.a in Frameworks */,
				1AFE34BF13F932DD001A33D4 /* Carbon.framework in Frameworks */,
				1AFE34BD13F932CC001A33D4 /* libz.dylib in Frameworks */,
				1AFE345513F930BF001A33D4 /* Cocoa.framework in Frameworks */,
			);
			runOnlyForDeploymentPostprocessing = 0;
		};
/* End PBXFrameworksBuildPhase section */

/* Begin PBXGroup section */
		1A0BFE851DB24A430031BDE2 /* Derived files */ = {
			isa = PBXGroup;
			children = (
				1A0BFE951DB24ACF0031BDE2 /* AnvilChunkSchema.c */,
				1A0BFE961DB24ACF0031BDE2 /* BlockDescriptions.c */,
				1A0BFE971DB24ACF0031BDE2 /* ChunkSchema.c */,
				1A0BFE981DB24ACF0031BDE2 /* DataSchema.c */,
				1A0BFE991DB24ACF0031BDE2 /* SchematicSchema.c */,
			);
			name = "Derived files";
			path = "$(DERIVED_FILES_DIR)";
			sourceTree = "<absolute>";
		};
		1A87F4561DB24F0500AAFD2E /* Products */ = {
			isa = PBXGroup;
			children = (
				1A87F45B1DB24F0600AAFD2E /* libJANBTSerialization.a */,
			);
			name = Products;
			sourceTree = "<group>";
		};
		1AF54097145C3C860049CCEB /* Products */ = {
			isa = PBXGroup;
			children = (
				1AF5409B145C3C870049CCEB /* plistpacker */,
			);
			name = Products;
			sourceTree = "<group>";
		};
		1AFE344513F930BF001A33D4 = {
			isa = PBXGroup;
			children = (
				1A87F4551DB24F0500AAFD2E /* JANBTSerialization.xcodeproj */,
				1AE8E94C145A013A000ED823 /* shared.xcconfig */,
				1AFE345A13F930BF001A33D4 /* MinecraftKit */,
				1AFE345313F930BF001A33D4 /* Frameworks */,
				1AFE345213F930BF001A33D4 /* Products */,
				1AFE34DC13F936B0001A33D4 /* attributeMapBuilder.xcodeproj */,
				1AF54096145C3C860049CCEB /* plistpacker.xcodeproj */,
			);
			sourceTree = "<group>";
			usesTabs = 1;
		};
		1AFE345213F930BF001A33D4 /* Products */ = {
			isa = PBXGroup;
			children = (
				1AFE345113F930BF001A33D4 /* JAMinecraftKit.framework */,
				1AF54038145C38AE0049CCEB /* libminecraftkit.a */,
			);
			name = Products;
			sourceTree = "<group>";
		};
		1AFE345313F930BF001A33D4 /* Frameworks */ = {
			isa = PBXGroup;
			children = (
				1A0BFEAE1DB24B180031BDE2 /* libz.tbd */,
				1AFE34BE13F932DD001A33D4 /* Carbon.framework */,
				1AFE34BC13F932CC001A33D4 /* libz.dylib */,
				1AFE34BA13F932BD001A33D4 /* ApplicationServices.framework */,
				1AFE34B813F932B3001A33D4 /* Carbon.framework */,
				1AFE345413F930BF001A33D4 /* Cocoa.framework */,
				1AFE345613F930BF001A33D4 /* Other Frameworks */,
			);
			name = Frameworks;
			sourceTree = "<group>";
		};
		1AFE345613F930BF001A33D4 /* Other Frameworks */ = {
			isa = PBXGroup;
			children = (
				1AFE345713F930BF001A33D4 /* AppKit.framework */,
				1AFE345813F930BF001A33D4 /* CoreData.framework */,
				1AFE345913F930BF001A33D4 /* Foundation.framework */,
			);
			name = "Other Frameworks";
			sourceTree = "<group>";
		};
		1AFE345A13F930BF001A33D4 /* MinecraftKit */ = {
			isa = PBXGroup;
			children = (
				1AFE347713F931B8001A33D4 /* Model */,
				1AFE349813F931C5001A33D4 /* View */,
				1AFE349D13F931D5001A33D4 /* Utility */,
				1AFE345B13F930BF001A33D4 /* Resources */,
			);
			path = MinecraftKit;
			sourceTree = "<group>";
		};
		1AFE345B13F930BF001A33D4 /* Resources */ = {
			isa = PBXGroup;
			children = (
				1AFE345C13F930BF001A33D4 /* MinecraftKit-Info.plist */,
				1A6C28B114A26A67008A6535 /* BlockDescriptions.plist */,
				1A3AAB6414592FA0006C7043 /* Data.schema */,
				1AF8C149144CA38900D86C3D /* Schematic.schema */,
				1AE1B0A4148292DE006070F2 /* Chunk.schema */,
				1A498BF017AD49FF0019164A /* AnvilChunk.schema */,
				1A0BFE851DB24A430031BDE2 /* Derived files */,
			);
			path = Resources;
			sourceTree = "<group>";
		};
		1AFE347713F931B8001A33D4 /* Model */ = {
			isa = PBXGroup;
			children = (
				1AFE347813F931C3001A33D4 /* JAMinecraftBlockIDs.h */,
				1AFE347913F931C3001A33D4 /* JAMinecraftBlockIDs.c */,
				1AFE347A13F931C3001A33D4 /* JAMinecraftTypes.h */,
				1AFE347B13F931C3001A33D4 /* JAMinecraftTypes.m */,
				1AFE8EBE1449A1F6007056C1 /* JAMinecraftBlock.h */,
				1AFE8EBF1449A1F6007056C1 /* JAMinecraftBlock.m */,
				1AFE347C13F931C3001A33D4 /* JAMinecraftBlockStore.h */,
				1AFE347D13F931C3001A33D4 /* JAMinecraftBlockStore.m */,
				1AFE347E13F931C3001A33D4 /* JAMinecraftSchematic.h */,
				1AFE347F13F931C3001A33D4 /* JAMinecraftSchematic.m */,
				1AFE348013F931C3001A33D4 /* JAMinecraftMergedBlockStore.h */,
				1AFE348113F931C3001A33D4 /* JAMinecraftMergedBlockStore.m */,
				1AFE348413F931C3001A33D4 /* JAMinecraftSchematic+SchematicIO.h */,
				1AFE348513F931C3001A33D4 /* JAMinecraftSchematic+SchematicIO.m */,
				1AFE348213F931C3001A33D4 /* JAMinecraftSchematic+RDatIO.h */,
				1AFE348313F931C3001A33D4 /* JAMinecraftSchematic+RDatIO.m */,
				1AFE348613F931C3001A33D4 /* JAMinecraftBlockStore+RedstoneHelpers.h */,
				1AFE348713F931C3001A33D4 /* JAMinecraftBlockStore+RedstoneHelpers.m */,
				1AF70345147060840096EDF1 /* JAMinecraftRegionReader.h */,
				1AF70346147060840096EDF1 /* JAMinecraftRegionReader.m */,
				1A164B76148938010079962D /* JAMinecraftChunkBlockStore.h */,
				1A164B77148938010079962D /* JAMinecraftChunkBlockStore.m */,
				1A1EA94415692B5F005A9E3D /* JAMinecraftAnvilRegionReader.h */,
				1A1EA94515692B5F005A9E3D /* JAMinecraftAnvilRegionReader.m */,
				1A498BEA17AD43F90019164A /* JAMinecraftAnvilChunkBlockStore.h */,
				1A498BEB17AD43F90019164A /* JAMinecraftAnvilChunkBlockStore.m */,
			);
			name = Model;
			sourceTree = "<group>";
		};
		1AFE349813F931C5001A33D4 /* View */ = {
			isa = PBXGroup;
			children = (
				1AFE349913F931D1001A33D4 /* JAMinecraftGridView.h */,
				1AFE349A13F931D1001A33D4 /* JAMinecraftGridView.m */,
			);
			name = View;
			sourceTree = "<group>";
		};
		1AFE349D13F931D5001A33D4 /* Utility */ = {
			isa = PBXGroup;
			children = (
				1AFE349E13F931EE001A33D4 /* JAHashEnumeration.h */,
				1AFE349F13F931EE001A33D4 /* JAHashEnumeration.m */,
				1AFE34A013F931EE001A33D4 /* IsKeyDown.h */,
				1AFE34A113F931EE001A33D4 /* IsKeyDown.c */,
				1AFC074A14404395009666A9 /* JACollectionHelpers.h */,
				1AFC074B14404395009666A9 /* JACollectionHelpers.m */,
				1AFC075014405F8A009666A9 /* MYCollectionUtilities.h */,
				1AFC075114405F8A009666A9 /* MYCollectionUtilities.m */,
				1AC7953014643DE3008BBFA4 /* JAPointMaths.h */,
				1A87F4791DB2509C00AAFD2E /* JANBTSerialization.h */,
				1AFE34AE13F931F0001A33D4 /* JAPropertyListAccessors */,
				1AFE34B313F93209001A33D4 /* JAValueToString */,
				1AF540A2145C488B0049CCEB /* MCKitSchema.h */,
				1A6C292214A27686008A6535 /* JABozoStringTemplate.h */,
				1AF6E51D14A4ABDA00E38756 /* JAGenericToString.h */,
				1AF6E51E14A4ABDA00E38756 /* JAGenericToString.m */,
			);
			name = Utility;
			sourceTree = "<group>";
		};
		1AFE34AE13F931F0001A33D4 /* JAPropertyListAccessors */ = {
			isa = PBXGroup;
			children = (
				1AFE34AF13F93207001A33D4 /* JAPropertyListAccessors.h */,
				1AFE34B013F93207001A33D4 /* JAPropertyListAccessors.m */,
			);
			path = JAPropertyListAccessors;
			sourceTree = "<group>";
		};
		1AFE34B313F93209001A33D4 /* JAValueToString */ = {
			isa = PBXGroup;
			children = (
				1AFE34B413F9321F001A33D4 /* JAValueToString.h */,
				1AFE34B513F9321F001A33D4 /* JAValueToString.m */,
			);
			path = JAValueToString;
			sourceTree = "<group>";
		};
		1AFE34DD13F936B0001A33D4 /* Products */ = {
			isa = PBXGroup;
			children = (
				1AFE34E213F936B0001A33D4 /* attributeMapBuilder */,
			);
			name = Products;
			sourceTree = "<group>";
		};
/* End PBXGroup section */

/* Begin PBXHeadersBuildPhase section */
		1AF54036145C38AE0049CCEB /* Headers */ = {
			isa = PBXHeadersBuildPhase;
			buildActionMask = 2147483647;
			files = (
				1AF540A4145C488C0049CCEB /* MCKitSchema.h in Headers */,
				1AF70348147060840096EDF1 /* JAMinecraftRegionReader.h in Headers */,
				1A6C292414A27686008A6535 /* JABozoStringTemplate.h in Headers */,
				1AF6E52014A4ABDA00E38756 /* JAGenericToString.h in Headers */,
				1A1EA94715692B5F005A9E3D /* JAMinecraftAnvilRegionReader.h in Headers */,
				1A498BED17AD43F90019164A /* JAMinecraftAnvilChunkBlockStore.h in Headers */,
			);
			runOnlyForDeploymentPostprocessing = 0;
		};
		1AFE344E13F930BF001A33D4 /* Headers */ = {
			isa = PBXHeadersBuildPhase;
			buildActionMask = 2147483647;
			files = (
				1AFC075214405F8A009666A9 /* MYCollectionUtilities.h in Headers */,
				1AFC074C14404395009666A9 /* JACollectionHelpers.h in Headers */,
				1AFE348813F931C3001A33D4 /* JAMinecraftBlockIDs.h in Headers */,
				1AFE348A13F931C3001A33D4 /* JAMinecraftTypes.h in Headers */,
				1AFE8EC01449A1F6007056C1 /* JAMinecraftBlock.h in Headers */,
				1AFE348C13F931C3001A33D4 /* JAMinecraftBlockStore.h in Headers */,
				1AFE348E13F931C3001A33D4 /* JAMinecraftSchematic.h in Headers */,
				1AFE349013F931C3001A33D4 /* JAMinecraftMergedBlockStore.h in Headers */,
				1AFE349413F931C3001A33D4 /* JAMinecraftSchematic+SchematicIO.h in Headers */,
				1AFE349213F931C3001A33D4 /* JAMinecraftSchematic+RDatIO.h in Headers */,
				1AFE349613F931C3001A33D4 /* JAMinecraftBlockStore+RedstoneHelpers.h in Headers */,
				1AFE349B13F931D1001A33D4 /* JAMinecraftGridView.h in Headers */,
				1AFE34B113F93207001A33D4 /* JAPropertyListAccessors.h in Headers */,
				1AFE34B613F9321F001A33D4 /* JAValueToString.h in Headers */,
				1A87F47A1DB2509C00AAFD2E /* JANBTSerialization.h in Headers */,
				1AF70347147060840096EDF1 /* JAMinecraftRegionReader.h in Headers */,
				1A164B78148938010079962D /* JAMinecraftChunkBlockStore.h in Headers */,
				1AFE34A613F931EE001A33D4 /* JAHashEnumeration.h in Headers */,
				1AFE34A813F931EE001A33D4 /* IsKeyDown.h in Headers */,
				1AF540A3145C488C0049CCEB /* MCKitSchema.h in Headers */,
				1AC7953114643DE3008BBFA4 /* JAPointMaths.h in Headers */,
				1A6C292314A27686008A6535 /* JABozoStringTemplate.h in Headers */,
				1AF6E51F14A4ABDA00E38756 /* JAGenericToString.h in Headers */,
				1A1EA94615692B5F005A9E3D /* JAMinecraftAnvilRegionReader.h in Headers */,
				1A498BEC17AD43F90019164A /* JAMinecraftAnvilChunkBlockStore.h in Headers */,
			);
			runOnlyForDeploymentPostprocessing = 0;
		};
/* End PBXHeadersBuildPhase section */

/* Begin PBXNativeTarget section */
		1AF54037145C38AE0049CCEB /* libminecraftkit */ = {
			isa = PBXNativeTarget;
			buildConfigurationList = 1AF54041145C38AE0049CCEB /* Build configuration list for PBXNativeTarget "libminecraftkit" */;
			buildPhases = (
				1AF540A1145C47990049CCEB /* Pack schemata */,
				1AF54034145C38AE0049CCEB /* Sources */,
				1AF54035145C38AE0049CCEB /* Frameworks */,
				1AF54036145C38AE0049CCEB /* Headers */,
			);
			buildRules = (
			);
			dependencies = (
				1AF540A0145C41720049CCEB /* PBXTargetDependency */,
				1AF54057145C3A550049CCEB /* PBXTargetDependency */,
				1A87F45E1DB24FEC00AAFD2E /* PBXTargetDependency */,
			);
			name = libminecraftkit;
			productName = minecraftkit;
			productReference = 1AF54038145C38AE0049CCEB /* libminecraftkit.a */;
			productType = "com.apple.product-type.library.static";
		};
		1AFE345013F930BF001A33D4 /* MinecraftKit */ = {
			isa = PBXNativeTarget;
			buildConfigurationList = 1AFE346613F930BF001A33D4 /* Build configuration list for PBXNativeTarget "MinecraftKit" */;
			buildPhases = (
				1AFE344C13F930BF001A33D4 /* Sources */,
				1AFE344D13F930BF001A33D4 /* Frameworks */,
				1AFE344E13F930BF001A33D4 /* Headers */,
				1AFE344F13F930BF001A33D4 /* Resources */,
			);
			buildRules = (
			);
			dependencies = (
				1AFE34E413F936C9001A33D4 /* PBXTargetDependency */,
				1A87F4601DB24FF300AAFD2E /* PBXTargetDependency */,
			);
			name = MinecraftKit;
			productName = MinecraftKit;
			productReference = 1AFE345113F930BF001A33D4 /* JAMinecraftKit.framework */;
			productType = "com.apple.product-type.framework";
		};
/* End PBXNativeTarget section */

/* Begin PBXProject section */
		1AFE344713F930BF001A33D4 /* Project object */ = {
			isa = PBXProject;
			attributes = {
				LastUpgradeCheck = 0800;
				ORGANIZATIONNAME = "Jens Ayton";
			};
			buildConfigurationList = 1AFE344A13F930BF001A33D4 /* Build configuration list for PBXProject "MinecraftKit" */;
			compatibilityVersion = "Xcode 6.3";
			developmentRegion = English;
			hasScannedForEncodings = 0;
			knownRegions = (
				en,
			);
			mainGroup = 1AFE344513F930BF001A33D4;
			productRefGroup = 1AFE345213F930BF001A33D4 /* Products */;
			projectDirPath = "";
			projectReferences = (
				{
					ProductGroup = 1AFE34DD13F936B0001A33D4 /* Products */;
					ProjectRef = 1AFE34DC13F936B0001A33D4 /* attributeMapBuilder.xcodeproj */;
				},
				{
					ProductGroup = 1A87F4561DB24F0500AAFD2E /* Products */;
					ProjectRef = 1A87F4551DB24F0500AAFD2E /* JANBTSerialization.xcodeproj */;
				},
				{
					ProductGroup = 1AF54097145C3C860049CCEB /* Products */;
					ProjectRef = 1AF54096145C3C860049CCEB /* plistpacker.xcodeproj */;
				},
			);
			projectRoot = "";
			targets = (
				1AFE345013F930BF001A33D4 /* MinecraftKit */,
				1AF54037145C38AE0049CCEB /* libminecraftkit */,
			);
		};
/* End PBXProject section */

/* Begin PBXReferenceProxy section */
		1A87F45B1DB24F0600AAFD2E /* libJANBTSerialization.a */ = {
			isa = PBXReferenceProxy;
			fileType = archive.ar;
			path = libJANBTSerialization.a;
			remoteRef = 1A87F45A1DB24F0600AAFD2E /* PBXContainerItemProxy */;
			sourceTree = BUILT_PRODUCTS_DIR;
		};
		1AF5409B145C3C870049CCEB /* plistpacker */ = {
			isa = PBXReferenceProxy;
			fileType = "compiled.mach-o.executable";
			path = plistpacker;
			remoteRef = 1AF5409A145C3C870049CCEB /* PBXContainerItemProxy */;
			sourceTree = BUILT_PRODUCTS_DIR;
		};
		1AFE34E213F936B0001A33D4 /* attributeMapBuilder */ = {
			isa = PBXReferenceProxy;
			fileType = "compiled.mach-o.executable";
			path = attributeMapBuilder;
			remoteRef = 1AFE34E113F936B0001A33D4 /* PBXContainerItemProxy */;
			sourceTree = BUILT_PRODUCTS_DIR;
		};
/* End PBXReferenceProxy section */

/* Begin PBXResourcesBuildPhase section */
		1AFE344F13F930BF001A33D4 /* Resources */ = {
			isa = PBXResourcesBuildPhase;
			buildActionMask = 2147483647;
			files = (
				1AF8C14A144CA38900D86C3D /* Schematic.schema in Resources */,
				1A3AAB6514592FA0006C7043 /* Data.schema in Resources */,
				1AE1B0A5148292DE006070F2 /* Chunk.schema in Resources */,
				1A6C28B314A26A67008A6535 /* BlockDescriptions.plist in Resources */,
				1A498BF117AD49FF0019164A /* AnvilChunk.schema in Resources */,
			);
			runOnlyForDeploymentPostprocessing = 0;
		};
/* End PBXResourcesBuildPhase section */

/* Begin PBXShellScriptBuildPhase section */
		1AF540A1145C47990049CCEB /* Pack schemata */ = {
			isa = PBXShellScriptBuildPhase;
			buildActionMask = 2147483647;
			files = (
			);
			inputPaths = (
				"$(SRCROOT)/Resources/Schematic.schema",
				"$(SRCROOT)/Resources/Data.schema",
				"$(BUILT_PRODUCTS_DIR)/plistpacker",
				"$(SRCROOT)/Resources/Chunk.schema",
				"$(SRCROOT)/Resources/en.lproj/BlockDescriptions.plist",
				"$(SRCROOT)/Resources/AnvilChunk.schema",
			);
			name = "Pack schemata";
			outputPaths = (
				"$(DERIVED_FILE_DIR)/DataSchema.h",
				"$(DERIVED_FILE_DIR)/DataSchema.c",
				"$(DERIVED_FILE_DIR)/SchematicSchema.h",
				"$(DERIVED_FILE_DIR)/SchematicSchema.c",
				"$(DERIVED_FILE_DIR)/ChunkSchema.h",
				"$(DERIVED_FILE_DIR)/ChunkSchema.c",
				"$(DERIVED_FILE_DIR)/BlockDescriptions.h",
				"$(DERIVED_FILE_DIR)/BlockDescriptions.c",
				"$(DERIVED_FILE_DIR)/AnvilChunkSchema.h",
				"$(DERIVED_FILE_DIR)/AnvilChunkSchema.c",
			);
			runOnlyForDeploymentPostprocessing = 0;
			shellPath = /bin/sh;
			shellScript = "mkdir -p \"$DERIVED_FILE_DIR\"\ncd \"$DERIVED_FILE_DIR\"\npwd\n\"$BUILT_PRODUCTS_DIR/plistpacker\" \"$SRCROOT/Resources/Data.schema\" DataSchema\n\"$BUILT_PRODUCTS_DIR/plistpacker\" \"$SRCROOT/Resources/Schematic.schema\" SchematicSchema\n\"$BUILT_PRODUCTS_DIR/plistpacker\" \"$SRCROOT/Resources/Chunk.schema\" ChunkSchema\n\"$BUILT_PRODUCTS_DIR/plistpacker\" \"$SRCROOT/Resources/AnvilChunk.schema\" AnvilChunkSchema\n\"$BUILT_PRODUCTS_DIR/plistpacker\" \"$SRCROOT/Resources/en.lproj/BlockDescriptions.plist\" BlockDescriptions\n";
		};
/* End PBXShellScriptBuildPhase section */

/* Begin PBXSourcesBuildPhase section */
		1AF54034145C38AE0049CCEB /* Sources */ = {
			isa = PBXSourcesBuildPhase;
			buildActionMask = 2147483647;
			files = (
				1AF54045145C39740049CCEB /* JAMinecraftBlockIDs.c in Sources */,
				1AF54046145C39780049CCEB /* JAMinecraftTypes.m in Sources */,
				1AF54047145C397B0049CCEB /* JAMinecraftBlock.m in Sources */,
				1AF54048145C397E0049CCEB /* JAMinecraftBlockStore.m in Sources */,
				1A0BFE9E1DB24ACF0031BDE2 /* SchematicSchema.c in Sources */,
				1AF54049145C39820049CCEB /* JAMinecraftSchematic.m in Sources */,
				1AF5404A145C39860049CCEB /* JAMinecraftMergedBlockStore.m in Sources */,
				1AF5404B145C39890049CCEB /* JAMinecraftSchematic+RDatIO.m in Sources */,
				1A0BFE9A1DB24ACF0031BDE2 /* AnvilChunkSchema.c in Sources */,
				1AF5404C145C398C0049CCEB /* JAMinecraftSchematic+SchematicIO.m in Sources */,
				1A0BFE9D1DB24ACF0031BDE2 /* DataSchema.c in Sources */,
				1AF5404D145C39900049CCEB /* JAMinecraftBlockStore+RedstoneHelpers.m in Sources */,
				1AF5404F145C399C0049CCEB /* JAHashEnumeration.m in Sources */,
				1A0BFE9B1DB24ACF0031BDE2 /* BlockDescriptions.c in Sources */,
				1AF54050145C39A00049CCEB /* IsKeyDown.c in Sources */,
				1AF54051145C39A30049CCEB /* JACollectionHelpers.m in Sources */,
				1AF54052145C39A70049CCEB /* MYCollectionUtilities.m in Sources */,
				1AF54065145C3ADF0049CCEB /* JAValueToString.m in Sources */,
				1AF54066145C3AE50049CCEB /* JAPropertyListAccessors.m in Sources */,
				1A0BFE9C1DB24ACF0031BDE2 /* ChunkSchema.c in Sources */,
				1AF7034A147060840096EDF1 /* JAMinecraftRegionReader.m in Sources */,
				1A164B7C14893F670079962D /* JAMinecraftChunkBlockStore.m in Sources */,
				1AF6E52214A4ABDA00E38756 /* JAGenericToString.m in Sources */,
				1A1EA94915692B5F005A9E3D /* JAMinecraftAnvilRegionReader.m in Sources */,
				1A498BEF17AD43F90019164A /* JAMinecraftAnvilChunkBlockStore.m in Sources */,
			);
			runOnlyForDeploymentPostprocessing = 0;
		};
		1AFE344C13F930BF001A33D4 /* Sources */ = {
			isa = PBXSourcesBuildPhase;
			buildActionMask = 2147483647;
			files = (
				1AFE348913F931C3001A33D4 /* JAMinecraftBlockIDs.c in Sources */,
				1AFE348B13F931C3001A33D4 /* JAMinecraftTypes.m in Sources */,
				1AFE348D13F931C3001A33D4 /* JAMinecraftBlockStore.m in Sources */,
				1AFE348F13F931C3001A33D4 /* JAMinecraftSchematic.m in Sources */,
				1AFE349113F931C3001A33D4 /* JAMinecraftMergedBlockStore.m in Sources */,
				1AFE349313F931C3001A33D4 /* JAMinecraftSchematic+RDatIO.m in Sources */,
				1AFE349513F931C3001A33D4 /* JAMinecraftSchematic+SchematicIO.m in Sources */,
				1AFE349713F931C3001A33D4 /* JAMinecraftBlockStore+RedstoneHelpers.m in Sources */,
				1AFE349C13F931D1001A33D4 /* JAMinecraftGridView.m in Sources */,
				1AFE34A713F931EE001A33D4 /* JAHashEnumeration.m in Sources */,
				1AFE34A913F931EE001A33D4 /* IsKeyDown.c in Sources */,
				1AFE34B213F93207001A33D4 /* JAPropertyListAccessors.m in Sources */,
				1AFE34B713F9321F001A33D4 /* JAValueToString.m in Sources */,
				1AFC074D14404395009666A9 /* JACollectionHelpers.m in Sources */,
				1AFC075314405F8A009666A9 /* MYCollectionUtilities.m in Sources */,
				1AFE8EC11449A1F6007056C1 /* JAMinecraftBlock.m in Sources */,
				1AF70349147060840096EDF1 /* JAMinecraftRegionReader.m in Sources */,
				1A164B79148938010079962D /* JAMinecraftChunkBlockStore.m in Sources */,
				1AF6E52114A4ABDA00E38756 /* JAGenericToString.m in Sources */,
				1A1EA94815692B5F005A9E3D /* JAMinecraftAnvilRegionReader.m in Sources */,
				1A498BEE17AD43F90019164A /* JAMinecraftAnvilChunkBlockStore.m in Sources */,
			);
			runOnlyForDeploymentPostprocessing = 0;
		};
/* End PBXSourcesBuildPhase section */

/* Begin PBXTargetDependency section */
		1A87F45E1DB24FEC00AAFD2E /* PBXTargetDependency */ = {
			isa = PBXTargetDependency;
			name = JANBTSerialization;
			targetProxy = 1A87F45D1DB24FEC00AAFD2E /* PBXContainerItemProxy */;
		};
		1A87F4601DB24FF300AAFD2E /* PBXTargetDependency */ = {
			isa = PBXTargetDependency;
			name = JANBTSerialization;
			targetProxy = 1A87F45F1DB24FF300AAFD2E /* PBXContainerItemProxy */;
		};
		1AF54057145C3A550049CCEB /* PBXTargetDependency */ = {
			isa = PBXTargetDependency;
			name = "Update attribute map";
			targetProxy = 1AF54056145C3A550049CCEB /* PBXContainerItemProxy */;
		};
		1AF540A0145C41720049CCEB /* PBXTargetDependency */ = {
			isa = PBXTargetDependency;
			name = plistpacker;
			targetProxy = 1AF5409F145C41720049CCEB /* PBXContainerItemProxy */;
		};
		1AFE34E413F936C9001A33D4 /* PBXTargetDependency */ = {
			isa = PBXTargetDependency;
			name = "Update attribute map";
			targetProxy = 1AFE34E313F936C9001A33D4 /* PBXContainerItemProxy */;
		};
/* End PBXTargetDependency section */

/* Begin PBXVariantGroup section */
		1A6C28B114A26A67008A6535 /* BlockDescriptions.plist */ = {
			isa = PBXVariantGroup;
			children = (
				1A6C28B214A26A67008A6535 /* en */,
			);
			name = BlockDescriptions.plist;
			sourceTree = "<group>";
		};
/* End PBXVariantGroup section */

/* Begin XCBuildConfiguration section */
		1AF54042145C38AE0049CCEB /* Debug */ = {
			isa = XCBuildConfiguration;
			buildSettings = {
				ALWAYS_SEARCH_USER_PATHS = NO;
				COMBINE_HIDPI_IMAGES = YES;
				GCC_PREPROCESSOR_DEFINITIONS_NOT_USED_IN_PRECOMPS = "MCKIT_STATIC=1";
				PRODUCT_NAME = minecraftkit;
			};
			name = Debug;
		};
		1AF54043145C38AE0049CCEB /* Release */ = {
			isa = XCBuildConfiguration;
			buildSettings = {
				ALWAYS_SEARCH_USER_PATHS = NO;
				COMBINE_HIDPI_IMAGES = YES;
				GCC_PREPROCESSOR_DEFINITIONS_NOT_USED_IN_PRECOMPS = "MCKIT_STATIC=1";
				PRODUCT_NAME = minecraftkit;
			};
			name = Release;
		};
		1AFE346413F930BF001A33D4 /* Debug */ = {
			isa = XCBuildConfiguration;
			baseConfigurationReference = 1AE8E94C145A013A000ED823 /* shared.xcconfig */;
			buildSettings = {
				CLANG_WARN_BOOL_CONVERSION = YES;
				CLANG_WARN_CONSTANT_CONVERSION = YES;
				CLANG_WARN_EMPTY_BODY = YES;
				CLANG_WARN_ENUM_CONVERSION = YES;
				CLANG_WARN_INFINITE_RECURSION = YES;
				CLANG_WARN_INT_CONVERSION = YES;
				CLANG_WARN_SUSPICIOUS_MOVE = YES;
				CLANG_WARN_UNREACHABLE_CODE = YES;
				CLANG_WARN__DUPLICATE_METHOD_MATCH = YES;
				COPY_PHASE_STRIP = NO;
				ENABLE_STRICT_OBJC_MSGSEND = YES;
				ENABLE_TESTABILITY = YES;
				GCC_NO_COMMON_BLOCKS = YES;
				GCC_OPTIMIZATION_LEVEL = 0;
				GCC_PREPROCESSOR_DEFINITIONS = (
					"DEBUG=1",
					"$(inherited)",
				);
				GCC_SYMBOLS_PRIVATE_EXTERN = NO;
				GCC_WARN_64_TO_32_BIT_CONVERSION = YES;
				GCC_WARN_ABOUT_RETURN_TYPE = YES;
				GCC_WARN_UNDECLARED_SELECTOR = YES;
				GCC_WARN_UNINITIALIZED_AUTOS = YES;
				GCC_WARN_UNUSED_FUNCTION = YES;
				GCC_WARN_UNUSED_VARIABLE = YES;
				MCKIT_ROOT = ..;
				ONLY_ACTIVE_ARCH = YES;
			};
			name = Debug;
		};
		1AFE346513F930BF001A33D4 /* Release */ = {
			isa = XCBuildConfiguration;
			baseConfigurationReference = 1AE8E94C145A013A000ED823 /* shared.xcconfig */;
			buildSettings = {
				CLANG_WARN_BOOL_CONVERSION = YES;
				CLANG_WARN_CONSTANT_CONVERSION = YES;
				CLANG_WARN_EMPTY_BODY = YES;
				CLANG_WARN_ENUM_CONVERSION = YES;
				CLANG_WARN_INFINITE_RECURSION = YES;
				CLANG_WARN_INT_CONVERSION = YES;
				CLANG_WARN_SUSPICIOUS_MOVE = YES;
				CLANG_WARN_UNREACHABLE_CODE = YES;
				CLANG_WARN__DUPLICATE_METHOD_MATCH = YES;
				COPY_PHASE_STRIP = YES;
				DEBUG_INFORMATION_FORMAT = "dwarf-with-dsym";
				ENABLE_STRICT_OBJC_MSGSEND = YES;
				GCC_NO_COMMON_BLOCKS = YES;
				GCC_WARN_64_TO_32_BIT_CONVERSION = YES;
				GCC_WARN_ABOUT_RETURN_TYPE = YES;
				GCC_WARN_UNDECLARED_SELECTOR = YES;
				GCC_WARN_UNINITIALIZED_AUTOS = YES;
				GCC_WARN_UNUSED_FUNCTION = YES;
				GCC_WARN_UNUSED_VARIABLE = YES;
				MCKIT_ROOT = ..;
			};
			name = Release;
		};
		1AFE346713F930BF001A33D4 /* Debug */ = {
			isa = XCBuildConfiguration;
			buildSettings = {
				COMBINE_HIDPI_IMAGES = YES;
				DYLIB_COMPATIBILITY_VERSION = 1;
				DYLIB_CURRENT_VERSION = 1;
				FRAMEWORK_VERSION = A;
				INFOPLIST_FILE = "Resources/MinecraftKit-Info.plist";
				INSTALL_PATH = "@rpath";
				PRODUCT_BUNDLE_IDENTIFIER = se.jens.ayton.minecraftkit;
				PRODUCT_NAME = JAMinecraftKit;
				USER_HEADER_SEARCH_PATHS = "$SRCROOT/**";
				WRAPPER_EXTENSION = framework;
			};
			name = Debug;
		};
		1AFE346813F930BF001A33D4 /* Release */ = {
			isa = XCBuildConfiguration;
			buildSettings = {
				COMBINE_HIDPI_IMAGES = YES;
				DYLIB_COMPATIBILITY_VERSION = 1;
				DYLIB_CURRENT_VERSION = 1;
				FRAMEWORK_VERSION = A;
				INFOPLIST_FILE = "Resources/MinecraftKit-Info.plist";
				INSTALL_PATH = "@rpath";
				PRODUCT_BUNDLE_IDENTIFIER = se.jens.ayton.minecraftkit;
				PRODUCT_NAME = JAMinecraftKit;
				USER_HEADER_SEARCH_PATHS = "$SRCROOT/**";
				WRAPPER_EXTENSION = framework;
			};
			name = Release;
		};
/* End XCBuildConfiguration section */

/* Begin XCConfigurationList section */
		1AF54041145C38AE0049CCEB /* Build configuration list for PBXNativeTarget "libminecraftkit" */ = {
			isa = XCConfigurationList;
			buildConfigurations = (
				1AF54042145C38AE0049CCEB /* Debug */,
				1AF54043145C38AE0049CCEB /* Release */,
			);
			defaultConfigurationIsVisible = 0;
			defaultConfigurationName = Release;
		};
		1AFE344A13F930BF001A33D4 /* Build configuration list for PBXProject "MinecraftKit" */ = {
			isa = XCConfigurationList;
			buildConfigurations = (
				1AFE346413F930BF001A33D4 /* Debug */,
				1AFE346513F930BF001A33D4 /* Release */,
			);
			defaultConfigurationIsVisible = 0;
			defaultConfigurationName = Release;
		};
		1AFE346613F930BF001A33D4 /* Build configuration list for PBXNativeTarget "MinecraftKit" */ = {
			isa = XCConfigurationList;
			buildConfigurations = (
				1AFE346713F930BF001A33D4 /* Debug */,
				1AFE346813F930BF001A33D4 /* Release */,
			);
			defaultConfigurationIsVisible = 0;
			defaultConfigurationName = Release;
		};
/* End XCConfigurationList section */
	};
	rootObject = 1AFE344713F930BF001A33D4 /* Project object */;
}
