// !$*UTF8*$!
{
	archiveVersion = 1;
	classes = {
	};
	objectVersion = 46;
	objects = {

/* Begin PBXBuildFile section */
		1A64907114517A7300F57924 /* JANBTSerialization.h in Headers */ = {isa = PBXBuildFile; fileRef = 1A64906F14517A7300F57924 /* JANBTSerialization.h */; settings = {ATTRIBUTES = (Public, ); }; };
		1AB23B3014543B81008C5723 /* JANBTTagType.m in Sources */ = {isa = PBXBuildFile; fileRef = 1AB23B2F14543B81008C5723 /* JANBTTagType.m */; };
		1AB23B4014544547008C5723 /* JANBTParser.m in Sources */ = {isa = PBXBuildFile; fileRef = 1AFE34A313F931EE001A33D4 /* JANBTParser.m */; };
		1AB23B5B14544AAB008C5723 /* JANBTStreamEncoder.h in Headers */ = {isa = PBXBuildFile; fileRef = 1AB23B5914544AAA008C5723 /* JANBTStreamEncoder.h */; };
		1AB23B5C14544AAB008C5723 /* JANBTStreamEncoder.m in Sources */ = {isa = PBXBuildFile; fileRef = 1AB23B5A14544AAA008C5723 /* JANBTStreamEncoder.m */; };
		1AB23B6F1454793D008C5723 /* JANBTSerialization.m in Sources */ = {isa = PBXBuildFile; fileRef = 1A64907014517A7300F57924 /* JANBTSerialization.m */; };
		1AB23B8F14547EF6008C5723 /* JAZLibCompressor.h in Headers */ = {isa = PBXBuildFile; fileRef = 1AB23B8D14547EF4008C5723 /* JAZLibCompressor.h */; };
		1AB23B9014547EF6008C5723 /* JAZLibCompressor.m in Sources */ = {isa = PBXBuildFile; fileRef = 1AB23B8E14547EF5008C5723 /* JAZLibCompressor.m */; };
		1AE0E31714536D57009ACC2B /* JANBTStreamParser.h in Headers */ = {isa = PBXBuildFile; fileRef = 1AE0E31414536D56009ACC2B /* JANBTStreamParser.h */; };
		1AE0E31814536D57009ACC2B /* JANBTStreamParser.m in Sources */ = {isa = PBXBuildFile; fileRef = 1AE0E31514536D56009ACC2B /* JANBTStreamParser.m */; };
		1AE0E31914536D57009ACC2B /* JANBTTagType.h in Headers */ = {isa = PBXBuildFile; fileRef = 1AE0E31614536D57009ACC2B /* JANBTTagType.h */; };
		1AE0E32114536FFF009ACC2B /* JANBTTypedNumbers.h in Headers */ = {isa = PBXBuildFile; fileRef = 1AE0E31F14536FFE009ACC2B /* JANBTTypedNumbers.h */; };
		1AE0E32214536FFF009ACC2B /* JANBTTypedNumbers.m in Sources */ = {isa = PBXBuildFile; fileRef = 1AE0E32014536FFE009ACC2B /* JANBTTypedNumbers.m */; };
		1AF8C14A144CA38900D86C3D /* Schematic.schema in Resources */ = {isa = PBXBuildFile; fileRef = 1AF8C149144CA38900D86C3D /* Schematic.schema */; };
		1AFC074C14404395009666A9 /* JACollectionHelpers.h in Headers */ = {isa = PBXBuildFile; fileRef = 1AFC074A14404395009666A9 /* JACollectionHelpers.h */; };
		1AFC074D14404395009666A9 /* JACollectionHelpers.m in Sources */ = {isa = PBXBuildFile; fileRef = 1AFC074B14404395009666A9 /* JACollectionHelpers.m */; };
		1AFC075214405F8A009666A9 /* MYCollectionUtilities.h in Headers */ = {isa = PBXBuildFile; fileRef = 1AFC075014405F8A009666A9 /* MYCollectionUtilities.h */; };
		1AFC075314405F8A009666A9 /* MYCollectionUtilities.m in Sources */ = {isa = PBXBuildFile; fileRef = 1AFC075114405F8A009666A9 /* MYCollectionUtilities.m */; };
		1AFE345513F930BF001A33D4 /* Cocoa.framework in Frameworks */ = {isa = PBXBuildFile; fileRef = 1AFE345413F930BF001A33D4 /* Cocoa.framework */; };
		1AFE348813F931C3001A33D4 /* JAMinecraftBlockIDs.h in Headers */ = {isa = PBXBuildFile; fileRef = 1AFE347813F931C3001A33D4 /* JAMinecraftBlockIDs.h */; settings = {ATTRIBUTES = (Public, ); }; };
		1AFE348913F931C3001A33D4 /* JAMinecraftBlockIDs.c in Sources */ = {isa = PBXBuildFile; fileRef = 1AFE347913F931C3001A33D4 /* JAMinecraftBlockIDs.c */; };
		1AFE348A13F931C3001A33D4 /* JAMinecraftTypes.h in Headers */ = {isa = PBXBuildFile; fileRef = 1AFE347A13F931C3001A33D4 /* JAMinecraftTypes.h */; settings = {ATTRIBUTES = (Public, ); }; };
		1AFE348B13F931C3001A33D4 /* JAMinecraftTypes.m in Sources */ = {isa = PBXBuildFile; fileRef = 1AFE347B13F931C3001A33D4 /* JAMinecraftTypes.m */; };
		1AFE348C13F931C3001A33D4 /* JAMinecraftBlockStore.h in Headers */ = {isa = PBXBuildFile; fileRef = 1AFE347C13F931C3001A33D4 /* JAMinecraftBlockStore.h */; settings = {ATTRIBUTES = (Public, ); }; };
		1AFE348D13F931C3001A33D4 /* JAMinecraftBlockStore.m in Sources */ = {isa = PBXBuildFile; fileRef = 1AFE347D13F931C3001A33D4 /* JAMinecraftBlockStore.m */; };
		1AFE348E13F931C3001A33D4 /* JAMinecraftSchematic.h in Headers */ = {isa = PBXBuildFile; fileRef = 1AFE347E13F931C3001A33D4 /* JAMinecraftSchematic.h */; settings = {ATTRIBUTES = (Public, ); }; };
		1AFE348F13F931C3001A33D4 /* JAMinecraftSchematic.m in Sources */ = {isa = PBXBuildFile; fileRef = 1AFE347F13F931C3001A33D4 /* JAMinecraftSchematic.m */; };
		1AFE349013F931C3001A33D4 /* JAMinecraftMergedBlockStore.h in Headers */ = {isa = PBXBuildFile; fileRef = 1AFE348013F931C3001A33D4 /* JAMinecraftMergedBlockStore.h */; settings = {ATTRIBUTES = (Public, ); }; };
		1AFE349113F931C3001A33D4 /* JAMinecraftMergedBlockStore.m in Sources */ = {isa = PBXBuildFile; fileRef = 1AFE348113F931C3001A33D4 /* JAMinecraftMergedBlockStore.m */; };
		1AFE349213F931C3001A33D4 /* JAMinecraftSchematic+RDatIO.h in Headers */ = {isa = PBXBuildFile; fileRef = 1AFE348213F931C3001A33D4 /* JAMinecraftSchematic+RDatIO.h */; settings = {ATTRIBUTES = (Public, ); }; };
		1AFE349313F931C3001A33D4 /* JAMinecraftSchematic+RDatIO.m in Sources */ = {isa = PBXBuildFile; fileRef = 1AFE348313F931C3001A33D4 /* JAMinecraftSchematic+RDatIO.m */; };
		1AFE349413F931C3001A33D4 /* JAMinecraftSchematic+SchematicIO.h in Headers */ = {isa = PBXBuildFile; fileRef = 1AFE348413F931C3001A33D4 /* JAMinecraftSchematic+SchematicIO.h */; settings = {ATTRIBUTES = (Public, ); }; };
		1AFE349513F931C3001A33D4 /* JAMinecraftSchematic+SchematicIO.m in Sources */ = {isa = PBXBuildFile; fileRef = 1AFE348513F931C3001A33D4 /* JAMinecraftSchematic+SchematicIO.m */; };
		1AFE349613F931C3001A33D4 /* JAMinecraftBlockStore+RedstoneHelpers.h in Headers */ = {isa = PBXBuildFile; fileRef = 1AFE348613F931C3001A33D4 /* JAMinecraftBlockStore+RedstoneHelpers.h */; settings = {ATTRIBUTES = (Public, ); }; };
		1AFE349713F931C3001A33D4 /* JAMinecraftBlockStore+RedstoneHelpers.m in Sources */ = {isa = PBXBuildFile; fileRef = 1AFE348713F931C3001A33D4 /* JAMinecraftBlockStore+RedstoneHelpers.m */; };
		1AFE349B13F931D1001A33D4 /* JAMinecraftGridView.h in Headers */ = {isa = PBXBuildFile; fileRef = 1AFE349913F931D1001A33D4 /* JAMinecraftGridView.h */; settings = {ATTRIBUTES = (Public, ); }; };
		1AFE349C13F931D1001A33D4 /* JAMinecraftGridView.m in Sources */ = {isa = PBXBuildFile; fileRef = 1AFE349A13F931D1001A33D4 /* JAMinecraftGridView.m */; };
		1AFE34A613F931EE001A33D4 /* JAHashEnumeration.h in Headers */ = {isa = PBXBuildFile; fileRef = 1AFE349E13F931EE001A33D4 /* JAHashEnumeration.h */; };
		1AFE34A713F931EE001A33D4 /* JAHashEnumeration.m in Sources */ = {isa = PBXBuildFile; fileRef = 1AFE349F13F931EE001A33D4 /* JAHashEnumeration.m */; };
		1AFE34A813F931EE001A33D4 /* IsKeyDown.h in Headers */ = {isa = PBXBuildFile; fileRef = 1AFE34A013F931EE001A33D4 /* IsKeyDown.h */; };
		1AFE34A913F931EE001A33D4 /* IsKeyDown.c in Sources */ = {isa = PBXBuildFile; fileRef = 1AFE34A113F931EE001A33D4 /* IsKeyDown.c */; };
		1AFE34AA13F931EE001A33D4 /* JANBTParser.h in Headers */ = {isa = PBXBuildFile; fileRef = 1AFE34A213F931EE001A33D4 /* JANBTParser.h */; };
		1AFE34AC13F931EE001A33D4 /* NSData+DDGZip.h in Headers */ = {isa = PBXBuildFile; fileRef = 1AFE34A413F931EE001A33D4 /* NSData+DDGZip.h */; };
		1AFE34AD13F931EE001A33D4 /* NSData+DDGZip.m in Sources */ = {isa = PBXBuildFile; fileRef = 1AFE34A513F931EE001A33D4 /* NSData+DDGZip.m */; };
		1AFE34B113F93207001A33D4 /* JAPropertyListAccessors.h in Headers */ = {isa = PBXBuildFile; fileRef = 1AFE34AF13F93207001A33D4 /* JAPropertyListAccessors.h */; settings = {ATTRIBUTES = (Public, ); }; };
		1AFE34B213F93207001A33D4 /* JAPropertyListAccessors.m in Sources */ = {isa = PBXBuildFile; fileRef = 1AFE34B013F93207001A33D4 /* JAPropertyListAccessors.m */; };
		1AFE34B613F9321F001A33D4 /* JAValueToString.h in Headers */ = {isa = PBXBuildFile; fileRef = 1AFE34B413F9321F001A33D4 /* JAValueToString.h */; settings = {ATTRIBUTES = (Public, ); }; };
		1AFE34B713F9321F001A33D4 /* JAValueToString.m in Sources */ = {isa = PBXBuildFile; fileRef = 1AFE34B513F9321F001A33D4 /* JAValueToString.m */; };
		1AFE34BD13F932CC001A33D4 /* libz.dylib in Frameworks */ = {isa = PBXBuildFile; fileRef = 1AFE34BC13F932CC001A33D4 /* libz.dylib */; };
		1AFE34BF13F932DD001A33D4 /* Carbon.framework in Frameworks */ = {isa = PBXBuildFile; fileRef = 1AFE34BE13F932DD001A33D4 /* Carbon.framework */; };
		1AFE8EC01449A1F6007056C1 /* JAMinecraftBlock.h in Headers */ = {isa = PBXBuildFile; fileRef = 1AFE8EBE1449A1F6007056C1 /* JAMinecraftBlock.h */; settings = {ATTRIBUTES = (Public, ); }; };
		1AFE8EC11449A1F6007056C1 /* JAMinecraftBlock.m in Sources */ = {isa = PBXBuildFile; fileRef = 1AFE8EBF1449A1F6007056C1 /* JAMinecraftBlock.m */; };
/* End PBXBuildFile section */

/* Begin PBXContainerItemProxy section */
		1AFE34E113F936B0001A33D4 /* PBXContainerItemProxy */ = {
			isa = PBXContainerItemProxy;
			containerPortal = 1AFE34DC13F936B0001A33D4 /* attributeMapBuilder.xcodeproj */;
			proxyType = 2;
			remoteGlobalIDString = 8DD76FA10486AA7600D96B5E;
			remoteInfo = attributeMapBuilder;
		};
		1AFE34E313F936C9001A33D4 /* PBXContainerItemProxy */ = {
			isa = PBXContainerItemProxy;
			containerPortal = 1AFE34DC13F936B0001A33D4 /* attributeMapBuilder.xcodeproj */;
			proxyType = 1;
			remoteGlobalIDString = 1A0C648213E6DC4800722B66;
			remoteInfo = "Update attribute map";
		};
/* End PBXContainerItemProxy section */

/* Begin PBXFileReference section */
		1A64906F14517A7300F57924 /* JANBTSerialization.h */ = {isa = PBXFileReference; fileEncoding = 4; lastKnownFileType = sourcecode.c.h; path = JANBTSerialization.h; sourceTree = SOURCE_ROOT; };
		1A64907014517A7300F57924 /* JANBTSerialization.m */ = {isa = PBXFileReference; fileEncoding = 4; lastKnownFileType = sourcecode.c.objc; path = JANBTSerialization.m; sourceTree = SOURCE_ROOT; };
		1AB23B2F14543B81008C5723 /* JANBTTagType.m */ = {isa = PBXFileReference; fileEncoding = 4; lastKnownFileType = sourcecode.c.objc; path = JANBTTagType.m; sourceTree = SOURCE_ROOT; };
		1AB23B5914544AAA008C5723 /* JANBTStreamEncoder.h */ = {isa = PBXFileReference; fileEncoding = 4; lastKnownFileType = sourcecode.c.h; path = JANBTStreamEncoder.h; sourceTree = SOURCE_ROOT; };
		1AB23B5A14544AAA008C5723 /* JANBTStreamEncoder.m */ = {isa = PBXFileReference; fileEncoding = 4; lastKnownFileType = sourcecode.c.objc; path = JANBTStreamEncoder.m; sourceTree = SOURCE_ROOT; };
		1AB23B8D14547EF4008C5723 /* JAZLibCompressor.h */ = {isa = PBXFileReference; fileEncoding = 4; lastKnownFileType = sourcecode.c.h; path = JAZLibCompressor.h; sourceTree = SOURCE_ROOT; };
		1AB23B8E14547EF5008C5723 /* JAZLibCompressor.m */ = {isa = PBXFileReference; fileEncoding = 4; lastKnownFileType = sourcecode.c.objc; path = JAZLibCompressor.m; sourceTree = SOURCE_ROOT; };
		1AE0E31414536D56009ACC2B /* JANBTStreamParser.h */ = {isa = PBXFileReference; fileEncoding = 4; lastKnownFileType = sourcecode.c.h; path = JANBTStreamParser.h; sourceTree = SOURCE_ROOT; };
		1AE0E31514536D56009ACC2B /* JANBTStreamParser.m */ = {isa = PBXFileReference; fileEncoding = 4; lastKnownFileType = sourcecode.c.objc; path = JANBTStreamParser.m; sourceTree = SOURCE_ROOT; };
		1AE0E31614536D57009ACC2B /* JANBTTagType.h */ = {isa = PBXFileReference; fileEncoding = 4; lastKnownFileType = sourcecode.c.h; path = JANBTTagType.h; sourceTree = SOURCE_ROOT; };
		1AE0E31F14536FFE009ACC2B /* JANBTTypedNumbers.h */ = {isa = PBXFileReference; fileEncoding = 4; lastKnownFileType = sourcecode.c.h; path = JANBTTypedNumbers.h; sourceTree = SOURCE_ROOT; };
		1AE0E32014536FFE009ACC2B /* JANBTTypedNumbers.m */ = {isa = PBXFileReference; fileEncoding = 4; lastKnownFileType = sourcecode.c.objc; path = JANBTTypedNumbers.m; sourceTree = SOURCE_ROOT; };
		1AF8C149144CA38900D86C3D /* Schematic.schema */ = {isa = PBXFileReference; fileEncoding = 4; lastKnownFileType = text; name = Schematic.schema; path = Resources/Schematic.schema; sourceTree = SOURCE_ROOT; xcLanguageSpecificationIdentifier = xcode.lang.plist; };
		1AFC074A14404395009666A9 /* JACollectionHelpers.h */ = {isa = PBXFileReference; fileEncoding = 4; lastKnownFileType = sourcecode.c.h; path = JACollectionHelpers.h; sourceTree = SOURCE_ROOT; };
		1AFC074B14404395009666A9 /* JACollectionHelpers.m */ = {isa = PBXFileReference; fileEncoding = 4; lastKnownFileType = sourcecode.c.objc; path = JACollectionHelpers.m; sourceTree = SOURCE_ROOT; };
		1AFC075014405F8A009666A9 /* MYCollectionUtilities.h */ = {isa = PBXFileReference; fileEncoding = 4; lastKnownFileType = sourcecode.c.h; path = MYCollectionUtilities.h; sourceTree = SOURCE_ROOT; };
		1AFC075114405F8A009666A9 /* MYCollectionUtilities.m */ = {isa = PBXFileReference; fileEncoding = 4; lastKnownFileType = sourcecode.c.objc; path = MYCollectionUtilities.m; sourceTree = SOURCE_ROOT; };
		1AFE345113F930BF001A33D4 /* JAMinecraftKit.framework */ = {isa = PBXFileReference; explicitFileType = wrapper.framework; includeInIndex = 0; path = JAMinecraftKit.framework; sourceTree = BUILT_PRODUCTS_DIR; };
		1AFE345413F930BF001A33D4 /* Cocoa.framework */ = {isa = PBXFileReference; lastKnownFileType = wrapper.framework; name = Cocoa.framework; path = System/Library/Frameworks/Cocoa.framework; sourceTree = SDKROOT; };
		1AFE345713F930BF001A33D4 /* AppKit.framework */ = {isa = PBXFileReference; lastKnownFileType = wrapper.framework; name = AppKit.framework; path = System/Library/Frameworks/AppKit.framework; sourceTree = SDKROOT; };
		1AFE345813F930BF001A33D4 /* CoreData.framework */ = {isa = PBXFileReference; lastKnownFileType = wrapper.framework; name = CoreData.framework; path = System/Library/Frameworks/CoreData.framework; sourceTree = SDKROOT; };
		1AFE345913F930BF001A33D4 /* Foundation.framework */ = {isa = PBXFileReference; lastKnownFileType = wrapper.framework; name = Foundation.framework; path = System/Library/Frameworks/Foundation.framework; sourceTree = SDKROOT; };
		1AFE345C13F930BF001A33D4 /* MinecraftKit-Info.plist */ = {isa = PBXFileReference; lastKnownFileType = text.plist.xml; path = "MinecraftKit-Info.plist"; sourceTree = "<group>"; };
		1AFE347813F931C3001A33D4 /* JAMinecraftBlockIDs.h */ = {isa = PBXFileReference; fileEncoding = 4; lastKnownFileType = sourcecode.c.h; path = JAMinecraftBlockIDs.h; sourceTree = SOURCE_ROOT; };
		1AFE347913F931C3001A33D4 /* JAMinecraftBlockIDs.c */ = {isa = PBXFileReference; fileEncoding = 4; lastKnownFileType = sourcecode.c.c; path = JAMinecraftBlockIDs.c; sourceTree = SOURCE_ROOT; };
		1AFE347A13F931C3001A33D4 /* JAMinecraftTypes.h */ = {isa = PBXFileReference; fileEncoding = 4; lastKnownFileType = sourcecode.c.h; path = JAMinecraftTypes.h; sourceTree = SOURCE_ROOT; };
		1AFE347B13F931C3001A33D4 /* JAMinecraftTypes.m */ = {isa = PBXFileReference; fileEncoding = 4; lastKnownFileType = sourcecode.c.objc; path = JAMinecraftTypes.m; sourceTree = SOURCE_ROOT; };
		1AFE347C13F931C3001A33D4 /* JAMinecraftBlockStore.h */ = {isa = PBXFileReference; fileEncoding = 4; lastKnownFileType = sourcecode.c.h; path = JAMinecraftBlockStore.h; sourceTree = SOURCE_ROOT; };
		1AFE347D13F931C3001A33D4 /* JAMinecraftBlockStore.m */ = {isa = PBXFileReference; fileEncoding = 4; lastKnownFileType = sourcecode.c.objc; path = JAMinecraftBlockStore.m; sourceTree = SOURCE_ROOT; };
		1AFE347E13F931C3001A33D4 /* JAMinecraftSchematic.h */ = {isa = PBXFileReference; fileEncoding = 4; lastKnownFileType = sourcecode.c.h; path = JAMinecraftSchematic.h; sourceTree = SOURCE_ROOT; };
		1AFE347F13F931C3001A33D4 /* JAMinecraftSchematic.m */ = {isa = PBXFileReference; fileEncoding = 4; lastKnownFileType = sourcecode.c.objc; path = JAMinecraftSchematic.m; sourceTree = SOURCE_ROOT; };
		1AFE348013F931C3001A33D4 /* JAMinecraftMergedBlockStore.h */ = {isa = PBXFileReference; fileEncoding = 4; lastKnownFileType = sourcecode.c.h; path = JAMinecraftMergedBlockStore.h; sourceTree = SOURCE_ROOT; };
		1AFE348113F931C3001A33D4 /* JAMinecraftMergedBlockStore.m */ = {isa = PBXFileReference; fileEncoding = 4; lastKnownFileType = sourcecode.c.objc; path = JAMinecraftMergedBlockStore.m; sourceTree = SOURCE_ROOT; };
		1AFE348213F931C3001A33D4 /* JAMinecraftSchematic+RDatIO.h */ = {isa = PBXFileReference; fileEncoding = 4; lastKnownFileType = sourcecode.c.h; path = "JAMinecraftSchematic+RDatIO.h"; sourceTree = SOURCE_ROOT; };
		1AFE348313F931C3001A33D4 /* JAMinecraftSchematic+RDatIO.m */ = {isa = PBXFileReference; fileEncoding = 4; lastKnownFileType = sourcecode.c.objc; path = "JAMinecraftSchematic+RDatIO.m"; sourceTree = SOURCE_ROOT; };
		1AFE348413F931C3001A33D4 /* JAMinecraftSchematic+SchematicIO.h */ = {isa = PBXFileReference; fileEncoding = 4; lastKnownFileType = sourcecode.c.h; path = "JAMinecraftSchematic+SchematicIO.h"; sourceTree = SOURCE_ROOT; };
		1AFE348513F931C3001A33D4 /* JAMinecraftSchematic+SchematicIO.m */ = {isa = PBXFileReference; fileEncoding = 4; lastKnownFileType = sourcecode.c.objc; path = "JAMinecraftSchematic+SchematicIO.m"; sourceTree = SOURCE_ROOT; };
		1AFE348613F931C3001A33D4 /* JAMinecraftBlockStore+RedstoneHelpers.h */ = {isa = PBXFileReference; fileEncoding = 4; lastKnownFileType = sourcecode.c.h; path = "JAMinecraftBlockStore+RedstoneHelpers.h"; sourceTree = SOURCE_ROOT; };
		1AFE348713F931C3001A33D4 /* JAMinecraftBlockStore+RedstoneHelpers.m */ = {isa = PBXFileReference; fileEncoding = 4; lastKnownFileType = sourcecode.c.objc; path = "JAMinecraftBlockStore+RedstoneHelpers.m"; sourceTree = SOURCE_ROOT; };
		1AFE349913F931D1001A33D4 /* JAMinecraftGridView.h */ = {isa = PBXFileReference; fileEncoding = 4; lastKnownFileType = sourcecode.c.h; path = JAMinecraftGridView.h; sourceTree = SOURCE_ROOT; };
		1AFE349A13F931D1001A33D4 /* JAMinecraftGridView.m */ = {isa = PBXFileReference; fileEncoding = 4; lastKnownFileType = sourcecode.c.objc; path = JAMinecraftGridView.m; sourceTree = SOURCE_ROOT; };
		1AFE349E13F931EE001A33D4 /* JAHashEnumeration.h */ = {isa = PBXFileReference; fileEncoding = 4; lastKnownFileType = sourcecode.c.h; path = JAHashEnumeration.h; sourceTree = SOURCE_ROOT; };
		1AFE349F13F931EE001A33D4 /* JAHashEnumeration.m */ = {isa = PBXFileReference; fileEncoding = 4; lastKnownFileType = sourcecode.c.objc; path = JAHashEnumeration.m; sourceTree = SOURCE_ROOT; };
		1AFE34A013F931EE001A33D4 /* IsKeyDown.h */ = {isa = PBXFileReference; fileEncoding = 4; lastKnownFileType = sourcecode.c.h; path = IsKeyDown.h; sourceTree = SOURCE_ROOT; };
		1AFE34A113F931EE001A33D4 /* IsKeyDown.c */ = {isa = PBXFileReference; fileEncoding = 4; lastKnownFileType = sourcecode.c.c; path = IsKeyDown.c; sourceTree = SOURCE_ROOT; };
		1AFE34A213F931EE001A33D4 /* JANBTParser.h */ = {isa = PBXFileReference; fileEncoding = 4; lastKnownFileType = sourcecode.c.h; path = JANBTParser.h; sourceTree = SOURCE_ROOT; };
		1AFE34A313F931EE001A33D4 /* JANBTParser.m */ = {isa = PBXFileReference; fileEncoding = 4; lastKnownFileType = sourcecode.c.objc; path = JANBTParser.m; sourceTree = SOURCE_ROOT; };
		1AFE34A413F931EE001A33D4 /* NSData+DDGZip.h */ = {isa = PBXFileReference; fileEncoding = 4; lastKnownFileType = sourcecode.c.h; path = "NSData+DDGZip.h"; sourceTree = SOURCE_ROOT; };
		1AFE34A513F931EE001A33D4 /* NSData+DDGZip.m */ = {isa = PBXFileReference; fileEncoding = 4; lastKnownFileType = sourcecode.c.objc; path = "NSData+DDGZip.m"; sourceTree = SOURCE_ROOT; };
		1AFE34AF13F93207001A33D4 /* JAPropertyListAccessors.h */ = {isa = PBXFileReference; fileEncoding = 4; lastKnownFileType = sourcecode.c.h; name = JAPropertyListAccessors.h; path = JAPropertyListAccessors/JAPropertyListAccessors.h; sourceTree = SOURCE_ROOT; };
		1AFE34B013F93207001A33D4 /* JAPropertyListAccessors.m */ = {isa = PBXFileReference; fileEncoding = 4; lastKnownFileType = sourcecode.c.objc; name = JAPropertyListAccessors.m; path = JAPropertyListAccessors/JAPropertyListAccessors.m; sourceTree = SOURCE_ROOT; };
		1AFE34B413F9321F001A33D4 /* JAValueToString.h */ = {isa = PBXFileReference; fileEncoding = 4; lastKnownFileType = sourcecode.c.h; name = JAValueToString.h; path = JAValueToString/JAValueToString.h; sourceTree = SOURCE_ROOT; };
		1AFE34B513F9321F001A33D4 /* JAValueToString.m */ = {isa = PBXFileReference; fileEncoding = 4; lastKnownFileType = sourcecode.c.objc; name = JAValueToString.m; path = JAValueToString/JAValueToString.m; sourceTree = SOURCE_ROOT; };
		1AFE34B813F932B3001A33D4 /* Carbon.framework */ = {isa = PBXFileReference; lastKnownFileType = wrapper.framework; name = Carbon.framework; path = System/Library/Frameworks/Carbon.framework; sourceTree = SDKROOT; };
		1AFE34BA13F932BD001A33D4 /* ApplicationServices.framework */ = {isa = PBXFileReference; lastKnownFileType = wrapper.framework; name = ApplicationServices.framework; path = System/Library/Frameworks/ApplicationServices.framework; sourceTree = SDKROOT; };
		1AFE34BC13F932CC001A33D4 /* libz.dylib */ = {isa = PBXFileReference; lastKnownFileType = "compiled.mach-o.dylib"; name = libz.dylib; path = usr/lib/libz.dylib; sourceTree = SDKROOT; };
		1AFE34BE13F932DD001A33D4 /* Carbon.framework */ = {isa = PBXFileReference; lastKnownFileType = wrapper.framework; name = Carbon.framework; path = System/Library/Frameworks/Carbon.framework; sourceTree = SDKROOT; };
		1AFE34DC13F936B0001A33D4 /* attributeMapBuilder.xcodeproj */ = {isa = PBXFileReference; lastKnownFileType = "wrapper.pb-project"; name = attributeMapBuilder.xcodeproj; path = attributeMapBuilder/attributeMapBuilder.xcodeproj; sourceTree = "<group>"; };
		1AFE8EBE1449A1F6007056C1 /* JAMinecraftBlock.h */ = {isa = PBXFileReference; fileEncoding = 4; lastKnownFileType = sourcecode.c.h; path = JAMinecraftBlock.h; sourceTree = SOURCE_ROOT; };
		1AFE8EBF1449A1F6007056C1 /* JAMinecraftBlock.m */ = {isa = PBXFileReference; fileEncoding = 4; lastKnownFileType = sourcecode.c.objc; path = JAMinecraftBlock.m; sourceTree = SOURCE_ROOT; };
/* End PBXFileReference section */

/* Begin PBXFrameworksBuildPhase section */
		1AFE344D13F930BF001A33D4 /* Frameworks */ = {
			isa = PBXFrameworksBuildPhase;
			buildActionMask = 2147483647;
			files = (
				1AFE34BF13F932DD001A33D4 /* Carbon.framework in Frameworks */,
				1AFE34BD13F932CC001A33D4 /* libz.dylib in Frameworks */,
				1AFE345513F930BF001A33D4 /* Cocoa.framework in Frameworks */,
			);
			runOnlyForDeploymentPostprocessing = 0;
		};
/* End PBXFrameworksBuildPhase section */

/* Begin PBXGroup section */
		1AE0E31C14536D59009ACC2B /* NBT */ = {
			isa = PBXGroup;
			children = (
				1A64906F14517A7300F57924 /* JANBTSerialization.h */,
				1A64907014517A7300F57924 /* JANBTSerialization.m */,
				1AE0E31614536D57009ACC2B /* JANBTTagType.h */,
				1AB23B2F14543B81008C5723 /* JANBTTagType.m */,
				1AE0E31F14536FFE009ACC2B /* JANBTTypedNumbers.h */,
				1AE0E32014536FFE009ACC2B /* JANBTTypedNumbers.m */,
				1AE0E31414536D56009ACC2B /* JANBTStreamParser.h */,
				1AE0E31514536D56009ACC2B /* JANBTStreamParser.m */,
				1AB23B5914544AAA008C5723 /* JANBTStreamEncoder.h */,
				1AB23B5A14544AAA008C5723 /* JANBTStreamEncoder.m */,
				1AB23B8D14547EF4008C5723 /* JAZLibCompressor.h */,
				1AB23B8E14547EF5008C5723 /* JAZLibCompressor.m */,
			);
			name = NBT;
			sourceTree = "<group>";
		};
		1AFE344513F930BF001A33D4 = {
			isa = PBXGroup;
			children = (
				1AFE345A13F930BF001A33D4 /* MinecraftKit */,
				1AFE345313F930BF001A33D4 /* Frameworks */,
				1AFE345213F930BF001A33D4 /* Products */,
				1AFE34DC13F936B0001A33D4 /* attributeMapBuilder.xcodeproj */,
			);
			sourceTree = "<group>";
		};
		1AFE345213F930BF001A33D4 /* Products */ = {
			isa = PBXGroup;
			children = (
				1AFE345113F930BF001A33D4 /* JAMinecraftKit.framework */,
			);
			name = Products;
			sourceTree = "<group>";
		};
		1AFE345313F930BF001A33D4 /* Frameworks */ = {
			isa = PBXGroup;
			children = (
				1AFE34BE13F932DD001A33D4 /* Carbon.framework */,
				1AFE34BC13F932CC001A33D4 /* libz.dylib */,
				1AFE34BA13F932BD001A33D4 /* ApplicationServices.framework */,
				1AFE34B813F932B3001A33D4 /* Carbon.framework */,
				1AFE345413F930BF001A33D4 /* Cocoa.framework */,
				1AFE345613F930BF001A33D4 /* Other Frameworks */,
			);
			name = Frameworks;
			sourceTree = "<group>";
		};
		1AFE345613F930BF001A33D4 /* Other Frameworks */ = {
			isa = PBXGroup;
			children = (
				1AFE345713F930BF001A33D4 /* AppKit.framework */,
				1AFE345813F930BF001A33D4 /* CoreData.framework */,
				1AFE345913F930BF001A33D4 /* Foundation.framework */,
			);
			name = "Other Frameworks";
			sourceTree = "<group>";
		};
		1AFE345A13F930BF001A33D4 /* MinecraftKit */ = {
			isa = PBXGroup;
			children = (
				1AFE347713F931B8001A33D4 /* Model */,
				1AFE349813F931C5001A33D4 /* View */,
				1AFE349D13F931D5001A33D4 /* Utility */,
				1AFE345B13F930BF001A33D4 /* Resources */,
			);
			path = MinecraftKit;
			sourceTree = "<group>";
		};
		1AFE345B13F930BF001A33D4 /* Resources */ = {
			isa = PBXGroup;
			children = (
				1AFE345C13F930BF001A33D4 /* MinecraftKit-Info.plist */,
				1AF8C149144CA38900D86C3D /* Schematic.schema */,
			);
			path = Resources;
			sourceTree = "<group>";
		};
		1AFE347713F931B8001A33D4 /* Model */ = {
			isa = PBXGroup;
			children = (
				1AFE347813F931C3001A33D4 /* JAMinecraftBlockIDs.h */,
				1AFE347913F931C3001A33D4 /* JAMinecraftBlockIDs.c */,
				1AFE347A13F931C3001A33D4 /* JAMinecraftTypes.h */,
				1AFE347B13F931C3001A33D4 /* JAMinecraftTypes.m */,
				1AFE8EBE1449A1F6007056C1 /* JAMinecraftBlock.h */,
				1AFE8EBF1449A1F6007056C1 /* JAMinecraftBlock.m */,
				1AFE347C13F931C3001A33D4 /* JAMinecraftBlockStore.h */,
				1AFE347D13F931C3001A33D4 /* JAMinecraftBlockStore.m */,
				1AFE347E13F931C3001A33D4 /* JAMinecraftSchematic.h */,
				1AFE347F13F931C3001A33D4 /* JAMinecraftSchematic.m */,
				1AFE348013F931C3001A33D4 /* JAMinecraftMergedBlockStore.h */,
				1AFE348113F931C3001A33D4 /* JAMinecraftMergedBlockStore.m */,
				1AFE348213F931C3001A33D4 /* JAMinecraftSchematic+RDatIO.h */,
				1AFE348313F931C3001A33D4 /* JAMinecraftSchematic+RDatIO.m */,
				1AFE348413F931C3001A33D4 /* JAMinecraftSchematic+SchematicIO.h */,
				1AFE348513F931C3001A33D4 /* JAMinecraftSchematic+SchematicIO.m */,
				1AFE348613F931C3001A33D4 /* JAMinecraftBlockStore+RedstoneHelpers.h */,
				1AFE348713F931C3001A33D4 /* JAMinecraftBlockStore+RedstoneHelpers.m */,
			);
			name = Model;
			sourceTree = "<group>";
		};
		1AFE349813F931C5001A33D4 /* View */ = {
			isa = PBXGroup;
			children = (
				1AFE349913F931D1001A33D4 /* JAMinecraftGridView.h */,
				1AFE349A13F931D1001A33D4 /* JAMinecraftGridView.m */,
			);
			name = View;
			sourceTree = "<group>";
		};
		1AFE349D13F931D5001A33D4 /* Utility */ = {
			isa = PBXGroup;
			children = (
				1AFE349E13F931EE001A33D4 /* JAHashEnumeration.h */,
				1AFE349F13F931EE001A33D4 /* JAHashEnumeration.m */,
				1AFE34A013F931EE001A33D4 /* IsKeyDown.h */,
				1AFE34A113F931EE001A33D4 /* IsKeyDown.c */,
				1AFE34A213F931EE001A33D4 /* JANBTParser.h */,
				1AFE34A313F931EE001A33D4 /* JANBTParser.m */,
				1AFE34A413F931EE001A33D4 /* NSData+DDGZip.h */,
				1AFE34A513F931EE001A33D4 /* NSData+DDGZip.m */,
				1AFC074A14404395009666A9 /* JACollectionHelpers.h */,
				1AFC074B14404395009666A9 /* JACollectionHelpers.m */,
				1AFC075014405F8A009666A9 /* MYCollectionUtilities.h */,
				1AFC075114405F8A009666A9 /* MYCollectionUtilities.m */,
				1AE0E31C14536D59009ACC2B /* NBT */,
				1AFE34AE13F931F0001A33D4 /* JAPropertyListAccessors */,
				1AFE34B313F93209001A33D4 /* JAValueToString */,
			);
			name = Utility;
			sourceTree = "<group>";
		};
		1AFE34AE13F931F0001A33D4 /* JAPropertyListAccessors */ = {
			isa = PBXGroup;
			children = (
				1AFE34AF13F93207001A33D4 /* JAPropertyListAccessors.h */,
				1AFE34B013F93207001A33D4 /* JAPropertyListAccessors.m */,
			);
			path = JAPropertyListAccessors;
			sourceTree = "<group>";
		};
		1AFE34B313F93209001A33D4 /* JAValueToString */ = {
			isa = PBXGroup;
			children = (
				1AFE34B413F9321F001A33D4 /* JAValueToString.h */,
				1AFE34B513F9321F001A33D4 /* JAValueToString.m */,
			);
			path = JAValueToString;
			sourceTree = "<group>";
		};
		1AFE34DD13F936B0001A33D4 /* Products */ = {
			isa = PBXGroup;
			children = (
				1AFE34E213F936B0001A33D4 /* attributeMapBuilder */,
			);
			name = Products;
			sourceTree = "<group>";
		};
/* End PBXGroup section */

/* Begin PBXHeadersBuildPhase section */
		1AFE344E13F930BF001A33D4 /* Headers */ = {
			isa = PBXHeadersBuildPhase;
			buildActionMask = 2147483647;
			files = (
				1A64907114517A7300F57924 /* JANBTSerialization.h in Headers */,
				1AFE348813F931C3001A33D4 /* JAMinecraftBlockIDs.h in Headers */,
				1AFE348A13F931C3001A33D4 /* JAMinecraftTypes.h in Headers */,
				1AFE8EC01449A1F6007056C1 /* JAMinecraftBlock.h in Headers */,
				1AFE348C13F931C3001A33D4 /* JAMinecraftBlockStore.h in Headers */,
				1AFE348E13F931C3001A33D4 /* JAMinecraftSchematic.h in Headers */,
				1AFE349013F931C3001A33D4 /* JAMinecraftMergedBlockStore.h in Headers */,
				1AFE349213F931C3001A33D4 /* JAMinecraftSchematic+RDatIO.h in Headers */,
				1AFE349413F931C3001A33D4 /* JAMinecraftSchematic+SchematicIO.h in Headers */,
				1AFE349613F931C3001A33D4 /* JAMinecraftBlockStore+RedstoneHelpers.h in Headers */,
				1AFE349B13F931D1001A33D4 /* JAMinecraftGridView.h in Headers */,
				1AFE34B113F93207001A33D4 /* JAPropertyListAccessors.h in Headers */,
				1AFE34B613F9321F001A33D4 /* JAValueToString.h in Headers */,
				1AFE34A613F931EE001A33D4 /* JAHashEnumeration.h in Headers */,
				1AFE34A813F931EE001A33D4 /* IsKeyDown.h in Headers */,
				1AFE34AA13F931EE001A33D4 /* JANBTParser.h in Headers */,
				1AFE34AC13F931EE001A33D4 /* NSData+DDGZip.h in Headers */,
				1AFC074C14404395009666A9 /* JACollectionHelpers.h in Headers */,
				1AFC075214405F8A009666A9 /* MYCollectionUtilities.h in Headers */,
				1AE0E31714536D57009ACC2B /* JANBTStreamParser.h in Headers */,
				1AE0E31914536D57009ACC2B /* JANBTTagType.h in Headers */,
				1AE0E32114536FFF009ACC2B /* JANBTTypedNumbers.h in Headers */,
				1AB23B5B14544AAB008C5723 /* JANBTStreamEncoder.h in Headers */,
				1AB23B8F14547EF6008C5723 /* JAZLibCompressor.h in Headers */,
			);
			runOnlyForDeploymentPostprocessing = 0;
		};
/* End PBXHeadersBuildPhase section */

/* Begin PBXNativeTarget section */
		1AFE345013F930BF001A33D4 /* MinecraftKit */ = {
			isa = PBXNativeTarget;
			buildConfigurationList = 1AFE346613F930BF001A33D4 /* Build configuration list for PBXNativeTarget "MinecraftKit" */;
			buildPhases = (
				1AFE344C13F930BF001A33D4 /* Sources */,
				1AFE344D13F930BF001A33D4 /* Frameworks */,
				1AFE344E13F930BF001A33D4 /* Headers */,
				1AFE344F13F930BF001A33D4 /* Resources */,
			);
			buildRules = (
			);
			dependencies = (
				1AFE34E413F936C9001A33D4 /* PBXTargetDependency */,
			);
			name = MinecraftKit;
			productName = MinecraftKit;
			productReference = 1AFE345113F930BF001A33D4 /* JAMinecraftKit.framework */;
			productType = "com.apple.product-type.framework";
		};
/* End PBXNativeTarget section */

/* Begin PBXProject section */
		1AFE344713F930BF001A33D4 /* Project object */ = {
			isa = PBXProject;
			attributes = {
				LastUpgradeCheck = 0420;
				ORGANIZATIONNAME = "Jens Ayton";
			};
			buildConfigurationList = 1AFE344A13F930BF001A33D4 /* Build configuration list for PBXProject "MinecraftKit" */;
			compatibilityVersion = "Xcode 3.2";
			developmentRegion = English;
			hasScannedForEncodings = 0;
			knownRegions = (
				en,
			);
			mainGroup = 1AFE344513F930BF001A33D4;
			productRefGroup = 1AFE345213F930BF001A33D4 /* Products */;
			projectDirPath = "";
			projectReferences = (
				{
					ProductGroup = 1AFE34DD13F936B0001A33D4 /* Products */;
					ProjectRef = 1AFE34DC13F936B0001A33D4 /* attributeMapBuilder.xcodeproj */;
				},
			);
			projectRoot = "";
			targets = (
				1AFE345013F930BF001A33D4 /* MinecraftKit */,
			);
		};
/* End PBXProject section */

/* Begin PBXReferenceProxy section */
		1AFE34E213F936B0001A33D4 /* attributeMapBuilder */ = {
			isa = PBXReferenceProxy;
			fileType = "compiled.mach-o.executable";
			path = attributeMapBuilder;
			remoteRef = 1AFE34E113F936B0001A33D4 /* PBXContainerItemProxy */;
			sourceTree = BUILT_PRODUCTS_DIR;
		};
/* End PBXReferenceProxy section */

/* Begin PBXResourcesBuildPhase section */
		1AFE344F13F930BF001A33D4 /* Resources */ = {
			isa = PBXResourcesBuildPhase;
			buildActionMask = 2147483647;
			files = (
				1AF8C14A144CA38900D86C3D /* Schematic.schema in Resources */,
			);
			runOnlyForDeploymentPostprocessing = 0;
		};
/* End PBXResourcesBuildPhase section */

/* Begin PBXSourcesBuildPhase section */
		1AFE344C13F930BF001A33D4 /* Sources */ = {
			isa = PBXSourcesBuildPhase;
			buildActionMask = 2147483647;
			files = (
				1AFE348913F931C3001A33D4 /* JAMinecraftBlockIDs.c in Sources */,
				1AFE348B13F931C3001A33D4 /* JAMinecraftTypes.m in Sources */,
				1AFE348D13F931C3001A33D4 /* JAMinecraftBlockStore.m in Sources */,
				1AFE348F13F931C3001A33D4 /* JAMinecraftSchematic.m in Sources */,
				1AFE349113F931C3001A33D4 /* JAMinecraftMergedBlockStore.m in Sources */,
				1AFE349313F931C3001A33D4 /* JAMinecraftSchematic+RDatIO.m in Sources */,
				1AFE349513F931C3001A33D4 /* JAMinecraftSchematic+SchematicIO.m in Sources */,
				1AFE349713F931C3001A33D4 /* JAMinecraftBlockStore+RedstoneHelpers.m in Sources */,
				1AFE349C13F931D1001A33D4 /* JAMinecraftGridView.m in Sources */,
				1AFE34A713F931EE001A33D4 /* JAHashEnumeration.m in Sources */,
				1AFE34A913F931EE001A33D4 /* IsKeyDown.c in Sources */,
				1AFE34AD13F931EE001A33D4 /* NSData+DDGZip.m in Sources */,
				1AFE34B213F93207001A33D4 /* JAPropertyListAccessors.m in Sources */,
				1AFE34B713F9321F001A33D4 /* JAValueToString.m in Sources */,
				1AFC074D14404395009666A9 /* JACollectionHelpers.m in Sources */,
				1AFC075314405F8A009666A9 /* MYCollectionUtilities.m in Sources */,
				1AFE8EC11449A1F6007056C1 /* JAMinecraftBlock.m in Sources */,
				1AE0E31814536D57009ACC2B /* JANBTStreamParser.m in Sources */,
				1AE0E32214536FFF009ACC2B /* JANBTTypedNumbers.m in Sources */,
				1AB23B3014543B81008C5723 /* JANBTTagType.m in Sources */,
				1AB23B4014544547008C5723 /* JANBTParser.m in Sources */,
				1AB23B5C14544AAB008C5723 /* JANBTStreamEncoder.m in Sources */,
				1AB23B6F1454793D008C5723 /* JANBTSerialization.m in Sources */,
				1AB23B9014547EF6008C5723 /* JAZLibCompressor.m in Sources */,
			);
			runOnlyForDeploymentPostprocessing = 0;
		};
/* End PBXSourcesBuildPhase section */

/* Begin PBXTargetDependency section */
		1AFE34E413F936C9001A33D4 /* PBXTargetDependency */ = {
			isa = PBXTargetDependency;
			name = "Update attribute map";
			targetProxy = 1AFE34E313F936C9001A33D4 /* PBXContainerItemProxy */;
		};
/* End PBXTargetDependency section */

/* Begin XCBuildConfiguration section */
		1AFE346413F930BF001A33D4 /* Debug */ = {
			isa = XCBuildConfiguration;
			buildSettings = {
				ALWAYS_SEARCH_USER_PATHS = NO;
				ARCHS = "$(ARCHS_STANDARD_64_BIT)";
				COPY_PHASE_STRIP = NO;
				GCC_C_LANGUAGE_STANDARD = gnu99;
				GCC_DYNAMIC_NO_PIC = NO;
				GCC_ENABLE_OBJC_EXCEPTIONS = YES;
				GCC_OPTIMIZATION_LEVEL = 0;
				GCC_PREPROCESSOR_DEFINITIONS = (
					"DEBUG=1",
					"$(inherited)",
				);
				GCC_SYMBOLS_PRIVATE_EXTERN = NO;
				GCC_TREAT_WARNINGS_AS_ERRORS = YES;
				GCC_VERSION = com.apple.compilers.llvm.clang.1_0;
				GCC_WARN_ABOUT_MISSING_PROTOTYPES = YES;
				GCC_WARN_ABOUT_RETURN_TYPE = YES;
				GCC_WARN_UNUSED_VARIABLE = YES;
				MACOSX_DEPLOYMENT_TARGET = 10.7;
				ONLY_ACTIVE_ARCH = YES;
				SDKROOT = macosx10.7;
				SYMROOT = ../build;
			};
			name = Debug;
		};
		1AFE346513F930BF001A33D4 /* Release */ = {
			isa = XCBuildConfiguration;
			buildSettings = {
				ALWAYS_SEARCH_USER_PATHS = NO;
				ARCHS = "$(ARCHS_STANDARD_64_BIT)";
				COPY_PHASE_STRIP = YES;
				DEBUG_INFORMATION_FORMAT = "dwarf-with-dsym";
				GCC_C_LANGUAGE_STANDARD = gnu99;
				GCC_ENABLE_OBJC_EXCEPTIONS = YES;
				GCC_TREAT_WARNINGS_AS_ERRORS = YES;
				GCC_VERSION = com.apple.compilers.llvm.clang.1_0;
				GCC_WARN_ABOUT_MISSING_PROTOTYPES = YES;
				GCC_WARN_ABOUT_RETURN_TYPE = YES;
				GCC_WARN_UNUSED_VARIABLE = YES;
				MACOSX_DEPLOYMENT_TARGET = 10.7;
				SDKROOT = macosx10.7;
				SYMROOT = ../build;
			};
			name = Release;
		};
		1AFE346713F930BF001A33D4 /* Debug */ = {
			isa = XCBuildConfiguration;
			buildSettings = {
				CLANG_ENABLE_OBJC_ARC = YES;
				DYLIB_COMPATIBILITY_VERSION = 1;
				DYLIB_CURRENT_VERSION = 1;
				FRAMEWORK_VERSION = A;
				GCC_WARN_ABOUT_RETURN_TYPE = YES;
				INFOPLIST_FILE = "Resources/MinecraftKit-Info.plist";
				INSTALL_PATH = "@rpath";
				PRODUCT_NAME = JAMinecraftKit;
				USER_HEADER_SEARCH_PATHS = "$SRCROOT/**";
				WARNING_CFLAGS = (
					"-Wall",
					"-Wextra",
					"-Wno-unused-parameter",
					"-Wno-unused-function",
					"-Wno-missing-field-initializers",
				);
				WRAPPER_EXTENSION = framework;
			};
			name = Debug;
		};
		1AFE346813F930BF001A33D4 /* Release */ = {
			isa = XCBuildConfiguration;
			buildSettings = {
				CLANG_ENABLE_OBJC_ARC = YES;
				DYLIB_COMPATIBILITY_VERSION = 1;
				DYLIB_CURRENT_VERSION = 1;
				FRAMEWORK_VERSION = A;
				GCC_WARN_ABOUT_RETURN_TYPE = YES;
				INFOPLIST_FILE = "Resources/MinecraftKit-Info.plist";
				INSTALL_PATH = "@rpath";
				PRODUCT_NAME = JAMinecraftKit;
				USER_HEADER_SEARCH_PATHS = "$SRCROOT/**";
				WARNING_CFLAGS = (
					"-Wall",
					"-Wextra",
					"-Wno-unused-parameter",
					"-Wno-unused-function",
					"-Wno-missing-field-initializers",
				);
				WRAPPER_EXTENSION = framework;
			};
			name = Release;
		};
/* End XCBuildConfiguration section */

/* Begin XCConfigurationList section */
		1AFE344A13F930BF001A33D4 /* Build configuration list for PBXProject "MinecraftKit" */ = {
			isa = XCConfigurationList;
			buildConfigurations = (
				1AFE346413F930BF001A33D4 /* Debug */,
				1AFE346513F930BF001A33D4 /* Release */,
			);
			defaultConfigurationIsVisible = 0;
			defaultConfigurationName = Release;
		};
		1AFE346613F930BF001A33D4 /* Build configuration list for PBXNativeTarget "MinecraftKit" */ = {
			isa = XCConfigurationList;
			buildConfigurations = (
				1AFE346713F930BF001A33D4 /* Debug */,
				1AFE346813F930BF001A33D4 /* Release */,
			);
			defaultConfigurationIsVisible = 0;
			defaultConfigurationName = Release;
		};
/* End XCConfigurationList section */
	};
	rootObject = 1AFE344713F930BF001A33D4 /* Project object */;
}
