// !$*UTF8*$!
{
	archiveVersion = 1;
	classes = {
	};
	objectVersion = 45;
	objects = {

/* Begin PBXBuildFile section */
		1A52C8B712903870006E2D65 /* JAMinecraftBlockStore.m in Sources */ = {isa = PBXBuildFile; fileRef = 1A52C8B612903870006E2D65 /* JAMinecraftBlockStore.m */; };
		1A52CA6712933835006E2D65 /* JAValueToString.m in Sources */ = {isa = PBXBuildFile; fileRef = 1A52CA6612933835006E2D65 /* JAValueToString.m */; };
		1A54A7A9129B214500977657 /* JAHashEnumeration.m in Sources */ = {isa = PBXBuildFile; fileRef = 1A54A7A8129B214500977657 /* JAHashEnumeration.m */; };
		1A9FB1ED1281F88B003DD1C3 /* JAMinecraftTypes.m in Sources */ = {isa = PBXBuildFile; fileRef = 1A9FB1E31281F88B003DD1C3 /* JAMinecraftTypes.m */; };
		1A9FB21B1281F8E8003DD1C3 /* JANBTParser.m in Sources */ = {isa = PBXBuildFile; fileRef = 1A9FB2181281F8E8003DD1C3 /* JANBTParser.m */; };
		1A9FB21C1281F8E8003DD1C3 /* NSData+DDGZip.m in Sources */ = {isa = PBXBuildFile; fileRef = 1A9FB21A1281F8E8003DD1C3 /* NSData+DDGZip.m */; };
		1A9FB22A1281F913003DD1C3 /* libz.dylib in Frameworks */ = {isa = PBXBuildFile; fileRef = 1A9FB2291281F913003DD1C3 /* libz.dylib */; };
		1AAD77891288AE90001FB721 /* JAMinecraftSchematic.m in Sources */ = {isa = PBXBuildFile; fileRef = 1AAD77801288AE90001FB721 /* JAMinecraftSchematic.m */; };
		1AAD778A1288AE90001FB721 /* JAMinecraftSchematic+RDatIO.m in Sources */ = {isa = PBXBuildFile; fileRef = 1AAD77821288AE90001FB721 /* JAMinecraftSchematic+RDatIO.m */; };
		1AAD778C1288AE90001FB721 /* JAMinecraftSchematic+SchematicIO.m in Sources */ = {isa = PBXBuildFile; fileRef = 1AAD77861288AE90001FB721 /* JAMinecraftSchematic+SchematicIO.m */; };
		1AAD7959128B04C7001FB721 /* JAMinecraftBlockIDs.c in Sources */ = {isa = PBXBuildFile; fileRef = 1AAD7958128B04C7001FB721 /* JAMinecraftBlockIDs.c */; };
		8DD76F9A0486AA7600D96B5E /* mcxform.m in Sources */ = {isa = PBXBuildFile; fileRef = 08FB7796FE84155DC02AAC07 /* mcxform.m */; settings = {ATTRIBUTES = (); }; };
		8DD76F9C0486AA7600D96B5E /* Foundation.framework in Frameworks */ = {isa = PBXBuildFile; fileRef = 08FB779EFE84155DC02AAC07 /* Foundation.framework */; };
/* End PBXBuildFile section */

/* Begin PBXCopyFilesBuildPhase section */
		8DD76F9E0486AA7600D96B5E /* CopyFiles */ = {
			isa = PBXCopyFilesBuildPhase;
			buildActionMask = 8;
			dstPath = /usr/share/man/man1/;
			dstSubfolderSpec = 0;
			files = (
			);
			runOnlyForDeploymentPostprocessing = 1;
		};
/* End PBXCopyFilesBuildPhase section */

/* Begin PBXFileReference section */
		08FB7796FE84155DC02AAC07 /* mcxform.m */ = {isa = PBXFileReference; fileEncoding = 4; lastKnownFileType = sourcecode.c.objc; path = mcxform.m; sourceTree = "<group>"; };
		08FB779EFE84155DC02AAC07 /* Foundation.framework */ = {isa = PBXFileReference; lastKnownFileType = wrapper.framework; name = Foundation.framework; path = /System/Library/Frameworks/Foundation.framework; sourceTree = "<absolute>"; };
		1A52C8B512903870006E2D65 /* JAMinecraftBlockStore.h */ = {isa = PBXFileReference; fileEncoding = 4; lastKnownFileType = sourcecode.c.h; path = JAMinecraftBlockStore.h; sourceTree = "<group>"; };
		1A52C8B612903870006E2D65 /* JAMinecraftBlockStore.m */ = {isa = PBXFileReference; fileEncoding = 4; lastKnownFileType = sourcecode.c.objc; path = JAMinecraftBlockStore.m; sourceTree = "<group>"; };
		1A52CA6512933835006E2D65 /* JAValueToString.h */ = {isa = PBXFileReference; fileEncoding = 4; lastKnownFileType = sourcecode.c.h; path = JAValueToString.h; sourceTree = "<group>"; };
		1A52CA6612933835006E2D65 /* JAValueToString.m */ = {isa = PBXFileReference; fileEncoding = 4; lastKnownFileType = sourcecode.c.objc; path = JAValueToString.m; sourceTree = "<group>"; };
		1A54A7A7129B214500977657 /* JAHashEnumeration.h */ = {isa = PBXFileReference; fileEncoding = 4; lastKnownFileType = sourcecode.c.h; path = JAHashEnumeration.h; sourceTree = "<group>"; };
		1A54A7A8129B214500977657 /* JAHashEnumeration.m */ = {isa = PBXFileReference; fileEncoding = 4; lastKnownFileType = sourcecode.c.objc; path = JAHashEnumeration.m; sourceTree = "<group>"; };
		1A9FB1E11281F88B003DD1C3 /* JAMinecraftBlockIDs.h */ = {isa = PBXFileReference; fileEncoding = 4; lastKnownFileType = sourcecode.c.h; path = JAMinecraftBlockIDs.h; sourceTree = "<group>"; };
		1A9FB1E21281F88B003DD1C3 /* JAMinecraftTypes.h */ = {isa = PBXFileReference; fileEncoding = 4; lastKnownFileType = sourcecode.c.h; path = JAMinecraftTypes.h; sourceTree = "<group>"; };
		1A9FB1E31281F88B003DD1C3 /* JAMinecraftTypes.m */ = {isa = PBXFileReference; fileEncoding = 4; lastKnownFileType = sourcecode.c.objc; path = JAMinecraftTypes.m; sourceTree = "<group>"; };
		1A9FB2171281F8E8003DD1C3 /* JANBTParser.h */ = {isa = PBXFileReference; fileEncoding = 4; lastKnownFileType = sourcecode.c.h; path = JANBTParser.h; sourceTree = "<group>"; };
		1A9FB2181281F8E8003DD1C3 /* JANBTParser.m */ = {isa = PBXFileReference; fileEncoding = 4; lastKnownFileType = sourcecode.c.objc; path = JANBTParser.m; sourceTree = "<group>"; };
		1A9FB2191281F8E8003DD1C3 /* NSData+DDGZip.h */ = {isa = PBXFileReference; fileEncoding = 4; lastKnownFileType = sourcecode.c.h; path = "NSData+DDGZip.h"; sourceTree = "<group>"; };
		1A9FB21A1281F8E8003DD1C3 /* NSData+DDGZip.m */ = {isa = PBXFileReference; fileEncoding = 4; lastKnownFileType = sourcecode.c.objc; path = "NSData+DDGZip.m"; sourceTree = "<group>"; };
		1A9FB2291281F913003DD1C3 /* libz.dylib */ = {isa = PBXFileReference; lastKnownFileType = "compiled.mach-o.dylib"; name = libz.dylib; path = usr/lib/libz.dylib; sourceTree = SDKROOT; };
		1AAD777F1288AE90001FB721 /* JAMinecraftSchematic.h */ = {isa = PBXFileReference; fileEncoding = 4; lastKnownFileType = sourcecode.c.h; path = JAMinecraftSchematic.h; sourceTree = "<group>"; };
		1AAD77801288AE90001FB721 /* JAMinecraftSchematic.m */ = {isa = PBXFileReference; fileEncoding = 4; lastKnownFileType = sourcecode.c.objc; path = JAMinecraftSchematic.m; sourceTree = "<group>"; };
		1AAD77811288AE90001FB721 /* JAMinecraftSchematic+RDatIO.h */ = {isa = PBXFileReference; fileEncoding = 4; lastKnownFileType = sourcecode.c.h; path = "JAMinecraftSchematic+RDatIO.h"; sourceTree = "<group>"; };
		1AAD77821288AE90001FB721 /* JAMinecraftSchematic+RDatIO.m */ = {isa = PBXFileReference; fileEncoding = 4; lastKnownFileType = sourcecode.c.objc; path = "JAMinecraftSchematic+RDatIO.m"; sourceTree = "<group>"; };
		1AAD77851288AE90001FB721 /* JAMinecraftSchematic+SchematicIO.h */ = {isa = PBXFileReference; fileEncoding = 4; lastKnownFileType = sourcecode.c.h; path = "JAMinecraftSchematic+SchematicIO.h"; sourceTree = "<group>"; };
		1AAD77861288AE90001FB721 /* JAMinecraftSchematic+SchematicIO.m */ = {isa = PBXFileReference; fileEncoding = 4; lastKnownFileType = sourcecode.c.objc; path = "JAMinecraftSchematic+SchematicIO.m"; sourceTree = "<group>"; };
		1AAD78261288B93D001FB721 /* JAValueToString.h */ = {isa = PBXFileReference; fileEncoding = 4; lastKnownFileType = sourcecode.c.h; path = JAValueToString.h; sourceTree = "<group>"; };
		1AAD78271288B93D001FB721 /* JAValueToString.m */ = {isa = PBXFileReference; fileEncoding = 4; lastKnownFileType = sourcecode.c.objc; path = JAValueToString.m; sourceTree = "<group>"; };
		1AAD7958128B04C7001FB721 /* JAMinecraftBlockIDs.c */ = {isa = PBXFileReference; fileEncoding = 4; lastKnownFileType = sourcecode.c.c; path = JAMinecraftBlockIDs.c; sourceTree = "<group>"; };
		1AAD7B06128B2B34001FB721 /* README */ = {isa = PBXFileReference; fileEncoding = 4; lastKnownFileType = text; path = README; sourceTree = "<group>"; };
		32A70AAB03705E1F00C91783 /* mcxform_Prefix.pch */ = {isa = PBXFileReference; fileEncoding = 4; lastKnownFileType = sourcecode.c.h; path = mcxform_Prefix.pch; sourceTree = "<group>"; };
		8DD76FA10486AA7600D96B5E /* mcxform */ = {isa = PBXFileReference; explicitFileType = "compiled.mach-o.executable"; includeInIndex = 0; path = mcxform; sourceTree = BUILT_PRODUCTS_DIR; };
/* End PBXFileReference section */

/* Begin PBXFrameworksBuildPhase section */
		8DD76F9B0486AA7600D96B5E /* Frameworks */ = {
			isa = PBXFrameworksBuildPhase;
			buildActionMask = 2147483647;
			files = (
				8DD76F9C0486AA7600D96B5E /* Foundation.framework in Frameworks */,
				1A9FB22A1281F913003DD1C3 /* libz.dylib in Frameworks */,
			);
			runOnlyForDeploymentPostprocessing = 0;
		};
/* End PBXFrameworksBuildPhase section */

/* Begin PBXGroup section */
		08FB7794FE84155DC02AAC07 /* mcxform */ = {
			isa = PBXGroup;
			children = (
				1AAD7B06128B2B34001FB721 /* README */,
				08FB7795FE84155DC02AAC07 /* Source */,
				1A9FB1DE1281F88B003DD1C3 /* MinecraftKit */,
				08FB779DFE84155DC02AAC07 /* External Frameworks and Libraries */,
				1AB674ADFE9D54B511CA2CBB /* Products */,
				1A9FB2291281F913003DD1C3 /* libz.dylib */,
			);
			name = mcxform;
			sourceTree = "<group>";
		};
		08FB7795FE84155DC02AAC07 /* Source */ = {
			isa = PBXGroup;
			children = (
				32A70AAB03705E1F00C91783 /* mcxform_Prefix.pch */,
				08FB7796FE84155DC02AAC07 /* mcxform.m */,
			);
			path = Source;
			sourceTree = "<group>";
		};
		08FB779DFE84155DC02AAC07 /* External Frameworks and Libraries */ = {
			isa = PBXGroup;
			children = (
				08FB779EFE84155DC02AAC07 /* Foundation.framework */,
			);
			name = "External Frameworks and Libraries";
			sourceTree = "<group>";
		};
		1A9FB1DE1281F88B003DD1C3 /* MinecraftKit */ = {
			isa = PBXGroup;
			children = (
				1AAD78261288B93D001FB721 /* JAValueToString.h */,
				1AAD78271288B93D001FB721 /* JAValueToString.m */,
				1A52C8B512903870006E2D65 /* JAMinecraftBlockStore.h */,
				1A52C8B612903870006E2D65 /* JAMinecraftBlockStore.m */,
				1AAD777F1288AE90001FB721 /* JAMinecraftSchematic.h */,
				1AAD77801288AE90001FB721 /* JAMinecraftSchematic.m */,
				1AAD77811288AE90001FB721 /* JAMinecraftSchematic+RDatIO.h */,
				1AAD77821288AE90001FB721 /* JAMinecraftSchematic+RDatIO.m */,
				1AAD77851288AE90001FB721 /* JAMinecraftSchematic+SchematicIO.h */,
				1AAD77861288AE90001FB721 /* JAMinecraftSchematic+SchematicIO.m */,
				1A9FB1E11281F88B003DD1C3 /* JAMinecraftBlockIDs.h */,
				1AAD7958128B04C7001FB721 /* JAMinecraftBlockIDs.c */,
				1A9FB1E21281F88B003DD1C3 /* JAMinecraftTypes.h */,
				1A9FB1E31281F88B003DD1C3 /* JAMinecraftTypes.m */,
				1A9FB2171281F8E8003DD1C3 /* JANBTParser.h */,
				1A9FB2181281F8E8003DD1C3 /* JANBTParser.m */,
				1A9FB2191281F8E8003DD1C3 /* NSData+DDGZip.h */,
				1A9FB21A1281F8E8003DD1C3 /* NSData+DDGZip.m */,
				1A52CA6512933835006E2D65 /* JAValueToString.h */,
				1A52CA6612933835006E2D65 /* JAValueToString.m */,
				1A54A7A7129B214500977657 /* JAHashEnumeration.h */,
				1A54A7A8129B214500977657 /* JAHashEnumeration.m */,
			);
			name = MinecraftKit;
			path = ../MinecraftKit;
			sourceTree = SOURCE_ROOT;
		};
		1AB674ADFE9D54B511CA2CBB /* Products */ = {
			isa = PBXGroup;
			children = (
				8DD76FA10486AA7600D96B5E /* mcxform */,
			);
			name = Products;
			sourceTree = "<group>";
		};
/* End PBXGroup section */

/* Begin PBXNativeTarget section */
		8DD76F960486AA7600D96B5E /* mcxform */ = {
			isa = PBXNativeTarget;
			buildConfigurationList = 1DEB927408733DD40010E9CD /* Build configuration list for PBXNativeTarget "mcxform" */;
			buildPhases = (
				8DD76F990486AA7600D96B5E /* Sources */,
				8DD76F9B0486AA7600D96B5E /* Frameworks */,
				8DD76F9E0486AA7600D96B5E /* CopyFiles */,
			);
			buildRules = (
			);
			dependencies = (
			);
			name = mcxform;
			productInstallPath = "$(HOME)/bin";
			productName = mcxform;
			productReference = 8DD76FA10486AA7600D96B5E /* mcxform */;
			productType = "com.apple.product-type.tool";
		};
/* End PBXNativeTarget section */

/* Begin PBXProject section */
		08FB7793FE84155DC02AAC07 /* Project object */ = {
			isa = PBXProject;
			buildConfigurationList = 1DEB927808733DD40010E9CD /* Build configuration list for PBXProject "mcxform" */;
			compatibilityVersion = "Xcode 3.1";
			developmentRegion = English;
			hasScannedForEncodings = 1;
			knownRegions = (
				English,
				Japanese,
				French,
				German,
			);
			mainGroup = 08FB7794FE84155DC02AAC07 /* mcxform */;
			projectDirPath = "";
			projectRoot = "";
			targets = (
				8DD76F960486AA7600D96B5E /* mcxform */,
			);
		};
/* End PBXProject section */

/* Begin PBXSourcesBuildPhase section */
		8DD76F990486AA7600D96B5E /* Sources */ = {
			isa = PBXSourcesBuildPhase;
			buildActionMask = 2147483647;
			files = (
				8DD76F9A0486AA7600D96B5E /* mcxform.m in Sources */,
				1A9FB1ED1281F88B003DD1C3 /* JAMinecraftTypes.m in Sources */,
				1A9FB21B1281F8E8003DD1C3 /* JANBTParser.m in Sources */,
				1A9FB21C1281F8E8003DD1C3 /* NSData+DDGZip.m in Sources */,
				1AAD77891288AE90001FB721 /* JAMinecraftSchematic.m in Sources */,
				1AAD778A1288AE90001FB721 /* JAMinecraftSchematic+RDatIO.m in Sources */,
				1AAD778C1288AE90001FB721 /* JAMinecraftSchematic+SchematicIO.m in Sources */,
				1AAD7959128B04C7001FB721 /* JAMinecraftBlockIDs.c in Sources */,
				1A52C8B712903870006E2D65 /* JAMinecraftBlockStore.m in Sources */,
				1A52CA6712933835006E2D65 /* JAValueToString.m in Sources */,
				1A54A7A9129B214500977657 /* JAHashEnumeration.m in Sources */,
			);
			runOnlyForDeploymentPostprocessing = 0;
		};
/* End PBXSourcesBuildPhase section */

/* Begin XCBuildConfiguration section */
		1DEB927508733DD40010E9CD /* Debug */ = {
			isa = XCBuildConfiguration;
			buildSettings = {
				ALWAYS_SEARCH_USER_PATHS = NO;
				ARCHS = "$(ARCHS_STANDARD_64_BIT)";
				COPY_PHASE_STRIP = NO;
				GCC_DYNAMIC_NO_PIC = NO;
				GCC_ENABLE_FIX_AND_CONTINUE = YES;
				GCC_ENABLE_OBJC_GC = required;
				GCC_MODEL_TUNING = G5;
				GCC_OPTIMIZATION_LEVEL = 0;
				GCC_PREPROCESSOR_DEFINITIONS_NOT_USED_IN_PRECOMPS = (
					"DEBUG_MCSCHEMATIC=1",
					$VERSION_MACROS,
				);
				GCC_TREAT_WARNINGS_AS_ERRORS = YES;
				GCC_VERSION = com.apple.compilers.llvm.clang.1_0;
				INSTALL_PATH = /usr/local/bin;
				OTHER_CFLAGS = (
					"-Xclang",
					"-fobjc-nonfragile-abi2",
				);
				PRODUCT_NAME = mcxform;
				RUN_CLANG_STATIC_ANALYZER = YES;
				VERSION_MACROS = "VERSION_STRING=\"\\\"0.3\\\"\"";
			};
			name = Debug;
		};
		1DEB927608733DD40010E9CD /* Release */ = {
			isa = XCBuildConfiguration;
			buildSettings = {
				ALWAYS_SEARCH_USER_PATHS = NO;
				ARCHS = "$(ARCHS_STANDARD_64_BIT)";
				DEAD_CODE_STRIPPING = YES;
				DEBUG_INFORMATION_FORMAT = "dwarf-with-dsym";
				GCC_ENABLE_OBJC_GC = required;
				GCC_PREPROCESSOR_DEFINITIONS = (
					NS_BLOCK_ASSERTIONS,
					NDEBUG,
				);
				GCC_PREPROCESSOR_DEFINITIONS_NOT_USED_IN_PRECOMPS = (
					"DEBUG_MCSCHEMATIC=0",
					$VERSION_MACROS,
				);
				GCC_TREAT_WARNINGS_AS_ERRORS = YES;
				GCC_VERSION = com.apple.compilers.llvm.clang.1_0;
				INSTALL_PATH = /usr/local/bin;
				OTHER_CFLAGS = (
					"-Xclang",
					"-fobjc-nonfragile-abi2",
				);
				PRODUCT_NAME = mcxform;
				RUN_CLANG_STATIC_ANALYZER = YES;
				VERSION_MACROS = "VERSION_STRING=\"\\\"0.3\\\"\"";
				WARNING_CFLAGS = (
					"-Wall",
					"-Wextra",
					"-Wno-unused-parameter",
					"-Wno-unused-function",
					"-Wno-missing-field-initializers",
				);
			};
			name = Release;
		};
		1DEB927908733DD40010E9CD /* Debug */ = {
			isa = XCBuildConfiguration;
			buildSettings = {
				ARCHS = "$(ARCHS_STANDARD_32_64_BIT)";
				GCC_C_LANGUAGE_STANDARD = gnu99;
				GCC_OPTIMIZATION_LEVEL = 0;
				GCC_WARN_ABOUT_RETURN_TYPE = YES;
				GCC_WARN_UNUSED_VARIABLE = YES;
				ONLY_ACTIVE_ARCH = YES;
				PREBINDING = NO;
				SDKROOT = macosx10.6;
			};
			name = Debug;
		};
		1DEB927A08733DD40010E9CD /* Release */ = {
			isa = XCBuildConfiguration;
			buildSettings = {
				ARCHS = "$(ARCHS_STANDARD_32_64_BIT)";
				GCC_C_LANGUAGE_STANDARD = gnu99;
				GCC_WARN_ABOUT_RETURN_TYPE = YES;
				GCC_WARN_UNUSED_VARIABLE = YES;
				PREBINDING = NO;
				SDKROOT = macosx10.6;
			};
			name = Release;
		};
/* End XCBuildConfiguration section */

/* Begin XCConfigurationList section */
		1DEB927408733DD40010E9CD /* Build configuration list for PBXNativeTarget "mcxform" */ = {
			isa = XCConfigurationList;
			buildConfigurations = (
				1DEB927508733DD40010E9CD /* Debug */,
				1DEB927608733DD40010E9CD /* Release */,
			);
			defaultConfigurationIsVisible = 0;
			defaultConfigurationName = Release;
		};
		1DEB927808733DD40010E9CD /* Build configuration list for PBXProject "mcxform" */ = {
			isa = XCConfigurationList;
			buildConfigurations = (
				1DEB927908733DD40010E9CD /* Debug */,
				1DEB927A08733DD40010E9CD /* Release */,
			);
			defaultConfigurationIsVisible = 0;
			defaultConfigurationName = Release;
		};
/* End XCConfigurationList section */
	};
	rootObject = 08FB7793FE84155DC02AAC07 /* Project object */;
}
