// !$*UTF8*$!
{
	archiveVersion = 1;
	classes = {
	};
	objectVersion = 47;
	objects = {

/* Begin PBXBuildFile section */
		1A164C5014894BA20079962D /* JAPrintf.m in Sources */ = {isa = PBXBuildFile; fileRef = 1A164C4F14894BA20079962D /* JAPrintf.m */; };
		1ADC07051DB2585900C51535 /* libJANBTSerialization.a in Frameworks */ = {isa = PBXBuildFile; fileRef = 1ADC07041DB2584B00C51535 /* libJANBTSerialization.a */; };
		1ADC070A1DB2587800C51535 /* libz.tbd in Frameworks */ = {isa = PBXBuildFile; fileRef = 1ADC07091DB2587800C51535 /* libz.tbd */; };
		8DD76F9A0486AA7600D96B5E /* nbtparser.m in Sources */ = {isa = PBXBuildFile; fileRef = 08FB7796FE84155DC02AAC07 /* nbtparser.m */; settings = {ATTRIBUTES = (); }; };
		8DD76F9C0486AA7600D96B5E /* Foundation.framework in Frameworks */ = {isa = PBXBuildFile; fileRef = 08FB779EFE84155DC02AAC07 /* Foundation.framework */; };
/* End PBXBuildFile section */

/* Begin PBXContainerItemProxy section */
		1ADC07031DB2584B00C51535 /* PBXContainerItemProxy */ = {
			isa = PBXContainerItemProxy;
			containerPortal = 1ADC06FF1DB2584B00C51535 /* JANBTSerialization.xcodeproj */;
			proxyType = 2;
			remoteGlobalIDString = 1A87F4491DB24F0500AAFD2E;
			remoteInfo = JANBTSerialization;
		};
		1ADC07061DB2585D00C51535 /* PBXContainerItemProxy */ = {
			isa = PBXContainerItemProxy;
			containerPortal = 1ADC06FF1DB2584B00C51535 /* JANBTSerialization.xcodeproj */;
			proxyType = 1;
			remoteGlobalIDString = 1A87F4481DB24F0500AAFD2E;
			remoteInfo = JANBTSerialization;
		};
/* End PBXContainerItemProxy section */

/* Begin PBXCopyFilesBuildPhase section */
		8DD76F9E0486AA7600D96B5E /* CopyFiles */ = {
			isa = PBXCopyFilesBuildPhase;
			buildActionMask = 8;
			dstPath = /usr/share/man/man1/;
			dstSubfolderSpec = 0;
			files = (
			);
			runOnlyForDeploymentPostprocessing = 1;
		};
/* End PBXCopyFilesBuildPhase section */

/* Begin PBXFileReference section */
		08FB7796FE84155DC02AAC07 /* nbtparser.m */ = {isa = PBXFileReference; fileEncoding = 4; lastKnownFileType = sourcecode.c.objc; path = nbtparser.m; sourceTree = "<group>"; };
		08FB779EFE84155DC02AAC07 /* Foundation.framework */ = {isa = PBXFileReference; lastKnownFileType = wrapper.framework; name = Foundation.framework; path = /System/Library/Frameworks/Foundation.framework; sourceTree = "<absolute>"; };
		1A164C4E14894BA20079962D /* JAPrintf.h */ = {isa = PBXFileReference; fileEncoding = 4; lastKnownFileType = sourcecode.c.h; path = JAPrintf.h; sourceTree = "<group>"; };
		1A164C4F14894BA20079962D /* JAPrintf.m */ = {isa = PBXFileReference; fileEncoding = 4; lastKnownFileType = sourcecode.c.objc; path = JAPrintf.m; sourceTree = "<group>"; };
		1ADC06FF1DB2584B00C51535 /* JANBTSerialization.xcodeproj */ = {isa = PBXFileReference; lastKnownFileType = "wrapper.pb-project"; name = JANBTSerialization.xcodeproj; path = /Users/jayton/Programming/Projects/MinecraftTools/MinecraftKit/../JANBTSerialization/JANBTSerialization.xcodeproj; sourceTree = "<absolute>"; };
		1ADC07091DB2587800C51535 /* libz.tbd */ = {isa = PBXFileReference; lastKnownFileType = "sourcecode.text-based-dylib-definition"; name = libz.tbd; path = usr/lib/libz.tbd; sourceTree = SDKROOT; };
		1AE8E951145A065C000ED823 /* shared.xcconfig */ = {isa = PBXFileReference; fileEncoding = 4; lastKnownFileType = text.xcconfig; name = shared.xcconfig; path = ../../MinecraftKit/shared.xcconfig; sourceTree = "<group>"; };
		32A70AAB03705E1F00C91783 /* nbtparser_Prefix.pch */ = {isa = PBXFileReference; fileEncoding = 4; lastKnownFileType = sourcecode.c.h; path = nbtparser_Prefix.pch; sourceTree = "<group>"; };
		8DD76FA10486AA7600D96B5E /* nbtparser */ = {isa = PBXFileReference; explicitFileType = "compiled.mach-o.executable"; includeInIndex = 0; path = nbtparser; sourceTree = BUILT_PRODUCTS_DIR; };
/* End PBXFileReference section */

/* Begin PBXFrameworksBuildPhase section */
		8DD76F9B0486AA7600D96B5E /* Frameworks */ = {
			isa = PBXFrameworksBuildPhase;
			buildActionMask = 2147483647;
			files = (
				1ADC070A1DB2587800C51535 /* libz.tbd in Frameworks */,
				1ADC07051DB2585900C51535 /* libJANBTSerialization.a in Frameworks */,
				8DD76F9C0486AA7600D96B5E /* Foundation.framework in Frameworks */,
			);
			runOnlyForDeploymentPostprocessing = 0;
		};
/* End PBXFrameworksBuildPhase section */

/* Begin PBXGroup section */
		08FB7794FE84155DC02AAC07 /* nbtparser */ = {
			isa = PBXGroup;
			children = (
				1AE8E951145A065C000ED823 /* shared.xcconfig */,
				08FB7795FE84155DC02AAC07 /* Source */,
				08FB779DFE84155DC02AAC07 /* External Frameworks and Libraries */,
				1AB674ADFE9D54B511CA2CBB /* Products */,
				1ADC07081DB2587800C51535 /* Frameworks */,
			);
			name = nbtparser;
			sourceTree = "<group>";
			usesTabs = 1;
		};
		08FB7795FE84155DC02AAC07 /* Source */ = {
			isa = PBXGroup;
			children = (
				32A70AAB03705E1F00C91783 /* nbtparser_Prefix.pch */,
				08FB7796FE84155DC02AAC07 /* nbtparser.m */,
				1A47BB3D1DB253CB0033C53A /* Shared */,
			);
			name = Source;
			sourceTree = "<group>";
		};
		08FB779DFE84155DC02AAC07 /* External Frameworks and Libraries */ = {
			isa = PBXGroup;
			children = (
				08FB779EFE84155DC02AAC07 /* Foundation.framework */,
				1ADC06FF1DB2584B00C51535 /* JANBTSerialization.xcodeproj */,
			);
			name = "External Frameworks and Libraries";
			sourceTree = "<group>";
		};
		1A47BB3D1DB253CB0033C53A /* Shared */ = {
			isa = PBXGroup;
			children = (
				1A164C4E14894BA20079962D /* JAPrintf.h */,
				1A164C4F14894BA20079962D /* JAPrintf.m */,
			);
			name = Shared;
			path = ../../Shared;
			sourceTree = "<group>";
		};
		1AB674ADFE9D54B511CA2CBB /* Products */ = {
			isa = PBXGroup;
			children = (
				8DD76FA10486AA7600D96B5E /* nbtparser */,
			);
			name = Products;
			sourceTree = "<group>";
		};
		1ADC07001DB2584B00C51535 /* Products */ = {
			isa = PBXGroup;
			children = (
				1ADC07041DB2584B00C51535 /* libJANBTSerialization.a */,
			);
			name = Products;
			sourceTree = "<group>";
		};
		1ADC07081DB2587800C51535 /* Frameworks */ = {
			isa = PBXGroup;
			children = (
				1ADC07091DB2587800C51535 /* libz.tbd */,
			);
			name = Frameworks;
			sourceTree = "<group>";
		};
/* End PBXGroup section */

/* Begin PBXNativeTarget section */
		8DD76F960486AA7600D96B5E /* nbtparser */ = {
			isa = PBXNativeTarget;
			buildConfigurationList = 1DEB927408733DD40010E9CD /* Build configuration list for PBXNativeTarget "nbtparser" */;
			buildPhases = (
				8DD76F990486AA7600D96B5E /* Sources */,
				8DD76F9B0486AA7600D96B5E /* Frameworks */,
				8DD76F9E0486AA7600D96B5E /* CopyFiles */,
			);
			buildRules = (
			);
			dependencies = (
				1ADC07071DB2585D00C51535 /* PBXTargetDependency */,
			);
			name = nbtparser;
			productInstallPath = "$(HOME)/bin";
			productName = nbtparser;
			productReference = 8DD76FA10486AA7600D96B5E /* nbtparser */;
			productType = "com.apple.product-type.tool";
		};
/* End PBXNativeTarget section */

/* Begin PBXProject section */
		08FB7793FE84155DC02AAC07 /* Project object */ = {
			isa = PBXProject;
			attributes = {
				LastUpgradeCheck = 0800;
			};
			buildConfigurationList = 1DEB927808733DD40010E9CD /* Build configuration list for PBXProject "nbtparser" */;
			compatibilityVersion = "Xcode 6.3";
			developmentRegion = English;
			hasScannedForEncodings = 1;
			knownRegions = (
				English,
				Japanese,
				French,
				German,
			);
			mainGroup = 08FB7794FE84155DC02AAC07 /* nbtparser */;
			projectDirPath = "";
			projectReferences = (
				{
					ProductGroup = 1ADC07001DB2584B00C51535 /* Products */;
					ProjectRef = 1ADC06FF1DB2584B00C51535 /* JANBTSerialization.xcodeproj */;
				},
			);
			projectRoot = "";
			targets = (
				8DD76F960486AA7600D96B5E /* nbtparser */,
			);
		};
/* End PBXProject section */

/* Begin PBXReferenceProxy section */
		1ADC07041DB2584B00C51535 /* libJANBTSerialization.a */ = {
			isa = PBXReferenceProxy;
			fileType = archive.ar;
			path = libJANBTSerialization.a;
			remoteRef = 1ADC07031DB2584B00C51535 /* PBXContainerItemProxy */;
			sourceTree = BUILT_PRODUCTS_DIR;
		};
/* End PBXReferenceProxy section */

/* Begin PBXSourcesBuildPhase section */
		8DD76F990486AA7600D96B5E /* Sources */ = {
			isa = PBXSourcesBuildPhase;
			buildActionMask = 2147483647;
			files = (
				8DD76F9A0486AA7600D96B5E /* nbtparser.m in Sources */,
				1A164C5014894BA20079962D /* JAPrintf.m in Sources */,
			);
			runOnlyForDeploymentPostprocessing = 0;
		};
/* End PBXSourcesBuildPhase section */

/* Begin PBXTargetDependency section */
		1ADC07071DB2585D00C51535 /* PBXTargetDependency */ = {
			isa = PBXTargetDependency;
			name = JANBTSerialization;
			targetProxy = 1ADC07061DB2585D00C51535 /* PBXContainerItemProxy */;
		};
/* End PBXTargetDependency section */

/* Begin XCBuildConfiguration section */
		1DEB927508733DD40010E9CD /* Debug */ = {
			isa = XCBuildConfiguration;
			buildSettings = {
				COPY_PHASE_STRIP = NO;
				GCC_OPTIMIZATION_LEVEL = 0;
				GCC_PRECOMPILE_PREFIX_HEADER = YES;
				GCC_PREFIX_HEADER = nbtparser_Prefix.pch;
				HEADER_SEARCH_PATHS = (
					$inherited,
					../..,
				);
				OTHER_LDFLAGS = "-ObjC";
				PRODUCT_NAME = nbtparser;
			};
			name = Debug;
		};
		1DEB927608733DD40010E9CD /* Release */ = {
			isa = XCBuildConfiguration;
			buildSettings = {
				DEBUG_INFORMATION_FORMAT = "dwarf-with-dsym";
				GCC_PRECOMPILE_PREFIX_HEADER = YES;
				GCC_PREFIX_HEADER = nbtparser_Prefix.pch;
				HEADER_SEARCH_PATHS = (
					$inherited,
					../..,
				);
				OTHER_LDFLAGS = "-ObjC";
				PRODUCT_NAME = nbtparser;
			};
			name = Release;
		};
		1DEB927908733DD40010E9CD /* Debug */ = {
			isa = XCBuildConfiguration;
			baseConfigurationReference = 1AE8E951145A065C000ED823 /* shared.xcconfig */;
			buildSettings = {
				CLANG_ANALYZER_LOCALIZABILITY_NONLOCALIZED = YES;
				CLANG_WARN_BOOL_CONVERSION = YES;
				CLANG_WARN_CONSTANT_CONVERSION = YES;
				CLANG_WARN_EMPTY_BODY = YES;
				CLANG_WARN_ENUM_CONVERSION = YES;
				CLANG_WARN_INFINITE_RECURSION = YES;
				CLANG_WARN_INT_CONVERSION = YES;
				CLANG_WARN_SUSPICIOUS_MOVE = YES;
				CLANG_WARN_UNREACHABLE_CODE = YES;
				CLANG_WARN__DUPLICATE_METHOD_MATCH = YES;
				ENABLE_STRICT_OBJC_MSGSEND = YES;
				ENABLE_TESTABILITY = YES;
				GCC_NO_COMMON_BLOCKS = YES;
				GCC_OPTIMIZATION_LEVEL = 0;
				GCC_WARN_64_TO_32_BIT_CONVERSION = YES;
				GCC_WARN_ABOUT_RETURN_TYPE = YES;
				GCC_WARN_UNDECLARED_SELECTOR = YES;
				GCC_WARN_UNINITIALIZED_AUTOS = YES;
				GCC_WARN_UNUSED_FUNCTION = YES;
				GCC_WARN_UNUSED_VARIABLE = YES;
				MCKIT_ROOT = ../..;
				ONLY_ACTIVE_ARCH = YES;
				SYMROOT = ../../build;
			};
			name = Debug;
		};
		1DEB927A08733DD40010E9CD /* Release */ = {
			isa = XCBuildConfiguration;
			baseConfigurationReference = 1AE8E951145A065C000ED823 /* shared.xcconfig */;
			buildSettings = {
				CLANG_ANALYZER_LOCALIZABILITY_NONLOCALIZED = YES;
				CLANG_WARN_BOOL_CONVERSION = YES;
				CLANG_WARN_CONSTANT_CONVERSION = YES;
				CLANG_WARN_EMPTY_BODY = YES;
				CLANG_WARN_ENUM_CONVERSION = YES;
				CLANG_WARN_INFINITE_RECURSION = YES;
				CLANG_WARN_INT_CONVERSION = YES;
				CLANG_WARN_SUSPICIOUS_MOVE = YES;
				CLANG_WARN_UNREACHABLE_CODE = YES;
				CLANG_WARN__DUPLICATE_METHOD_MATCH = YES;
				ENABLE_STRICT_OBJC_MSGSEND = YES;
				GCC_NO_COMMON_BLOCKS = YES;
				GCC_WARN_64_TO_32_BIT_CONVERSION = YES;
				GCC_WARN_ABOUT_RETURN_TYPE = YES;
				GCC_WARN_UNDECLARED_SELECTOR = YES;
				GCC_WARN_UNINITIALIZED_AUTOS = YES;
				GCC_WARN_UNUSED_FUNCTION = YES;
				GCC_WARN_UNUSED_VARIABLE = YES;
				MCKIT_ROOT = ../..;
				SYMROOT = ../../build;
			};
			name = Release;
		};
/* End XCBuildConfiguration section */

/* Begin XCConfigurationList section */
		1DEB927408733DD40010E9CD /* Build configuration list for PBXNativeTarget "nbtparser" */ = {
			isa = XCConfigurationList;
			buildConfigurations = (
				1DEB927508733DD40010E9CD /* Debug */,
				1DEB927608733DD40010E9CD /* Release */,
			);
			defaultConfigurationIsVisible = 0;
			defaultConfigurationName = Release;
		};
		1DEB927808733DD40010E9CD /* Build configuration list for PBXProject "nbtparser" */ = {
			isa = XCConfigurationList;
			buildConfigurations = (
				1DEB927908733DD40010E9CD /* Debug */,
				1DEB927A08733DD40010E9CD /* Release */,
			);
			defaultConfigurationIsVisible = 0;
			defaultConfigurationName = Release;
		};
/* End XCConfigurationList section */
	};
	rootObject = 08FB7793FE84155DC02AAC07 /* Project object */;
}
