// !$*UTF8*$!
{
	archiveVersion = 1;
	classes = {
	};
	objectVersion = 45;
	objects = {

/* Begin PBXBuildFile section */
		1A52C349128F710B006E2D65 /* JAMinecraftBlockIDs.c in Sources */ = {isa = PBXBuildFile; fileRef = 1A52C329128F710B006E2D65 /* JAMinecraftBlockIDs.c */; };
		1A52C34A128F710B006E2D65 /* JAMinecraftGridView.m in Sources */ = {isa = PBXBuildFile; fileRef = 1A52C32C128F710B006E2D65 /* JAMinecraftGridView.m */; };
		1A52C34B128F710B006E2D65 /* JAMinecraftSchematic+RDatIO.m in Sources */ = {isa = PBXBuildFile; fileRef = 1A52C32E128F710B006E2D65 /* JAMinecraftSchematic+RDatIO.m */; };
		1A52C34C128F710B006E2D65 /* JAMinecraftBlockStore+RedstoneHelpers.m in Sources */ = {isa = PBXBuildFile; fileRef = 1A52C330128F710B006E2D65 /* JAMinecraftBlockStore+RedstoneHelpers.m */; };
		1A52C34D128F710B006E2D65 /* JAMinecraftSchematic+SchematicIO.m in Sources */ = {isa = PBXBuildFile; fileRef = 1A52C332128F710B006E2D65 /* JAMinecraftSchematic+SchematicIO.m */; };
		1A52C34E128F710B006E2D65 /* JAMinecraftSchematic.m in Sources */ = {isa = PBXBuildFile; fileRef = 1A52C334128F710B006E2D65 /* JAMinecraftSchematic.m */; };
		1A52C350128F710B006E2D65 /* JAMinecraftTypes.m in Sources */ = {isa = PBXBuildFile; fileRef = 1A52C338128F710B006E2D65 /* JAMinecraftTypes.m */; };
		1A52C351128F710B006E2D65 /* JANBTParser.m in Sources */ = {isa = PBXBuildFile; fileRef = 1A52C33A128F710B006E2D65 /* JANBTParser.m */; };
		1A52C352128F710B006E2D65 /* JAValueToString.m in Sources */ = {isa = PBXBuildFile; fileRef = 1A52C33C128F710B006E2D65 /* JAValueToString.m */; };
		1A52C355128F710B006E2D65 /* NSData+DDGZip.m in Sources */ = {isa = PBXBuildFile; fileRef = 1A52C345128F710B006E2D65 /* NSData+DDGZip.m */; };
		1A52C369128F7144006E2D65 /* IsKeyDown.c in Sources */ = {isa = PBXBuildFile; fileRef = 1A52C367128F7144006E2D65 /* IsKeyDown.c */; };
		1A52C37B128F71A4006E2D65 /* libz.dylib in Frameworks */ = {isa = PBXBuildFile; fileRef = 1A52C37A128F71A4006E2D65 /* libz.dylib */; };
		1A52C380128F71B1006E2D65 /* Carbon.framework in Frameworks */ = {isa = PBXBuildFile; fileRef = 1A52C37F128F71B1006E2D65 /* Carbon.framework */; };
		1A52C43F128F71D8006E2D65 /* JASchematicViewerView.m in Sources */ = {isa = PBXBuildFile; fileRef = 1A52C43E128F71D8006E2D65 /* JASchematicViewerView.m */; };
		1A52C456128F7574006E2D65 /* ColorTable.plist in Resources */ = {isa = PBXBuildFile; fileRef = 1A52C455128F7574006E2D65 /* ColorTable.plist */; };
		1A52C5F2128FF602006E2D65 /* README in Resources */ = {isa = PBXBuildFile; fileRef = 1A52C5F1128FF602006E2D65 /* README */; };
		1A52C87B129036CF006E2D65 /* JAMinecraftBlockStore.m in Sources */ = {isa = PBXBuildFile; fileRef = 1A52C87A129036CF006E2D65 /* JAMinecraftBlockStore.m */; };
		1DDD582C0DA1D0D100B32029 /* MyDocument.xib in Resources */ = {isa = PBXBuildFile; fileRef = 1DDD58280DA1D0D100B32029 /* MyDocument.xib */; };
		1DDD582D0DA1D0D100B32029 /* MainMenu.xib in Resources */ = {isa = PBXBuildFile; fileRef = 1DDD582A0DA1D0D100B32029 /* MainMenu.xib */; };
		8D15AC2C0486D014006FF6A4 /* Credits.rtf in Resources */ = {isa = PBXBuildFile; fileRef = 2A37F4B9FDCFA73011CA2CEA /* Credits.rtf */; };
		8D15AC2F0486D014006FF6A4 /* InfoPlist.strings in Resources */ = {isa = PBXBuildFile; fileRef = 089C165FFE840EACC02AAC07 /* InfoPlist.strings */; };
		8D15AC310486D014006FF6A4 /* MyDocument.m in Sources */ = {isa = PBXBuildFile; fileRef = 2A37F4ACFDCFA73011CA2CEA /* MyDocument.m */; settings = {ATTRIBUTES = (); }; };
		8D15AC320486D014006FF6A4 /* main.m in Sources */ = {isa = PBXBuildFile; fileRef = 2A37F4B0FDCFA73011CA2CEA /* main.m */; settings = {ATTRIBUTES = (); }; };
		8D15AC340486D014006FF6A4 /* Cocoa.framework in Frameworks */ = {isa = PBXBuildFile; fileRef = 1058C7A7FEA54F5311CA2CBB /* Cocoa.framework */; };
/* End PBXBuildFile section */

/* Begin PBXFileReference section */
		089C1660FE840EACC02AAC07 /* English */ = {isa = PBXFileReference; fileEncoding = 4; lastKnownFileType = text.plist.strings; name = English; path = English.lproj/InfoPlist.strings; sourceTree = "<group>"; };
		1058C7A7FEA54F5311CA2CBB /* Cocoa.framework */ = {isa = PBXFileReference; lastKnownFileType = wrapper.framework; name = Cocoa.framework; path = /System/Library/Frameworks/Cocoa.framework; sourceTree = "<absolute>"; };
		13E42FBA07B3F13500E4EEF1 /* CoreData.framework */ = {isa = PBXFileReference; lastKnownFileType = wrapper.framework; name = CoreData.framework; path = /System/Library/Frameworks/CoreData.framework; sourceTree = "<absolute>"; };
		1A52C329128F710B006E2D65 /* JAMinecraftBlockIDs.c */ = {isa = PBXFileReference; fileEncoding = 4; lastKnownFileType = sourcecode.c.c; path = JAMinecraftBlockIDs.c; sourceTree = "<group>"; };
		1A52C32A128F710B006E2D65 /* JAMinecraftBlockIDs.h */ = {isa = PBXFileReference; fileEncoding = 4; lastKnownFileType = sourcecode.c.h; path = JAMinecraftBlockIDs.h; sourceTree = "<group>"; };
		1A52C32B128F710B006E2D65 /* JAMinecraftGridView.h */ = {isa = PBXFileReference; fileEncoding = 4; lastKnownFileType = sourcecode.c.h; path = JAMinecraftGridView.h; sourceTree = "<group>"; };
		1A52C32C128F710B006E2D65 /* JAMinecraftGridView.m */ = {isa = PBXFileReference; fileEncoding = 4; lastKnownFileType = sourcecode.c.objc; path = JAMinecraftGridView.m; sourceTree = "<group>"; };
		1A52C32D128F710B006E2D65 /* JAMinecraftSchematic+RDatIO.h */ = {isa = PBXFileReference; fileEncoding = 4; lastKnownFileType = sourcecode.c.h; path = "JAMinecraftSchematic+RDatIO.h"; sourceTree = "<group>"; };
		1A52C32E128F710B006E2D65 /* JAMinecraftSchematic+RDatIO.m */ = {isa = PBXFileReference; fileEncoding = 4; lastKnownFileType = sourcecode.c.objc; path = "JAMinecraftSchematic+RDatIO.m"; sourceTree = "<group>"; };
		1A52C32F128F710B006E2D65 /* JAMinecraftBlockStore+RedstoneHelpers.h */ = {isa = PBXFileReference; fileEncoding = 4; lastKnownFileType = sourcecode.c.h; path = "JAMinecraftBlockStore+RedstoneHelpers.h"; sourceTree = "<group>"; };
		1A52C330128F710B006E2D65 /* JAMinecraftBlockStore+RedstoneHelpers.m */ = {isa = PBXFileReference; fileEncoding = 4; lastKnownFileType = sourcecode.c.objc; path = "JAMinecraftBlockStore+RedstoneHelpers.m"; sourceTree = "<group>"; };
		1A52C331128F710B006E2D65 /* JAMinecraftSchematic+SchematicIO.h */ = {isa = PBXFileReference; fileEncoding = 4; lastKnownFileType = sourcecode.c.h; path = "JAMinecraftSchematic+SchematicIO.h"; sourceTree = "<group>"; };
		1A52C332128F710B006E2D65 /* JAMinecraftSchematic+SchematicIO.m */ = {isa = PBXFileReference; fileEncoding = 4; lastKnownFileType = sourcecode.c.objc; path = "JAMinecraftSchematic+SchematicIO.m"; sourceTree = "<group>"; };
		1A52C333128F710B006E2D65 /* JAMinecraftSchematic.h */ = {isa = PBXFileReference; fileEncoding = 4; lastKnownFileType = sourcecode.c.h; path = JAMinecraftSchematic.h; sourceTree = "<group>"; };
		1A52C334128F710B006E2D65 /* JAMinecraftSchematic.m */ = {isa = PBXFileReference; fileEncoding = 4; lastKnownFileType = sourcecode.c.objc; path = JAMinecraftSchematic.m; sourceTree = "<group>"; };
		1A52C337128F710B006E2D65 /* JAMinecraftTypes.h */ = {isa = PBXFileReference; fileEncoding = 4; lastKnownFileType = sourcecode.c.h; path = JAMinecraftTypes.h; sourceTree = "<group>"; };
		1A52C338128F710B006E2D65 /* JAMinecraftTypes.m */ = {isa = PBXFileReference; fileEncoding = 4; lastKnownFileType = sourcecode.c.objc; path = JAMinecraftTypes.m; sourceTree = "<group>"; };
		1A52C339128F710B006E2D65 /* JANBTParser.h */ = {isa = PBXFileReference; fileEncoding = 4; lastKnownFileType = sourcecode.c.h; path = JANBTParser.h; sourceTree = "<group>"; };
		1A52C33A128F710B006E2D65 /* JANBTParser.m */ = {isa = PBXFileReference; fileEncoding = 4; lastKnownFileType = sourcecode.c.objc; path = JANBTParser.m; sourceTree = "<group>"; };
		1A52C33B128F710B006E2D65 /* JAValueToString.h */ = {isa = PBXFileReference; fileEncoding = 4; lastKnownFileType = sourcecode.c.h; path = JAValueToString.h; sourceTree = "<group>"; };
		1A52C33C128F710B006E2D65 /* JAValueToString.m */ = {isa = PBXFileReference; fileEncoding = 4; lastKnownFileType = sourcecode.c.objc; path = JAValueToString.m; sourceTree = "<group>"; };
		1A52C344128F710B006E2D65 /* NSData+DDGZip.h */ = {isa = PBXFileReference; fileEncoding = 4; lastKnownFileType = sourcecode.c.h; path = "NSData+DDGZip.h"; sourceTree = "<group>"; };
		1A52C345128F710B006E2D65 /* NSData+DDGZip.m */ = {isa = PBXFileReference; fileEncoding = 4; lastKnownFileType = sourcecode.c.objc; path = "NSData+DDGZip.m"; sourceTree = "<group>"; };
		1A52C367128F7144006E2D65 /* IsKeyDown.c */ = {isa = PBXFileReference; fileEncoding = 4; lastKnownFileType = sourcecode.c.c; path = IsKeyDown.c; sourceTree = "<group>"; };
		1A52C368128F7144006E2D65 /* IsKeyDown.h */ = {isa = PBXFileReference; fileEncoding = 4; lastKnownFileType = sourcecode.c.h; path = IsKeyDown.h; sourceTree = "<group>"; };
		1A52C37A128F71A4006E2D65 /* libz.dylib */ = {isa = PBXFileReference; lastKnownFileType = "compiled.mach-o.dylib"; name = libz.dylib; path = usr/lib/libz.dylib; sourceTree = SDKROOT; };
		1A52C37F128F71B1006E2D65 /* Carbon.framework */ = {isa = PBXFileReference; lastKnownFileType = wrapper.framework; name = Carbon.framework; path = System/Library/Frameworks/Carbon.framework; sourceTree = SDKROOT; };
		1A52C43D128F71D8006E2D65 /* JASchematicViewerView.h */ = {isa = PBXFileReference; fileEncoding = 4; lastKnownFileType = sourcecode.c.h; path = JASchematicViewerView.h; sourceTree = "<group>"; };
		1A52C43E128F71D8006E2D65 /* JASchematicViewerView.m */ = {isa = PBXFileReference; fileEncoding = 4; lastKnownFileType = sourcecode.c.objc; path = JASchematicViewerView.m; sourceTree = "<group>"; };
		1A52C455128F7574006E2D65 /* ColorTable.plist */ = {isa = PBXFileReference; explicitFileType = text.plist; fileEncoding = 4; path = ColorTable.plist; sourceTree = "<group>"; };
		1A52C5F1128FF602006E2D65 /* README */ = {isa = PBXFileReference; fileEncoding = 4; lastKnownFileType = text; path = README; sourceTree = "<group>"; };
		1A52C879129036CF006E2D65 /* JAMinecraftBlockStore.h */ = {isa = PBXFileReference; fileEncoding = 4; lastKnownFileType = sourcecode.c.h; path = JAMinecraftBlockStore.h; sourceTree = "<group>"; };
		1A52C87A129036CF006E2D65 /* JAMinecraftBlockStore.m */ = {isa = PBXFileReference; fileEncoding = 4; lastKnownFileType = sourcecode.c.objc; path = JAMinecraftBlockStore.m; sourceTree = "<group>"; };
		1DDD58290DA1D0D100B32029 /* English */ = {isa = PBXFileReference; lastKnownFileType = file.xib; name = English; path = English.lproj/MyDocument.xib; sourceTree = "<group>"; };
		1DDD582B0DA1D0D100B32029 /* English */ = {isa = PBXFileReference; lastKnownFileType = file.xib; name = English; path = English.lproj/MainMenu.xib; sourceTree = "<group>"; };
		2564AD2C0F5327BB00F57823 /* SchematicViewer_Prefix.pch */ = {isa = PBXFileReference; fileEncoding = 4; lastKnownFileType = sourcecode.c.h; path = SchematicViewer_Prefix.pch; sourceTree = "<group>"; };
		2A37F4ACFDCFA73011CA2CEA /* MyDocument.m */ = {isa = PBXFileReference; fileEncoding = 4; lastKnownFileType = sourcecode.c.objc; path = MyDocument.m; sourceTree = "<group>"; };
		2A37F4AEFDCFA73011CA2CEA /* MyDocument.h */ = {isa = PBXFileReference; fileEncoding = 4; lastKnownFileType = sourcecode.c.h; path = MyDocument.h; sourceTree = "<group>"; };
		2A37F4B0FDCFA73011CA2CEA /* main.m */ = {isa = PBXFileReference; fileEncoding = 4; lastKnownFileType = sourcecode.c.objc; path = main.m; sourceTree = "<group>"; };
		2A37F4BAFDCFA73011CA2CEA /* English */ = {isa = PBXFileReference; lastKnownFileType = text.rtf; name = English; path = English.lproj/Credits.rtf; sourceTree = "<group>"; };
		2A37F4C4FDCFA73011CA2CEA /* AppKit.framework */ = {isa = PBXFileReference; lastKnownFileType = wrapper.framework; name = AppKit.framework; path = /System/Library/Frameworks/AppKit.framework; sourceTree = "<absolute>"; };
		2A37F4C5FDCFA73011CA2CEA /* Foundation.framework */ = {isa = PBXFileReference; lastKnownFileType = wrapper.framework; name = Foundation.framework; path = /System/Library/Frameworks/Foundation.framework; sourceTree = "<absolute>"; };
		8D15AC360486D014006FF6A4 /* SchematicViewer-Info.plist */ = {isa = PBXFileReference; fileEncoding = 4; lastKnownFileType = text.plist.xml; path = "SchematicViewer-Info.plist"; sourceTree = "<group>"; };
		8D15AC370486D014006FF6A4 /* SchematicViewer.app */ = {isa = PBXFileReference; explicitFileType = wrapper.application; includeInIndex = 0; path = SchematicViewer.app; sourceTree = BUILT_PRODUCTS_DIR; };
/* End PBXFileReference section */

/* Begin PBXFrameworksBuildPhase section */
		8D15AC330486D014006FF6A4 /* Frameworks */ = {
			isa = PBXFrameworksBuildPhase;
			buildActionMask = 2147483647;
			files = (
				8D15AC340486D014006FF6A4 /* Cocoa.framework in Frameworks */,
				1A52C37B128F71A4006E2D65 /* libz.dylib in Frameworks */,
				1A52C380128F71B1006E2D65 /* Carbon.framework in Frameworks */,
			);
			runOnlyForDeploymentPostprocessing = 0;
		};
/* End PBXFrameworksBuildPhase section */

/* Begin PBXGroup section */
		1058C7A6FEA54F5311CA2CBB /* Linked Frameworks */ = {
			isa = PBXGroup;
			children = (
				1A52C37A128F71A4006E2D65 /* libz.dylib */,
				1A52C37F128F71B1006E2D65 /* Carbon.framework */,
				1058C7A7FEA54F5311CA2CBB /* Cocoa.framework */,
			);
			name = "Linked Frameworks";
			sourceTree = "<group>";
		};
		1058C7A8FEA54F5311CA2CBB /* Other Frameworks */ = {
			isa = PBXGroup;
			children = (
				2A37F4C4FDCFA73011CA2CEA /* AppKit.framework */,
				13E42FBA07B3F13500E4EEF1 /* CoreData.framework */,
				2A37F4C5FDCFA73011CA2CEA /* Foundation.framework */,
			);
			name = "Other Frameworks";
			sourceTree = "<group>";
		};
		19C28FB0FE9D524F11CA2CBB /* Products */ = {
			isa = PBXGroup;
			children = (
				8D15AC370486D014006FF6A4 /* SchematicViewer.app */,
			);
			name = Products;
			sourceTree = "<group>";
		};
		1A52C322128F710B006E2D65 /* MinecraftKit */ = {
			isa = PBXGroup;
			children = (
				1A52C376128F717A006E2D65 /* Utility */,
				1A52C375128F7174006E2D65 /* Model */,
				1A52C373128F7169006E2D65 /* View */,
			);
			name = MinecraftKit;
			path = ../MinecraftKit;
			sourceTree = SOURCE_ROOT;
		};
		1A52C373128F7169006E2D65 /* View */ = {
			isa = PBXGroup;
			children = (
				1A52C32B128F710B006E2D65 /* JAMinecraftGridView.h */,
				1A52C32C128F710B006E2D65 /* JAMinecraftGridView.m */,
			);
			name = View;
			sourceTree = "<group>";
		};
		1A52C375128F7174006E2D65 /* Model */ = {
			isa = PBXGroup;
			children = (
				1A52C879129036CF006E2D65 /* JAMinecraftBlockStore.h */,
				1A52C87A129036CF006E2D65 /* JAMinecraftBlockStore.m */,
				1A52C329128F710B006E2D65 /* JAMinecraftBlockIDs.c */,
				1A52C32A128F710B006E2D65 /* JAMinecraftBlockIDs.h */,
				1A52C32D128F710B006E2D65 /* JAMinecraftSchematic+RDatIO.h */,
				1A52C32E128F710B006E2D65 /* JAMinecraftSchematic+RDatIO.m */,
				1A52C32F128F710B006E2D65 /* JAMinecraftBlockStore+RedstoneHelpers.h */,
				1A52C330128F710B006E2D65 /* JAMinecraftBlockStore+RedstoneHelpers.m */,
				1A52C331128F710B006E2D65 /* JAMinecraftSchematic+SchematicIO.h */,
				1A52C332128F710B006E2D65 /* JAMinecraftSchematic+SchematicIO.m */,
				1A52C333128F710B006E2D65 /* JAMinecraftSchematic.h */,
				1A52C334128F710B006E2D65 /* JAMinecraftSchematic.m */,
				1A52C337128F710B006E2D65 /* JAMinecraftTypes.h */,
				1A52C338128F710B006E2D65 /* JAMinecraftTypes.m */,
			);
			name = Model;
			sourceTree = "<group>";
		};
		1A52C376128F717A006E2D65 /* Utility */ = {
			isa = PBXGroup;
			children = (
				1A52C339128F710B006E2D65 /* JANBTParser.h */,
				1A52C33A128F710B006E2D65 /* JANBTParser.m */,
				1A52C367128F7144006E2D65 /* IsKeyDown.c */,
				1A52C368128F7144006E2D65 /* IsKeyDown.h */,
				1A52C33B128F710B006E2D65 /* JAValueToString.h */,
				1A52C33C128F710B006E2D65 /* JAValueToString.m */,
				1A52C344128F710B006E2D65 /* NSData+DDGZip.h */,
				1A52C345128F710B006E2D65 /* NSData+DDGZip.m */,
			);
			name = Utility;
			sourceTree = "<group>";
		};
		2A37F4AAFDCFA73011CA2CEA /* SchematicViewer */ = {
			isa = PBXGroup;
			children = (
				1A52C5F1128FF602006E2D65 /* README */,
				2A37F4ABFDCFA73011CA2CEA /* Classes */,
				1A52C322128F710B006E2D65 /* MinecraftKit */,
				2A37F4AFFDCFA73011CA2CEA /* Other Sources */,
				2A37F4B8FDCFA73011CA2CEA /* Resources */,
				2A37F4C3FDCFA73011CA2CEA /* Frameworks */,
				19C28FB0FE9D524F11CA2CBB /* Products */,
			);
			name = SchematicViewer;
			sourceTree = "<group>";
		};
		2A37F4ABFDCFA73011CA2CEA /* Classes */ = {
			isa = PBXGroup;
			children = (
				2A37F4AEFDCFA73011CA2CEA /* MyDocument.h */,
				2A37F4ACFDCFA73011CA2CEA /* MyDocument.m */,
				1A52C43D128F71D8006E2D65 /* JASchematicViewerView.h */,
				1A52C43E128F71D8006E2D65 /* JASchematicViewerView.m */,
			);
			name = Classes;
			sourceTree = "<group>";
		};
		2A37F4AFFDCFA73011CA2CEA /* Other Sources */ = {
			isa = PBXGroup;
			children = (
				2564AD2C0F5327BB00F57823 /* SchematicViewer_Prefix.pch */,
				2A37F4B0FDCFA73011CA2CEA /* main.m */,
			);
			name = "Other Sources";
			sourceTree = "<group>";
		};
		2A37F4B8FDCFA73011CA2CEA /* Resources */ = {
			isa = PBXGroup;
			children = (
				1A52C455128F7574006E2D65 /* ColorTable.plist */,
				2A37F4B9FDCFA73011CA2CEA /* Credits.rtf */,
				8D15AC360486D014006FF6A4 /* SchematicViewer-Info.plist */,
				089C165FFE840EACC02AAC07 /* InfoPlist.strings */,
				1DDD58280DA1D0D100B32029 /* MyDocument.xib */,
				1DDD582A0DA1D0D100B32029 /* MainMenu.xib */,
			);
			name = Resources;
			sourceTree = "<group>";
		};
		2A37F4C3FDCFA73011CA2CEA /* Frameworks */ = {
			isa = PBXGroup;
			children = (
				1058C7A6FEA54F5311CA2CBB /* Linked Frameworks */,
				1058C7A8FEA54F5311CA2CBB /* Other Frameworks */,
			);
			name = Frameworks;
			sourceTree = "<group>";
		};
/* End PBXGroup section */

/* Begin PBXNativeTarget section */
		8D15AC270486D014006FF6A4 /* SchematicViewer */ = {
			isa = PBXNativeTarget;
			buildConfigurationList = C05733C708A9546B00998B17 /* Build configuration list for PBXNativeTarget "SchematicViewer" */;
			buildPhases = (
				8D15AC2B0486D014006FF6A4 /* Resources */,
				8D15AC300486D014006FF6A4 /* Sources */,
				8D15AC330486D014006FF6A4 /* Frameworks */,
			);
			buildRules = (
			);
			dependencies = (
			);
			name = SchematicViewer;
			productInstallPath = "$(HOME)/Applications";
			productName = SchematicViewer;
			productReference = 8D15AC370486D014006FF6A4 /* SchematicViewer.app */;
			productType = "com.apple.product-type.application";
		};
/* End PBXNativeTarget section */

/* Begin PBXProject section */
		2A37F4A9FDCFA73011CA2CEA /* Project object */ = {
			isa = PBXProject;
			buildConfigurationList = C05733CB08A9546B00998B17 /* Build configuration list for PBXProject "SchematicViewer" */;
			compatibilityVersion = "Xcode 3.1";
			developmentRegion = English;
			hasScannedForEncodings = 1;
			knownRegions = (
				English,
				Japanese,
				French,
				German,
			);
			mainGroup = 2A37F4AAFDCFA73011CA2CEA /* SchematicViewer */;
			projectDirPath = "";
			projectRoot = "";
			targets = (
				8D15AC270486D014006FF6A4 /* SchematicViewer */,
			);
		};
/* End PBXProject section */

/* Begin PBXResourcesBuildPhase section */
		8D15AC2B0486D014006FF6A4 /* Resources */ = {
			isa = PBXResourcesBuildPhase;
			buildActionMask = 2147483647;
			files = (
				8D15AC2C0486D014006FF6A4 /* Credits.rtf in Resources */,
				8D15AC2F0486D014006FF6A4 /* InfoPlist.strings in Resources */,
				1DDD582C0DA1D0D100B32029 /* MyDocument.xib in Resources */,
				1DDD582D0DA1D0D100B32029 /* MainMenu.xib in Resources */,
				1A52C456128F7574006E2D65 /* ColorTable.plist in Resources */,
				1A52C5F2128FF602006E2D65 /* README in Resources */,
			);
			runOnlyForDeploymentPostprocessing = 0;
		};
/* End PBXResourcesBuildPhase section */

/* Begin PBXSourcesBuildPhase section */
		8D15AC300486D014006FF6A4 /* Sources */ = {
			isa = PBXSourcesBuildPhase;
			buildActionMask = 2147483647;
			files = (
				8D15AC310486D014006FF6A4 /* MyDocument.m in Sources */,
				8D15AC320486D014006FF6A4 /* main.m in Sources */,
				1A52C349128F710B006E2D65 /* JAMinecraftBlockIDs.c in Sources */,
				1A52C34A128F710B006E2D65 /* JAMinecraftGridView.m in Sources */,
				1A52C34B128F710B006E2D65 /* JAMinecraftSchematic+RDatIO.m in Sources */,
				1A52C34C128F710B006E2D65 /* JAMinecraftBlockStore+RedstoneHelpers.m in Sources */,
				1A52C34D128F710B006E2D65 /* JAMinecraftSchematic+SchematicIO.m in Sources */,
				1A52C34E128F710B006E2D65 /* JAMinecraftSchematic.m in Sources */,
				1A52C350128F710B006E2D65 /* JAMinecraftTypes.m in Sources */,
				1A52C351128F710B006E2D65 /* JANBTParser.m in Sources */,
				1A52C352128F710B006E2D65 /* JAValueToString.m in Sources */,
				1A52C355128F710B006E2D65 /* NSData+DDGZip.m in Sources */,
				1A52C369128F7144006E2D65 /* IsKeyDown.c in Sources */,
				1A52C43F128F71D8006E2D65 /* JASchematicViewerView.m in Sources */,
				1A52C87B129036CF006E2D65 /* JAMinecraftBlockStore.m in Sources */,
			);
			runOnlyForDeploymentPostprocessing = 0;
		};
/* End PBXSourcesBuildPhase section */

/* Begin PBXVariantGroup section */
		089C165FFE840EACC02AAC07 /* InfoPlist.strings */ = {
			isa = PBXVariantGroup;
			children = (
				089C1660FE840EACC02AAC07 /* English */,
			);
			name = InfoPlist.strings;
			sourceTree = "<group>";
		};
		1DDD58280DA1D0D100B32029 /* MyDocument.xib */ = {
			isa = PBXVariantGroup;
			children = (
				1DDD58290DA1D0D100B32029 /* English */,
			);
			name = MyDocument.xib;
			sourceTree = "<group>";
		};
		1DDD582A0DA1D0D100B32029 /* MainMenu.xib */ = {
			isa = PBXVariantGroup;
			children = (
				1DDD582B0DA1D0D100B32029 /* English */,
			);
			name = MainMenu.xib;
			sourceTree = "<group>";
		};
		2A37F4B9FDCFA73011CA2CEA /* Credits.rtf */ = {
			isa = PBXVariantGroup;
			children = (
				2A37F4BAFDCFA73011CA2CEA /* English */,
			);
			name = Credits.rtf;
			sourceTree = "<group>";
		};
/* End PBXVariantGroup section */

/* Begin XCBuildConfiguration section */
		C05733C808A9546B00998B17 /* Debug */ = {
			isa = XCBuildConfiguration;
			buildSettings = {
				ALWAYS_SEARCH_USER_PATHS = NO;
				ARCHS = "$(ARCHS_STANDARD_64_BIT)";
				COPY_PHASE_STRIP = NO;
				GCC_DYNAMIC_NO_PIC = NO;
				GCC_ENABLE_FIX_AND_CONTINUE = YES;
				GCC_ENABLE_OBJC_GC = required;
				GCC_OPTIMIZATION_LEVEL = 0;
				GCC_PRECOMPILE_PREFIX_HEADER = YES;
				GCC_PREFIX_HEADER = SchematicViewer_Prefix.pch;
				GCC_TREAT_WARNINGS_AS_ERRORS = YES;
				GCC_VERSION = com.apple.compilers.llvm.clang.1_0;
				INFOPLIST_FILE = "SchematicViewer-Info.plist";
				INSTALL_PATH = "$(HOME)/Applications";
				OTHER_CFLAGS = (
					"-Xclang",
					"-fobjc-nonfragile-abi2",
				);
				PRODUCT_NAME = SchematicViewer;
				WARNING_CFLAGS = (
					"-Wall",
					"-Wextra",
					"-Wno-unused-parameter",
					"-Wno-unused-function",
					"-Wno-missing-field-initializers",
				);
			};
			name = Debug;
		};
		C05733C908A9546B00998B17 /* Release */ = {
			isa = XCBuildConfiguration;
			buildSettings = {
				ALWAYS_SEARCH_USER_PATHS = NO;
				ARCHS = "$(ARCHS_STANDARD_64_BIT)";
				DEBUG_INFORMATION_FORMAT = "dwarf-with-dsym";
				GCC_ENABLE_OBJC_GC = required;
				GCC_PRECOMPILE_PREFIX_HEADER = YES;
				GCC_PREFIX_HEADER = SchematicViewer_Prefix.pch;
				GCC_PREPROCESSOR_DEFINITIONS = (
					NS_BLOCK_ASSERTIONS,
					NDEBUG,
				);
				GCC_TREAT_WARNINGS_AS_ERRORS = YES;
				GCC_VERSION = com.apple.compilers.llvm.clang.1_0;
				INFOPLIST_FILE = "SchematicViewer-Info.plist";
				INSTALL_PATH = "$(HOME)/Applications";
				OTHER_CFLAGS = (
					"-Xclang",
					"-fobjc-nonfragile-abi2",
				);
				PRODUCT_NAME = SchematicViewer;
			};
			name = Release;
		};
		C05733CC08A9546B00998B17 /* Debug */ = {
			isa = XCBuildConfiguration;
			buildSettings = {
				ARCHS = "$(ARCHS_STANDARD_32_64_BIT)";
				GCC_C_LANGUAGE_STANDARD = gnu99;
				GCC_OPTIMIZATION_LEVEL = 0;
				GCC_WARN_ABOUT_RETURN_TYPE = YES;
				GCC_WARN_UNUSED_VARIABLE = YES;
				ONLY_ACTIVE_ARCH = YES;
				PREBINDING = NO;
				SDKROOT = macosx10.6;
			};
			name = Debug;
		};
		C05733CD08A9546B00998B17 /* Release */ = {
			isa = XCBuildConfiguration;
			buildSettings = {
				ARCHS = "$(ARCHS_STANDARD_32_64_BIT)";
				GCC_C_LANGUAGE_STANDARD = gnu99;
				GCC_WARN_ABOUT_RETURN_TYPE = YES;
				GCC_WARN_UNUSED_VARIABLE = YES;
				PREBINDING = NO;
				SDKROOT = macosx10.6;
			};
			name = Release;
		};
/* End XCBuildConfiguration section */

/* Begin XCConfigurationList section */
		C05733C708A9546B00998B17 /* Build configuration list for PBXNativeTarget "SchematicViewer" */ = {
			isa = XCConfigurationList;
			buildConfigurations = (
				C05733C808A9546B00998B17 /* Debug */,
				C05733C908A9546B00998B17 /* Release */,
			);
			defaultConfigurationIsVisible = 0;
			defaultConfigurationName = Release;
		};
		C05733CB08A9546B00998B17 /* Build configuration list for PBXProject "SchematicViewer" */ = {
			isa = XCConfigurationList;
			buildConfigurations = (
				C05733CC08A9546B00998B17 /* Debug */,
				C05733CD08A9546B00998B17 /* Release */,
			);
			defaultConfigurationIsVisible = 0;
			defaultConfigurationName = Release;
		};
/* End XCConfigurationList section */
	};
	rootObject = 2A37F4A9FDCFA73011CA2CEA /* Project object */;
}
