// !$*UTF8*$!
{
	archiveVersion = 1;
	classes = {
	};
	objectVersion = 46;
	objects = {

/* Begin PBXBuildFile section */
		1A52C37B128F71A4006E2D65 /* libz.dylib in Frameworks */ = {isa = PBXBuildFile; fileRef = 1A52C37A128F71A4006E2D65 /* libz.dylib */; };
		1A52C380128F71B1006E2D65 /* Carbon.framework in Frameworks */ = {isa = PBXBuildFile; fileRef = 1A52C37F128F71B1006E2D65 /* Carbon.framework */; };
		1A52C43F128F71D8006E2D65 /* JASchematicViewerView.m in Sources */ = {isa = PBXBuildFile; fileRef = 1A52C43E128F71D8006E2D65 /* JASchematicViewerView.m */; };
		1A52C456128F7574006E2D65 /* ColorTable.plist in Resources */ = {isa = PBXBuildFile; fileRef = 1A52C455128F7574006E2D65 /* ColorTable.plist */; };
		1A52C5F2128FF602006E2D65 /* README in Resources */ = {isa = PBXBuildFile; fileRef = 1A52C5F1128FF602006E2D65 /* README */; };
		1AC44F8A13F93A2C00FB7296 /* JAMinecraftKit.framework in Frameworks */ = {isa = PBXBuildFile; fileRef = 1AC44F8713F93A1F00FB7296 /* JAMinecraftKit.framework */; };
		1AC44F8C13F93A3900FB7296 /* JAMinecraftKit.framework in CopyFiles */ = {isa = PBXBuildFile; fileRef = 1AC44F8713F93A1F00FB7296 /* JAMinecraftKit.framework */; };
		1AE8E94F145A026D000ED823 /* shared.xcconfig in Resources */ = {isa = PBXBuildFile; fileRef = 1AE8E94E145A026D000ED823 /* shared.xcconfig */; };
		1AFE8EBB144997BE007056C1 /* CellToolTips.plist in Resources */ = {isa = PBXBuildFile; fileRef = 1AFE8EBA144997BE007056C1 /* CellToolTips.plist */; };
		1DDD582C0DA1D0D100B32029 /* MyDocument.xib in Resources */ = {isa = PBXBuildFile; fileRef = 1DDD58280DA1D0D100B32029 /* MyDocument.xib */; };
		1DDD582D0DA1D0D100B32029 /* MainMenu.xib in Resources */ = {isa = PBXBuildFile; fileRef = 1DDD582A0DA1D0D100B32029 /* MainMenu.xib */; };
		8D15AC2C0486D014006FF6A4 /* Credits.rtf in Resources */ = {isa = PBXBuildFile; fileRef = 2A37F4B9FDCFA73011CA2CEA /* Credits.rtf */; };
		8D15AC2F0486D014006FF6A4 /* InfoPlist.strings in Resources */ = {isa = PBXBuildFile; fileRef = 089C165FFE840EACC02AAC07 /* InfoPlist.strings */; };
		8D15AC310486D014006FF6A4 /* MyDocument.m in Sources */ = {isa = PBXBuildFile; fileRef = 2A37F4ACFDCFA73011CA2CEA /* MyDocument.m */; settings = {ATTRIBUTES = (); }; };
		8D15AC320486D014006FF6A4 /* main.m in Sources */ = {isa = PBXBuildFile; fileRef = 2A37F4B0FDCFA73011CA2CEA /* main.m */; settings = {ATTRIBUTES = (); }; };
		8D15AC340486D014006FF6A4 /* Cocoa.framework in Frameworks */ = {isa = PBXBuildFile; fileRef = 1058C7A7FEA54F5311CA2CBB /* Cocoa.framework */; };
/* End PBXBuildFile section */

/* Begin PBXContainerItemProxy section */
		1A0766A314632410004E99A8 /* PBXContainerItemProxy */ = {
			isa = PBXContainerItemProxy;
			containerPortal = 1AC44F7B13F93A1F00FB7296 /* MinecraftKit.xcodeproj */;
			proxyType = 2;
			remoteGlobalIDString = 1AF54038145C38AE0049CCEB;
			remoteInfo = libminecraftkit;
		};
		1AC44F8613F93A1F00FB7296 /* PBXContainerItemProxy */ = {
			isa = PBXContainerItemProxy;
			containerPortal = 1AC44F7B13F93A1F00FB7296 /* MinecraftKit.xcodeproj */;
			proxyType = 2;
			remoteGlobalIDString = 1AFE345113F930BF001A33D4;
			remoteInfo = MinecraftKit;
		};
/* End PBXContainerItemProxy section */

/* Begin PBXCopyFilesBuildPhase section */
		1AC44F8B13F93A3400FB7296 /* CopyFiles */ = {
			isa = PBXCopyFilesBuildPhase;
			buildActionMask = 2147483647;
			dstPath = "";
			dstSubfolderSpec = 10;
			files = (
				1AC44F8C13F93A3900FB7296 /* JAMinecraftKit.framework in CopyFiles */,
			);
			runOnlyForDeploymentPostprocessing = 0;
		};
/* End PBXCopyFilesBuildPhase section */

/* Begin PBXFileReference section */
		089C1660FE840EACC02AAC07 /* English */ = {isa = PBXFileReference; fileEncoding = 4; lastKnownFileType = text.plist.strings; name = English; path = English.lproj/InfoPlist.strings; sourceTree = "<group>"; };
		1058C7A7FEA54F5311CA2CBB /* Cocoa.framework */ = {isa = PBXFileReference; lastKnownFileType = wrapper.framework; name = Cocoa.framework; path = /System/Library/Frameworks/Cocoa.framework; sourceTree = "<absolute>"; };
		13E42FBA07B3F13500E4EEF1 /* CoreData.framework */ = {isa = PBXFileReference; lastKnownFileType = wrapper.framework; name = CoreData.framework; path = /System/Library/Frameworks/CoreData.framework; sourceTree = "<absolute>"; };
		1A52C37A128F71A4006E2D65 /* libz.dylib */ = {isa = PBXFileReference; lastKnownFileType = "compiled.mach-o.dylib"; name = libz.dylib; path = usr/lib/libz.dylib; sourceTree = SDKROOT; };
		1A52C37F128F71B1006E2D65 /* Carbon.framework */ = {isa = PBXFileReference; lastKnownFileType = wrapper.framework; name = Carbon.framework; path = System/Library/Frameworks/Carbon.framework; sourceTree = SDKROOT; };
		1A52C43D128F71D8006E2D65 /* JASchematicViewerView.h */ = {isa = PBXFileReference; fileEncoding = 4; lastKnownFileType = sourcecode.c.h; path = JASchematicViewerView.h; sourceTree = "<group>"; };
		1A52C43E128F71D8006E2D65 /* JASchematicViewerView.m */ = {isa = PBXFileReference; fileEncoding = 4; lastKnownFileType = sourcecode.c.objc; path = JASchematicViewerView.m; sourceTree = "<group>"; };
		1A52C455128F7574006E2D65 /* ColorTable.plist */ = {isa = PBXFileReference; explicitFileType = text; fileEncoding = 4; path = ColorTable.plist; sourceTree = "<group>"; xcLanguageSpecificationIdentifier = xcode.lang.plist; };
		1A52C5F1128FF602006E2D65 /* README */ = {isa = PBXFileReference; fileEncoding = 4; lastKnownFileType = text; path = README; sourceTree = "<group>"; };
		1A732134144CC9D100CCEF43 /* JAPropertyListAccessors.h */ = {isa = PBXFileReference; fileEncoding = 4; lastKnownFileType = sourcecode.c.h; name = JAPropertyListAccessors.h; path = ../MinecraftKit/JAPropertyListAccessors/JAPropertyListAccessors.h; sourceTree = "<group>"; };
		1A732135144CC9DB00CCEF43 /* MYCollectionUtilities.h */ = {isa = PBXFileReference; fileEncoding = 4; lastKnownFileType = sourcecode.c.h; name = MYCollectionUtilities.h; path = ../MinecraftKit/MYCollectionUtilities.h; sourceTree = "<group>"; };
		1AC44F7B13F93A1F00FB7296 /* MinecraftKit.xcodeproj */ = {isa = PBXFileReference; lastKnownFileType = "wrapper.pb-project"; name = MinecraftKit.xcodeproj; path = ../MinecraftKit/MinecraftKit.xcodeproj; sourceTree = "<group>"; };
		1AE8E94E145A026D000ED823 /* shared.xcconfig */ = {isa = PBXFileReference; fileEncoding = 4; lastKnownFileType = text.xcconfig; name = shared.xcconfig; path = ../MinecraftKit/shared.xcconfig; sourceTree = "<group>"; };
		1AFE8EBA144997BE007056C1 /* CellToolTips.plist */ = {isa = PBXFileReference; explicitFileType = text; path = CellToolTips.plist; sourceTree = "<group>"; xcLanguageSpecificationIdentifier = xcode.lang.plist; };
		1DDD58290DA1D0D100B32029 /* English */ = {isa = PBXFileReference; lastKnownFileType = file.xib; name = English; path = English.lproj/MyDocument.xib; sourceTree = "<group>"; };
		1DDD582B0DA1D0D100B32029 /* English */ = {isa = PBXFileReference; lastKnownFileType = file.xib; name = English; path = English.lproj/MainMenu.xib; sourceTree = "<group>"; };
		2564AD2C0F5327BB00F57823 /* SchematicViewer_Prefix.pch */ = {isa = PBXFileReference; fileEncoding = 4; lastKnownFileType = sourcecode.c.h; path = SchematicViewer_Prefix.pch; sourceTree = "<group>"; };
		2A37F4ACFDCFA73011CA2CEA /* MyDocument.m */ = {isa = PBXFileReference; fileEncoding = 4; lastKnownFileType = sourcecode.c.objc; path = MyDocument.m; sourceTree = "<group>"; };
		2A37F4AEFDCFA73011CA2CEA /* MyDocument.h */ = {isa = PBXFileReference; fileEncoding = 4; lastKnownFileType = sourcecode.c.h; path = MyDocument.h; sourceTree = "<group>"; };
		2A37F4B0FDCFA73011CA2CEA /* main.m */ = {isa = PBXFileReference; fileEncoding = 4; lastKnownFileType = sourcecode.c.objc; path = main.m; sourceTree = "<group>"; };
		2A37F4BAFDCFA73011CA2CEA /* English */ = {isa = PBXFileReference; lastKnownFileType = text.rtf; name = English; path = English.lproj/Credits.rtf; sourceTree = "<group>"; };
		2A37F4C4FDCFA73011CA2CEA /* AppKit.framework */ = {isa = PBXFileReference; lastKnownFileType = wrapper.framework; name = AppKit.framework; path = /System/Library/Frameworks/AppKit.framework; sourceTree = "<absolute>"; };
		2A37F4C5FDCFA73011CA2CEA /* Foundation.framework */ = {isa = PBXFileReference; lastKnownFileType = wrapper.framework; name = Foundation.framework; path = /System/Library/Frameworks/Foundation.framework; sourceTree = "<absolute>"; };
		8D15AC360486D014006FF6A4 /* SchematicViewer-Info.plist */ = {isa = PBXFileReference; fileEncoding = 4; lastKnownFileType = text.plist.xml; path = "SchematicViewer-Info.plist"; sourceTree = "<group>"; };
		8D15AC370486D014006FF6A4 /* SchematicViewer.app */ = {isa = PBXFileReference; explicitFileType = wrapper.application; includeInIndex = 0; path = SchematicViewer.app; sourceTree = BUILT_PRODUCTS_DIR; };
/* End PBXFileReference section */

/* Begin PBXFrameworksBuildPhase section */
		8D15AC330486D014006FF6A4 /* Frameworks */ = {
			isa = PBXFrameworksBuildPhase;
			buildActionMask = 2147483647;
			files = (
				8D15AC340486D014006FF6A4 /* Cocoa.framework in Frameworks */,
				1A52C37B128F71A4006E2D65 /* libz.dylib in Frameworks */,
				1A52C380128F71B1006E2D65 /* Carbon.framework in Frameworks */,
				1AC44F8A13F93A2C00FB7296 /* JAMinecraftKit.framework in Frameworks */,
			);
			runOnlyForDeploymentPostprocessing = 0;
		};
/* End PBXFrameworksBuildPhase section */

/* Begin PBXGroup section */
		1058C7A6FEA54F5311CA2CBB /* Linked Frameworks */ = {
			isa = PBXGroup;
			children = (
				1A52C37A128F71A4006E2D65 /* libz.dylib */,
				1A52C37F128F71B1006E2D65 /* Carbon.framework */,
				1058C7A7FEA54F5311CA2CBB /* Cocoa.framework */,
			);
			name = "Linked Frameworks";
			sourceTree = "<group>";
		};
		1058C7A8FEA54F5311CA2CBB /* Other Frameworks */ = {
			isa = PBXGroup;
			children = (
				2A37F4C4FDCFA73011CA2CEA /* AppKit.framework */,
				13E42FBA07B3F13500E4EEF1 /* CoreData.framework */,
				2A37F4C5FDCFA73011CA2CEA /* Foundation.framework */,
			);
			name = "Other Frameworks";
			sourceTree = "<group>";
		};
		19C28FB0FE9D524F11CA2CBB /* Products */ = {
			isa = PBXGroup;
			children = (
				8D15AC370486D014006FF6A4 /* SchematicViewer.app */,
			);
			name = Products;
			sourceTree = "<group>";
		};
		1AC44F7C13F93A1F00FB7296 /* Products */ = {
			isa = PBXGroup;
			children = (
				1AC44F8713F93A1F00FB7296 /* JAMinecraftKit.framework */,
				1A0766A414632410004E99A8 /* libminecraftkit.a */,
			);
			name = Products;
			sourceTree = "<group>";
		};
		2A37F4AAFDCFA73011CA2CEA /* SchematicViewer */ = {
			isa = PBXGroup;
			children = (
				1A52C5F1128FF602006E2D65 /* README */,
				1AE8E94E145A026D000ED823 /* shared.xcconfig */,
				2A37F4ABFDCFA73011CA2CEA /* Classes */,
				2A37F4AFFDCFA73011CA2CEA /* Other Sources */,
				2A37F4B8FDCFA73011CA2CEA /* Resources */,
				2A37F4C3FDCFA73011CA2CEA /* Frameworks */,
				19C28FB0FE9D524F11CA2CBB /* Products */,
				1AC44F7B13F93A1F00FB7296 /* MinecraftKit.xcodeproj */,
			);
			name = SchematicViewer;
			sourceTree = "<group>";
		};
		2A37F4ABFDCFA73011CA2CEA /* Classes */ = {
			isa = PBXGroup;
			children = (
				2A37F4AEFDCFA73011CA2CEA /* MyDocument.h */,
				2A37F4ACFDCFA73011CA2CEA /* MyDocument.m */,
				1A52C43D128F71D8006E2D65 /* JASchematicViewerView.h */,
				1A52C43E128F71D8006E2D65 /* JASchematicViewerView.m */,
			);
			name = Classes;
			sourceTree = "<group>";
		};
		2A37F4AFFDCFA73011CA2CEA /* Other Sources */ = {
			isa = PBXGroup;
			children = (
				2564AD2C0F5327BB00F57823 /* SchematicViewer_Prefix.pch */,
				1A732134144CC9D100CCEF43 /* JAPropertyListAccessors.h */,
				1A732135144CC9DB00CCEF43 /* MYCollectionUtilities.h */,
				2A37F4B0FDCFA73011CA2CEA /* main.m */,
			);
			name = "Other Sources";
			sourceTree = "<group>";
		};
		2A37F4B8FDCFA73011CA2CEA /* Resources */ = {
			isa = PBXGroup;
			children = (
				1AFE8EBA144997BE007056C1 /* CellToolTips.plist */,
				1A52C455128F7574006E2D65 /* ColorTable.plist */,
				2A37F4B9FDCFA73011CA2CEA /* Credits.rtf */,
				8D15AC360486D014006FF6A4 /* SchematicViewer-Info.plist */,
				089C165FFE840EACC02AAC07 /* InfoPlist.strings */,
				1DDD58280DA1D0D100B32029 /* MyDocument.xib */,
				1DDD582A0DA1D0D100B32029 /* MainMenu.xib */,
			);
			name = Resources;
			sourceTree = "<group>";
		};
		2A37F4C3FDCFA73011CA2CEA /* Frameworks */ = {
			isa = PBXGroup;
			children = (
				1058C7A6FEA54F5311CA2CBB /* Linked Frameworks */,
				1058C7A8FEA54F5311CA2CBB /* Other Frameworks */,
			);
			name = Frameworks;
			sourceTree = "<group>";
		};
/* End PBXGroup section */

/* Begin PBXNativeTarget section */
		8D15AC270486D014006FF6A4 /* SchematicViewer */ = {
			isa = PBXNativeTarget;
			buildConfigurationList = C05733C708A9546B00998B17 /* Build configuration list for PBXNativeTarget "SchematicViewer" */;
			buildPhases = (
				8D15AC2B0486D014006FF6A4 /* Resources */,
				8D15AC300486D014006FF6A4 /* Sources */,
				8D15AC330486D014006FF6A4 /* Frameworks */,
				1AC44F8B13F93A3400FB7296 /* CopyFiles */,
			);
			buildRules = (
			);
			dependencies = (
			);
			name = SchematicViewer;
			productInstallPath = "$(HOME)/Applications";
			productName = SchematicViewer;
			productReference = 8D15AC370486D014006FF6A4 /* SchematicViewer.app */;
			productType = "com.apple.product-type.application";
		};
/* End PBXNativeTarget section */

/* Begin PBXProject section */
		2A37F4A9FDCFA73011CA2CEA /* Project object */ = {
			isa = PBXProject;
			attributes = {
				LastUpgradeCheck = 0420;
			};
			buildConfigurationList = C05733CB08A9546B00998B17 /* Build configuration list for PBXProject "SchematicViewer" */;
			compatibilityVersion = "Xcode 3.2";
			developmentRegion = English;
			hasScannedForEncodings = 1;
			knownRegions = (
				English,
				Japanese,
				French,
				German,
			);
			mainGroup = 2A37F4AAFDCFA73011CA2CEA /* SchematicViewer */;
			projectDirPath = "";
			projectReferences = (
				{
					ProductGroup = 1AC44F7C13F93A1F00FB7296 /* Products */;
					ProjectRef = 1AC44F7B13F93A1F00FB7296 /* MinecraftKit.xcodeproj */;
				},
			);
			projectRoot = "";
			targets = (
				8D15AC270486D014006FF6A4 /* SchematicViewer */,
			);
		};
/* End PBXProject section */

/* Begin PBXReferenceProxy section */
		1A0766A414632410004E99A8 /* libminecraftkit.a */ = {
			isa = PBXReferenceProxy;
			fileType = archive.ar;
			path = libminecraftkit.a;
			remoteRef = 1A0766A314632410004E99A8 /* PBXContainerItemProxy */;
			sourceTree = BUILT_PRODUCTS_DIR;
		};
		1AC44F8713F93A1F00FB7296 /* JAMinecraftKit.framework */ = {
			isa = PBXReferenceProxy;
			fileType = wrapper.framework;
			path = JAMinecraftKit.framework;
			remoteRef = 1AC44F8613F93A1F00FB7296 /* PBXContainerItemProxy */;
			sourceTree = BUILT_PRODUCTS_DIR;
		};
/* End PBXReferenceProxy section */

/* Begin PBXResourcesBuildPhase section */
		8D15AC2B0486D014006FF6A4 /* Resources */ = {
			isa = PBXResourcesBuildPhase;
			buildActionMask = 2147483647;
			files = (
				8D15AC2C0486D014006FF6A4 /* Credits.rtf in Resources */,
				8D15AC2F0486D014006FF6A4 /* InfoPlist.strings in Resources */,
				1DDD582C0DA1D0D100B32029 /* MyDocument.xib in Resources */,
				1DDD582D0DA1D0D100B32029 /* MainMenu.xib in Resources */,
				1A52C456128F7574006E2D65 /* ColorTable.plist in Resources */,
				1A52C5F2128FF602006E2D65 /* README in Resources */,
				1AFE8EBB144997BE007056C1 /* CellToolTips.plist in Resources */,
				1AE8E94F145A026D000ED823 /* shared.xcconfig in Resources */,
			);
			runOnlyForDeploymentPostprocessing = 0;
		};
/* End PBXResourcesBuildPhase section */

/* Begin PBXSourcesBuildPhase section */
		8D15AC300486D014006FF6A4 /* Sources */ = {
			isa = PBXSourcesBuildPhase;
			buildActionMask = 2147483647;
			files = (
				8D15AC310486D014006FF6A4 /* MyDocument.m in Sources */,
				8D15AC320486D014006FF6A4 /* main.m in Sources */,
				1A52C43F128F71D8006E2D65 /* JASchematicViewerView.m in Sources */,
			);
			runOnlyForDeploymentPostprocessing = 0;
		};
/* End PBXSourcesBuildPhase section */

/* Begin PBXVariantGroup section */
		089C165FFE840EACC02AAC07 /* InfoPlist.strings */ = {
			isa = PBXVariantGroup;
			children = (
				089C1660FE840EACC02AAC07 /* English */,
			);
			name = InfoPlist.strings;
			sourceTree = "<group>";
		};
		1DDD58280DA1D0D100B32029 /* MyDocument.xib */ = {
			isa = PBXVariantGroup;
			children = (
				1DDD58290DA1D0D100B32029 /* English */,
			);
			name = MyDocument.xib;
			sourceTree = "<group>";
		};
		1DDD582A0DA1D0D100B32029 /* MainMenu.xib */ = {
			isa = PBXVariantGroup;
			children = (
				1DDD582B0DA1D0D100B32029 /* English */,
			);
			name = MainMenu.xib;
			sourceTree = "<group>";
		};
		2A37F4B9FDCFA73011CA2CEA /* Credits.rtf */ = {
			isa = PBXVariantGroup;
			children = (
				2A37F4BAFDCFA73011CA2CEA /* English */,
			);
			name = Credits.rtf;
			sourceTree = "<group>";
		};
/* End PBXVariantGroup section */

/* Begin XCBuildConfiguration section */
		C05733C808A9546B00998B17 /* Debug */ = {
			isa = XCBuildConfiguration;
			buildSettings = {
				COPY_PHASE_STRIP = NO;
				GCC_PRECOMPILE_PREFIX_HEADER = YES;
				GCC_PREFIX_HEADER = SchematicViewer_Prefix.pch;
				INFOPLIST_FILE = "SchematicViewer-Info.plist";
				LD_RUNPATH_SEARCH_PATHS = "@loader_path/../Frameworks/";
				PRODUCT_NAME = SchematicViewer;
			};
			name = Debug;
		};
		C05733C908A9546B00998B17 /* Release */ = {
			isa = XCBuildConfiguration;
			buildSettings = {
				DEBUG_INFORMATION_FORMAT = "dwarf-with-dsym";
				GCC_PRECOMPILE_PREFIX_HEADER = YES;
				GCC_PREFIX_HEADER = SchematicViewer_Prefix.pch;
				GCC_PREPROCESSOR_DEFINITIONS = (
					NS_BLOCK_ASSERTIONS,
					NDEBUG,
				);
				INFOPLIST_FILE = "SchematicViewer-Info.plist";
				LD_RUNPATH_SEARCH_PATHS = "@loader_path/../Frameworks/";
				PRODUCT_NAME = SchematicViewer;
			};
			name = Release;
		};
		C05733CC08A9546B00998B17 /* Debug */ = {
			isa = XCBuildConfiguration;
			baseConfigurationReference = 1AE8E94E145A026D000ED823 /* shared.xcconfig */;
			buildSettings = {
				GCC_OPTIMIZATION_LEVEL = 0;
				MCKIT_ROOT = ..;
				ONLY_ACTIVE_ARCH = YES;
			};
			name = Debug;
		};
		C05733CD08A9546B00998B17 /* Release */ = {
			isa = XCBuildConfiguration;
			baseConfigurationReference = 1AE8E94E145A026D000ED823 /* shared.xcconfig */;
			buildSettings = {
				MCKIT_ROOT = ..;
			};
			name = Release;
		};
/* End XCBuildConfiguration section */

/* Begin XCConfigurationList section */
		C05733C708A9546B00998B17 /* Build configuration list for PBXNativeTarget "SchematicViewer" */ = {
			isa = XCConfigurationList;
			buildConfigurations = (
				C05733C808A9546B00998B17 /* Debug */,
				C05733C908A9546B00998B17 /* Release */,
			);
			defaultConfigurationIsVisible = 0;
			defaultConfigurationName = Release;
		};
		C05733CB08A9546B00998B17 /* Build configuration list for PBXProject "SchematicViewer" */ = {
			isa = XCConfigurationList;
			buildConfigurations = (
				C05733CC08A9546B00998B17 /* Debug */,
				C05733CD08A9546B00998B17 /* Release */,
			);
			defaultConfigurationIsVisible = 0;
			defaultConfigurationName = Release;
		};
/* End XCConfigurationList section */
	};
	rootObject = 2A37F4A9FDCFA73011CA2CEA /* Project object */;
}
